
Microsoft Visual Studio Solution File, Format Version 11.00
# Visual Studio 2010
Project("{FAE04EC0-301F-11D3-BF4B-00C04F79EFBC}") = "Chiro.Poc.WcfService", "Chiro.Poc.WcfService\Chiro.Poc.WcfService.csproj", "{955DAA81-610F-43BB-8F36-AA2DB670FD07}"
EndProject
Project("{FAE04EC0-301F-11D3-BF4B-00C04F79EFBC}") = "Chiro.Poc.WcfService.ServiceContracts", "Chiro.Poc.WcfService.ServiceContracts\Chiro.Poc.WcfService.ServiceContracts.csproj", "{33693260-F59B-4889-A0B8-50F24C533863}"
EndProject
Project("{FAE04EC0-301F-11D3-BF4B-00C04F79EFBC}") = "Chiro.Poc.ClientApp", "Chiro.Poc.Client\Chiro.Poc.ClientApp.csproj", "{9F2F6328-43BD-4BBD-96FD-338CE1FB0E93}"
	ProjectSection(ProjectDependencies) = postProject
		{955DAA81-610F-43BB-8F36-AA2DB670FD07} = {955DAA81-610F-43BB-8F36-AA2DB670FD07}
	EndProjectSection
EndProject
Project("{FAE04EC0-301F-11D3-BF4B-00C04F79EFBC}") = "Chiro.Poc.ServiceGedoe", "Chiro.Poc.ServiceGedoe\Chiro.Poc.ServiceGedoe.csproj", "{9ED19C2B-7E63-46D1-83CB-1432B73FB8D2}"
EndProject
Project("{FAE04EC0-301F-11D3-BF4B-00C04F79EFBC}") = "Chiro.Poc.Ioc", "Chiro.Poc.Ioc\Chiro.Poc.Ioc.csproj", "{FC24376D-22AC-4406-812E-AFB102647623}"
EndProject
Global
	GlobalSection(SolutionConfigurationPlatforms) = preSolution
		Debug|Any CPU = Debug|Any CPU
		Debug|Mixed Platforms = Debug|Mixed Platforms
		Debug|x86 = Debug|x86
		Release|Any CPU = Release|Any CPU
		Release|Mixed Platforms = Release|Mixed Platforms
		Release|x86 = Release|x86
	EndGlobalSection
	GlobalSection(ProjectConfigurationPlatforms) = postSolution
		{955DAA81-610F-43BB-8F36-AA2DB670FD07}.Debug|Any CPU.ActiveCfg = Debug|Any CPU
		{955DAA81-610F-43BB-8F36-AA2DB670FD07}.Debug|Any CPU.Build.0 = Debug|Any CPU
		{955DAA81-610F-43BB-8F36-AA2DB670FD07}.Debug|Mixed Platforms.ActiveCfg = Debug|Any CPU
		{955DAA81-610F-43BB-8F36-AA2DB670FD07}.Debug|Mixed Platforms.Build.0 = Debug|Any CPU
		{955DAA81-610F-43BB-8F36-AA2DB670FD07}.Debug|x86.ActiveCfg = Debug|Any CPU
		{955DAA81-610F-43BB-8F36-AA2DB670FD07}.Release|Any CPU.ActiveCfg = Release|Any CPU
		{955DAA81-610F-43BB-8F36-AA2DB670FD07}.Release|Any CPU.Build.0 = Release|Any CPU
		{955DAA81-610F-43BB-8F36-AA2DB670FD07}.Release|Mixed Platforms.ActiveCfg = Release|Any CPU
		{955DAA81-610F-43BB-8F36-AA2DB670FD07}.Release|Mixed Platforms.Build.0 = Release|Any CPU
		{955DAA81-610F-43BB-8F36-AA2DB670FD07}.Release|x86.ActiveCfg = Release|Any CPU
		{33693260-F59B-4889-A0B8-50F24C533863}.Debug|Any CPU.ActiveCfg = Debug|Any CPU
		{33693260-F59B-4889-A0B8-50F24C533863}.Debug|Any CPU.Build.0 = Debug|Any CPU
		{33693260-F59B-4889-A0B8-50F24C533863}.Debug|Mixed Platforms.ActiveCfg = Debug|Any CPU
		{33693260-F59B-4889-A0B8-50F24C533863}.Debug|Mixed Platforms.Build.0 = Debug|Any CPU
		{33693260-F59B-4889-A0B8-50F24C533863}.Debug|x86.ActiveCfg = Debug|Any CPU
		{33693260-F59B-4889-A0B8-50F24C533863}.Release|Any CPU.ActiveCfg = Release|Any CPU
		{33693260-F59B-4889-A0B8-50F24C533863}.Release|Any CPU.Build.0 = Release|Any CPU
		{33693260-F59B-4889-A0B8-50F24C533863}.Release|Mixed Platforms.ActiveCfg = Release|Any CPU
		{33693260-F59B-4889-A0B8-50F24C533863}.Release|Mixed Platforms.Build.0 = Release|Any CPU
		{33693260-F59B-4889-A0B8-50F24C533863}.Release|x86.ActiveCfg = Release|Any CPU
		{9F2F6328-43BD-4BBD-96FD-338CE1FB0E93}.Debug|Any CPU.ActiveCfg = Debug|x86
		{9F2F6328-43BD-4BBD-96FD-338CE1FB0E93}.Debug|Mixed Platforms.ActiveCfg = Debug|x86
		{9F2F6328-43BD-4BBD-96FD-338CE1FB0E93}.Debug|Mixed Platforms.Build.0 = Debug|x86
		{9F2F6328-43BD-4BBD-96FD-338CE1FB0E93}.Debug|x86.ActiveCfg = Debug|x86
		{9F2F6328-43BD-4BBD-96FD-338CE1FB0E93}.Debug|x86.Build.0 = Debug|x86
		{9F2F6328-43BD-4BBD-96FD-338CE1FB0E93}.Release|Any CPU.ActiveCfg = Release|x86
		{9F2F6328-43BD-4BBD-96FD-338CE1FB0E93}.Release|Mixed Platforms.ActiveCfg = Release|x86
		{9F2F6328-43BD-4BBD-96FD-338CE1FB0E93}.Release|Mixed Platforms.Build.0 = Release|x86
		{9F2F6328-43BD-4BBD-96FD-338CE1FB0E93}.Release|x86.ActiveCfg = Release|x86
		{9F2F6328-43BD-4BBD-96FD-338CE1FB0E93}.Release|x86.Build.0 = Release|x86
		{9ED19C2B-7E63-46D1-83CB-1432B73FB8D2}.Debug|Any CPU.ActiveCfg = Debug|Any CPU
		{9ED19C2B-7E63-46D1-83CB-1432B73FB8D2}.Debug|Any CPU.Build.0 = Debug|Any CPU
		{9ED19C2B-7E63-46D1-83CB-1432B73FB8D2}.Debug|Mixed Platforms.ActiveCfg = Debug|Any CPU
		{9ED19C2B-7E63-46D1-83CB-1432B73FB8D2}.Debug|Mixed Platforms.Build.0 = Debug|Any CPU
		{9ED19C2B-7E63-46D1-83CB-1432B73FB8D2}.Debug|x86.ActiveCfg = Debug|Any CPU
		{9ED19C2B-7E63-46D1-83CB-1432B73FB8D2}.Release|Any CPU.ActiveCfg = Release|Any CPU
		{9ED19C2B-7E63-46D1-83CB-1432B73FB8D2}.Release|Any CPU.Build.0 = Release|Any CPU
		{9ED19C2B-7E63-46D1-83CB-1432B73FB8D2}.Release|Mixed Platforms.ActiveCfg = Release|Any CPU
		{9ED19C2B-7E63-46D1-83CB-1432B73FB8D2}.Release|Mixed Platforms.Build.0 = Release|Any CPU
		{9ED19C2B-7E63-46D1-83CB-1432B73FB8D2}.Release|x86.ActiveCfg = Release|Any CPU
		{FC24376D-22AC-4406-812E-AFB102647623}.Debug|Any CPU.ActiveCfg = Debug|Any CPU
		{FC24376D-22AC-4406-812E-AFB102647623}.Debug|Any CPU.Build.0 = Debug|Any CPU
		{FC24376D-22AC-4406-812E-AFB102647623}.Debug|Mixed Platforms.ActiveCfg = Debug|Any CPU
		{FC24376D-22AC-4406-812E-AFB102647623}.Debug|Mixed Platforms.Build.0 = Debug|Any CPU
		{FC24376D-22AC-4406-812E-AFB102647623}.Debug|x86.ActiveCfg = Debug|Any CPU
		{FC24376D-22AC-4406-812E-AFB102647623}.Release|Any CPU.ActiveCfg = Release|Any CPU
		{FC24376D-22AC-4406-812E-AFB102647623}.Release|Any CPU.Build.0 = Release|Any CPU
		{FC24376D-22AC-4406-812E-AFB102647623}.Release|Mixed Platforms.ActiveCfg = Release|Any CPU
		{FC24376D-22AC-4406-812E-AFB102647623}.Release|Mixed Platforms.Build.0 = Release|Any CPU
		{FC24376D-22AC-4406-812E-AFB102647623}.Release|x86.ActiveCfg = Release|Any CPU
	EndGlobalSection
	GlobalSection(SolutionProperties) = preSolution
		HideSolutionNode = FALSE
	EndGlobalSection
	GlobalSection(ExtensibilityGlobals) = postSolution
		VisualSVNWorkingCopyRoot = .
	EndGlobalSection
EndGlobal
