
Microsoft Visual Studio Solution File, Format Version 12.00
# Visual Studio 14
VisualStudioVersion = 14.0.25420.1
MinimumVisualStudioVersion = 10.0.40219.1
Project("{2150E333-8FDC-42A3-9474-1A3956D46DE8}") = "Solution Items", "Solution Items", "{994E80C0-DD18-417A-A51C-F781D3B012AB}"
	ProjectSection(SolutionItems) = preProject
		Cg2Solution4.vsmdi = Cg2Solution4.vsmdi
		Cg2Solution5.vsmdi = Cg2Solution5.vsmdi
		Cg2Solution8.vsmdi = Cg2Solution8.vsmdi
		CustomDictionary.xml = CustomDictionary.xml
		LocalTestRun.testrunconfig = LocalTestRun.testrunconfig
	EndProjectSection
EndProject
Project("{2150E333-8FDC-42A3-9474-1A3956D46DE8}") = "TestProjecten", "TestProjecten", "{0033E4C0-D1DB-45CA-B4D8-1BDFF49DDBAB}"
EndProject
Project("{FAE04EC0-301F-11D3-BF4B-00C04F79EFBC}") = "Chiro.Gap.Validatie", "Chiro.Gap.Validatie\Chiro.Gap.Validatie.csproj", "{853B7FDF-27B6-48BC-A220-F68CCE610B6B}"
EndProject
Project("{FAE04EC0-301F-11D3-BF4B-00C04F79EFBC}") = "Chiro.Gap.ServiceContracts", "Chiro.Gap.ServiceContracts\Chiro.Gap.ServiceContracts.csproj", "{8FAF739D-1058-4240-9466-BCA5DB8525D4}"
EndProject
Project("{FAE04EC0-301F-11D3-BF4B-00C04F79EFBC}") = "Chiro.Cdf.Ioc", "Chiro.Cdf.Ioc\Chiro.Cdf.Ioc.csproj", "{C100E957-CEE2-4707-BF13-C64553C28C7B}"
EndProject
Project("{FAE04EC0-301F-11D3-BF4B-00C04F79EFBC}") = "Chiro.Gap.Workers.Test", "TestProjecten\Chiro.Gap.Workers.Test\Chiro.Gap.Workers.Test.csproj", "{AC33A7F9-7FFA-4AC2-9362-3409BE1C4BB3}"
EndProject
Project("{FAE04EC0-301F-11D3-BF4B-00C04F79EFBC}") = "Chiro.Gap.WebApp.Test", "TestProjecten\Chiro.Gap.WebApp.Test\Chiro.Gap.WebApp.Test.csproj", "{D9FF6AE7-5925-4A6D-9BD7-C4AC9D04C69F}"
EndProject
Project("{FAE04EC0-301F-11D3-BF4B-00C04F79EFBC}") = "Chiro.Gap.WebApp", "Chiro.Gap.WebApp\Chiro.Gap.WebApp.csproj", "{F9C3C5C0-D1B6-4AED-90B7-D327FC25EBDD}"
EndProject
Project("{FAE04EC0-301F-11D3-BF4B-00C04F79EFBC}") = "Chiro.Gap.Domain", "Chiro.Gap.Domain\Chiro.Gap.Domain.csproj", "{65D1DB34-9F12-48C6-88F8-3943E5A4609B}"
EndProject
Project("{FAE04EC0-301F-11D3-BF4B-00C04F79EFBC}") = "Chiro.Gap.Sync", "Chiro.Gap.Sync\Chiro.Gap.Sync.csproj", "{C934C8CE-39C8-45B7-AC38-F487CEA9B2D5}"
EndProject
Project("{FAE04EC0-301F-11D3-BF4B-00C04F79EFBC}") = "Chiro.Kip.ServiceContracts", "..\tools\Chiro.CiviSync\Chiro.Kip.ServiceContracts\Chiro.Kip.ServiceContracts.csproj", "{6E81A10A-AD85-47A0-8B5D-70361F393CDD}"
EndProject
Project("{FAE04EC0-301F-11D3-BF4B-00C04F79EFBC}") = "Chiro.Gap.Poco.Model", "Chiro.Gap.Poco.Model\Chiro.Gap.Poco.Model.csproj", "{5B06D34A-3C2F-4041-914C-FA3B63F973E2}"
EndProject
Project("{FAE04EC0-301F-11D3-BF4B-00C04F79EFBC}") = "Chiro.Gap.Poco.Context", "Chiro.Gap.Poco.Context\Chiro.Gap.Poco.Context.csproj", "{C83B2DF6-4352-4FAD-A09E-9C59DC335B05}"
EndProject
Project("{FAE04EC0-301F-11D3-BF4B-00C04F79EFBC}") = "Chiro.Cdf.Poco", "Chiro.Cdf.Poco\Chiro.Cdf.Poco.csproj", "{CDEA3723-7D66-44BF-93D0-913881918330}"
EndProject
Project("{FAE04EC0-301F-11D3-BF4B-00C04F79EFBC}") = "Chiro.Gap.SyncInterfaces", "Chiro.Gap.SyncInterfaces\Chiro.Gap.SyncInterfaces.csproj", "{3ECF9801-795B-40FF-B19B-44A7C49DBB40}"
EndProject
Project("{FAE04EC0-301F-11D3-BF4B-00C04F79EFBC}") = "Chiro.Gap.WorkerInterfaces", "Chiro.Gap.WorkerInterfaces\Chiro.Gap.WorkerInterfaces.csproj", "{BDAF9A9D-49E3-48AC-869D-E17E8A3D9203}"
EndProject
Project("{FAE04EC0-301F-11D3-BF4B-00C04F79EFBC}") = "Chiro.Gap.Workers", "Chiro.Gap.Workers\Chiro.Gap.Workers.csproj", "{35E2AED7-7C0A-4B30-B7C8-24F9078AC32E}"
EndProject
Project("{FAE04EC0-301F-11D3-BF4B-00C04F79EFBC}") = "Chiro.Cdf.UnityWcfExtensions", "Chiro.Cdf.UnityWcfExtensions\Chiro.Cdf.UnityWcfExtensions.csproj", "{268708CB-F3E8-4AFA-9E61-824CFA27BE0E}"
EndProject
Project("{FAE04EC0-301F-11D3-BF4B-00C04F79EFBC}") = "Chiro.Cdf.Sso", "Chiro.Cdf.Sso\Chiro.Cdf.Sso.csproj", "{89FE1EDE-4B44-406A-9CF8-0E8697582838}"
EndProject
Project("{FAE04EC0-301F-11D3-BF4B-00C04F79EFBC}") = "Chiro.Gap.Sync.Test", "TestProjecten\Chiro.Gap.Sync.Test\Chiro.Gap.Sync.Test.csproj", "{FB1B9BDC-EF8B-4AA1-882F-BF5AC3912D3F}"
EndProject
Project("{FAE04EC0-301F-11D3-BF4B-00C04F79EFBC}") = "Chiro.Gap.ExcelManip", "Chiro.Gap.ExcelManip\Chiro.Gap.ExcelManip.csproj", "{B69C5D68-264F-483F-AB05-726B3C3FB1B1}"
EndProject
Project("{FAE04EC0-301F-11D3-BF4B-00C04F79EFBC}") = "Chiro.Gap.Validatie.Test", "TestProjecten\Chiro.Gap.Validatie.Test\Chiro.Gap.Validatie.Test.csproj", "{D1C65B7E-8F0E-497A-A6A2-4CD36175219C}"
EndProject
Project("{2150E333-8FDC-42A3-9474-1A3956D46DE8}") = ".nuget", ".nuget", "{1A77A926-AC69-41E5-842B-78504EB4A356}"
EndProject
Project("{FAE04EC0-301F-11D3-BF4B-00C04F79EFBC}") = "Chiro.Gap.TestHacks", "Chiro.Gap.TestHacks\Chiro.Gap.TestHacks.csproj", "{C3E92F5A-82F6-4079-9B9E-066CA7ECF017}"
EndProject
Project("{FAE04EC0-301F-11D3-BF4B-00C04F79EFBC}") = "Chiro.Gap.Services.Dev", "Chiro.Gap.Services.Dev\Chiro.Gap.Services.Dev.csproj", "{DF253C73-7632-476E-B760-DEBA6D306E69}"
EndProject
Project("{FAE04EC0-301F-11D3-BF4B-00C04F79EFBC}") = "Chiro.Gap.UpdateApi", "Chiro.Gap.UpdateApi\Chiro.Gap.UpdateApi.csproj", "{25241B90-0CC2-4F25-B794-21DFE6A6FBF0}"
EndProject
Project("{FAE04EC0-301F-11D3-BF4B-00C04F79EFBC}") = "Chiro.Gap.Algemeen.Test", "TestProjecten\Chiro.Gap.Algemeen.Test\Chiro.Gap.Algemeen.Test.csproj", "{CFFB2A00-E7BF-4E0C-B69A-7804C13EB5F3}"
EndProject
Project("{FAE04EC0-301F-11D3-BF4B-00C04F79EFBC}") = "Chiro.Gap.Dummies", "TestProjecten\Chiro.Gap.Dummies\Chiro.Gap.Dummies.csproj", "{2D7B3C9F-1F19-41EA-9538-AE5D4B11388A}"
EndProject
Project("{FAE04EC0-301F-11D3-BF4B-00C04F79EFBC}") = "Chiro.Gap.Services.Test", "TestProjecten\Chiro.Gap.Services.Test\Chiro.Gap.Services.Test.csproj", "{61D5AD6B-55A2-4EEC-9F4B-DAD0FF7F7C01}"
EndProject
Project("{FAE04EC0-301F-11D3-BF4B-00C04F79EFBC}") = "Chiro.Gap.TestDbInfo", "TestProjecten\Chiro.Gap.TestDbInfo\Chiro.Gap.TestDbInfo.csproj", "{1696D4A9-E2DA-41B1-8A5A-CAE3E0F0F724}"
EndProject
Project("{FAE04EC0-301F-11D3-BF4B-00C04F79EFBC}") = "Chiro.Gap.UpdateApi.Test", "TestProjecten\Chiro.Gap.UpdateSvc.Test\Chiro.Gap.UpdateApi.Test.csproj", "{9912F375-BB2D-435C-8FF6-F2933C212A4B}"
EndProject
Project("{FAE04EC0-301F-11D3-BF4B-00C04F79EFBC}") = "Chiro.Gap.Services.Autorisatie.Test", "TestProjecten\Chiro.Gap.Services.Autorisatie.Test\Chiro.Gap.Services.Autorisatie.Test.csproj", "{22FDE0A4-0B9E-4586-A9E7-15AA3A72D35B}"
EndProject
Project("{FAE04EC0-301F-11D3-BF4B-00C04F79EFBC}") = "Chiro.Gap.Services.Dev.Test", "TestProjecten\Chiro.Gap.Services.Dev.Test\Chiro.Gap.Services.Dev.Test.csproj", "{01AEB165-62FC-433F-B3D3-F68BE0E2DBFC}"
EndProject
Project("{FAE04EC0-301F-11D3-BF4B-00C04F79EFBC}") = "Chiro.Gap.TestAttributes", "Chiro.Gap.TestAttributes\Chiro.Gap.TestAttributes.csproj", "{3588ACB4-0203-478E-A25D-A1C64458D023}"
EndProject
Project("{FAE04EC0-301F-11D3-BF4B-00C04F79EFBC}") = "Chiro.Cdf.Validation", "Chiro.Cdf.Validation\Chiro.Cdf.Validation.csproj", "{B55EDF1F-DE3F-4E00-A359-0D56BE67E197}"
EndProject
Project("{FAE04EC0-301F-11D3-BF4B-00C04F79EFBC}") = "Chiro.Gap.UpdateApi.Models", "Chiro.Gap.UpdateApi.Models\Chiro.Gap.UpdateApi.Models.csproj", "{71FDD616-E12E-474E-A996-575A187824E2}"
EndProject
Project("{FAE04EC0-301F-11D3-BF4B-00C04F79EFBC}") = "Chiro.Gap.Maintenance", "Chiro.Gap.Maintenance\Chiro.Gap.Maintenance.csproj", "{02217AE2-239B-414E-84F5-F32BB1C751F8}"
EndProject
Project("{FAE04EC0-301F-11D3-BF4B-00C04F79EFBC}") = "Chiro.Gap.Maintenance.Test", "TestProjecten\Chiro.Gap.Maintenance.Test\Chiro.Gap.Maintenance.Test.csproj", "{5CAA5C51-8250-4E6E-851F-FACE0951BEA9}"
EndProject
Project("{FAE04EC0-301F-11D3-BF4B-00C04F79EFBC}") = "Chiro.Cdf.Ioc.Factory", "Chiro.Cdf.Ioc.Factory\Chiro.Cdf.Ioc.Factory.csproj", "{66147F76-9D76-46A6-8FCE-1BBE317A6093}"
EndProject
Project("{FAE04EC0-301F-11D3-BF4B-00C04F79EFBC}") = "Chiro.Cdf.ServiceHelper", "Chiro.Cdf.ServiceHelper\Chiro.Cdf.ServiceHelper.csproj", "{BAAC24EC-57C1-4108-94BA-40FC0977762A}"
EndProject
Project("{FAE04EC0-301F-11D3-BF4B-00C04F79EFBC}") = "Chiro.Gap.ServiceContracts.Mappers", "Chiro.Gap.ServiceContracts.Mappers\Chiro.Gap.ServiceContracts.Mappers.csproj", "{4E9327EF-2D32-4E12-8D20-1EE8AF68A1B0}"
EndProject
Project("{FAE04EC0-301F-11D3-BF4B-00C04F79EFBC}") = "Chiro.Gap.Services", "Chiro.Gap.Services\Chiro.Gap.Services.csproj", "{96D3E32A-0C40-4FDE-90CC-0EB0AC17E975}"
EndProject
Project("{FAE04EC0-301F-11D3-BF4B-00C04F79EFBC}") = "Chiro.Cdf.Mailer", "..\tools\Chiro.LoginService\Chiro.Cdf.Mailer\Chiro.Cdf.Mailer.csproj", "{18FF2008-106F-48A6-BEFB-5F8B301354D0}"
EndProject
Project("{FAE04EC0-301F-11D3-BF4B-00C04F79EFBC}") = "Chiro.Ad.ServiceContracts", "..\tools\Chiro.LoginService\Chiro.Ad.ServiceContracts\Chiro.Ad.ServiceContracts.csproj", "{D1E7BBDD-D833-4DC1-AF39-287448612425}"
EndProject
Project("{FAE04EC0-301F-11D3-BF4B-00C04F79EFBC}") = "Chiro.Cdf.AdnrWcfExtension", "Chiro.Cdf.AdnrWcfExtension\Chiro.Cdf.AdnrWcfExtension.csproj", "{07954288-81A1-45B5-8D4A-349356FA8472}"
EndProject
Project("{FAE04EC0-301F-11D3-BF4B-00C04F79EFBC}") = "Chiro.Cdf.Authentication", "Chiro.Cdf.Authentication\Chiro.Cdf.Authentication.csproj", "{FB9A2752-D976-4D92-9974-0E9339D1FDD2}"
EndProject
Project("{FAE04EC0-301F-11D3-BF4B-00C04F79EFBC}") = "Chiro.Cdf.Authentication.Backend", "Chiro.Cdf.Authentication.Backend\Chiro.Cdf.Authentication.Backend.csproj", "{33D20616-2D3B-4693-8702-F2FAE1DBFBD5}"
EndProject
Project("{FAE04EC0-301F-11D3-BF4B-00C04F79EFBC}") = "Chiro.Cdf.Authentication.Ad", "Chiro.Cdf.Authentication.Ad\Chiro.Cdf.Authentication.Ad.csproj", "{B4FED89C-AB92-4D90-B566-3604A43A998A}"
EndProject
Project("{FAE04EC0-301F-11D3-BF4B-00C04F79EFBC}") = "Chiro.Cdf.Authentication.Dev", "Chiro.Cdf.Authentication.DevDummy\Chiro.Cdf.Authentication.Dev.csproj", "{80B76267-F691-4549-9811-E94E057104CD}"
EndProject
Project("{FAE04EC0-301F-11D3-BF4B-00C04F79EFBC}") = "Chiro.Cdf.Authentication.Cas", "Chiro.Cdf.Authentication.Cas\Chiro.Cdf.Authentication.Cas.csproj", "{22FC3247-9A1A-4B57-89AB-CB53B90146FE}"
EndProject
Project("{FAE04EC0-301F-11D3-BF4B-00C04F79EFBC}") = "DotNetCasClient", "..\tools\DotNetCasClient\DotNetCasClient\DotNetCasClient.csproj", "{883A296E-C898-4D1F-9ED9-DE7569DEFB3D}"
EndProject
Project("{FAE04EC0-301F-11D3-BF4B-00C04F79EFBC}") = "Chiro.Gap.Api", "Chiro.Gap.Api\Chiro.Gap.Api.csproj", "{E4EA0F18-8A18-468C-82DF-15D6B0AFA6CC}"
EndProject
Project("{FAE04EC0-301F-11D3-BF4B-00C04F79EFBC}") = "Chiro.Cdf.Authentication.Oauth", "Chiro.Cdf.Authentication.Oauth\Chiro.Cdf.Authentication.Oauth.csproj", "{0C546564-F463-4C06-9592-EF3345D9AD73}"
EndProject
Project("{FAE04EC0-301F-11D3-BF4B-00C04F79EFBC}") = "Chiro.Gap.ApiAccountCreator", "Chiro.Gap.ApiAccountCreator\Chiro.Gap.ApiAccountCreator.csproj", "{C1453DFF-1020-4BDD-AD3E-58F5B8218177}"
EndProject
Project("{FAE04EC0-301F-11D3-BF4B-00C04F79EFBC}") = "Chiro.Gap.Api.Mappers", "Chiro.Gap.Api.Mappers\Chiro.Gap.Api.Mappers.csproj", "{1EC756DB-5DC8-456A-9C1E-4EF5B0DBFBEB}"
EndProject
Project("{FAE04EC0-301F-11D3-BF4B-00C04F79EFBC}") = "Chiro.Gap.WebApp.Mappers", "Chiro.Gap.WebApp.Mappers\Chiro.Gap.WebApp.Mappers.csproj", "{8F364B79-3F24-46D7-B721-1181D8768848}"
EndProject
Project("{FAE04EC0-301F-11D3-BF4B-00C04F79EFBC}") = "Chiro.Gap.Sync.Mappers", "Chiro.Gap.Sync.Mappers\Chiro.Gap.Sync.Mappers.csproj", "{98547985-C786-4637-8407-8EFD4A19F31B}"
EndProject
Global
	GlobalSection(SolutionConfigurationPlatforms) = preSolution
		Debug|Any CPU = Debug|Any CPU
		Debug|Mixed Platforms = Debug|Mixed Platforms
		Debug|Win32 = Debug|Win32
		Debug|x86 = Debug|x86
		Release|Any CPU = Release|Any CPU
		Release|Mixed Platforms = Release|Mixed Platforms
		Release|Win32 = Release|Win32
		Release|x86 = Release|x86
	EndGlobalSection
	GlobalSection(ProjectConfigurationPlatforms) = postSolution
		{853B7FDF-27B6-48BC-A220-F68CCE610B6B}.Debug|Any CPU.ActiveCfg = Debug|Any CPU
		{853B7FDF-27B6-48BC-A220-F68CCE610B6B}.Debug|Any CPU.Build.0 = Debug|Any CPU
		{853B7FDF-27B6-48BC-A220-F68CCE610B6B}.Debug|Mixed Platforms.ActiveCfg = Debug|Any CPU
		{853B7FDF-27B6-48BC-A220-F68CCE610B6B}.Debug|Mixed Platforms.Build.0 = Debug|Any CPU
		{853B7FDF-27B6-48BC-A220-F68CCE610B6B}.Debug|Win32.ActiveCfg = Debug|Any CPU
		{853B7FDF-27B6-48BC-A220-F68CCE610B6B}.Debug|x86.ActiveCfg = Debug|Any CPU
		{853B7FDF-27B6-48BC-A220-F68CCE610B6B}.Release|Any CPU.ActiveCfg = Release|Any CPU
		{853B7FDF-27B6-48BC-A220-F68CCE610B6B}.Release|Any CPU.Build.0 = Release|Any CPU
		{853B7FDF-27B6-48BC-A220-F68CCE610B6B}.Release|Mixed Platforms.ActiveCfg = Release|Any CPU
		{853B7FDF-27B6-48BC-A220-F68CCE610B6B}.Release|Mixed Platforms.Build.0 = Release|Any CPU
		{853B7FDF-27B6-48BC-A220-F68CCE610B6B}.Release|Win32.ActiveCfg = Release|Any CPU
		{853B7FDF-27B6-48BC-A220-F68CCE610B6B}.Release|x86.ActiveCfg = Release|Any CPU
		{8FAF739D-1058-4240-9466-BCA5DB8525D4}.Debug|Any CPU.ActiveCfg = Debug|Any CPU
		{8FAF739D-1058-4240-9466-BCA5DB8525D4}.Debug|Any CPU.Build.0 = Debug|Any CPU
		{8FAF739D-1058-4240-9466-BCA5DB8525D4}.Debug|Mixed Platforms.ActiveCfg = Debug|Any CPU
		{8FAF739D-1058-4240-9466-BCA5DB8525D4}.Debug|Mixed Platforms.Build.0 = Debug|Any CPU
		{8FAF739D-1058-4240-9466-BCA5DB8525D4}.Debug|Win32.ActiveCfg = Debug|Any CPU
		{8FAF739D-1058-4240-9466-BCA5DB8525D4}.Debug|x86.ActiveCfg = Debug|Any CPU
		{8FAF739D-1058-4240-9466-BCA5DB8525D4}.Release|Any CPU.ActiveCfg = Release|Any CPU
		{8FAF739D-1058-4240-9466-BCA5DB8525D4}.Release|Any CPU.Build.0 = Release|Any CPU
		{8FAF739D-1058-4240-9466-BCA5DB8525D4}.Release|Mixed Platforms.ActiveCfg = Release|Any CPU
		{8FAF739D-1058-4240-9466-BCA5DB8525D4}.Release|Mixed Platforms.Build.0 = Release|Any CPU
		{8FAF739D-1058-4240-9466-BCA5DB8525D4}.Release|Win32.ActiveCfg = Release|Any CPU
		{8FAF739D-1058-4240-9466-BCA5DB8525D4}.Release|x86.ActiveCfg = Release|Any CPU
		{C100E957-CEE2-4707-BF13-C64553C28C7B}.Debug|Any CPU.ActiveCfg = Debug|Any CPU
		{C100E957-CEE2-4707-BF13-C64553C28C7B}.Debug|Any CPU.Build.0 = Debug|Any CPU
		{C100E957-CEE2-4707-BF13-C64553C28C7B}.Debug|Mixed Platforms.ActiveCfg = Debug|Any CPU
		{C100E957-CEE2-4707-BF13-C64553C28C7B}.Debug|Mixed Platforms.Build.0 = Debug|Any CPU
		{C100E957-CEE2-4707-BF13-C64553C28C7B}.Debug|Win32.ActiveCfg = Debug|Any CPU
		{C100E957-CEE2-4707-BF13-C64553C28C7B}.Debug|x86.ActiveCfg = Debug|Any CPU
		{C100E957-CEE2-4707-BF13-C64553C28C7B}.Release|Any CPU.ActiveCfg = Release|Any CPU
		{C100E957-CEE2-4707-BF13-C64553C28C7B}.Release|Any CPU.Build.0 = Release|Any CPU
		{C100E957-CEE2-4707-BF13-C64553C28C7B}.Release|Mixed Platforms.ActiveCfg = Release|Any CPU
		{C100E957-CEE2-4707-BF13-C64553C28C7B}.Release|Mixed Platforms.Build.0 = Release|Any CPU
		{C100E957-CEE2-4707-BF13-C64553C28C7B}.Release|Win32.ActiveCfg = Release|Any CPU
		{C100E957-CEE2-4707-BF13-C64553C28C7B}.Release|x86.ActiveCfg = Release|Any CPU
		{AC33A7F9-7FFA-4AC2-9362-3409BE1C4BB3}.Debug|Any CPU.ActiveCfg = Debug|Any CPU
		{AC33A7F9-7FFA-4AC2-9362-3409BE1C4BB3}.Debug|Any CPU.Build.0 = Debug|Any CPU
		{AC33A7F9-7FFA-4AC2-9362-3409BE1C4BB3}.Debug|Mixed Platforms.ActiveCfg = Debug|Any CPU
		{AC33A7F9-7FFA-4AC2-9362-3409BE1C4BB3}.Debug|Mixed Platforms.Build.0 = Debug|Any CPU
		{AC33A7F9-7FFA-4AC2-9362-3409BE1C4BB3}.Debug|Win32.ActiveCfg = Debug|Any CPU
		{AC33A7F9-7FFA-4AC2-9362-3409BE1C4BB3}.Debug|x86.ActiveCfg = Debug|Any CPU
		{AC33A7F9-7FFA-4AC2-9362-3409BE1C4BB3}.Release|Any CPU.ActiveCfg = Release|Any CPU
		{AC33A7F9-7FFA-4AC2-9362-3409BE1C4BB3}.Release|Any CPU.Build.0 = Release|Any CPU
		{AC33A7F9-7FFA-4AC2-9362-3409BE1C4BB3}.Release|Mixed Platforms.ActiveCfg = Release|Any CPU
		{AC33A7F9-7FFA-4AC2-9362-3409BE1C4BB3}.Release|Mixed Platforms.Build.0 = Release|Any CPU
		{AC33A7F9-7FFA-4AC2-9362-3409BE1C4BB3}.Release|Win32.ActiveCfg = Release|Any CPU
		{AC33A7F9-7FFA-4AC2-9362-3409BE1C4BB3}.Release|x86.ActiveCfg = Release|Any CPU
		{D9FF6AE7-5925-4A6D-9BD7-C4AC9D04C69F}.Debug|Any CPU.ActiveCfg = Debug|Any CPU
		{D9FF6AE7-5925-4A6D-9BD7-C4AC9D04C69F}.Debug|Any CPU.Build.0 = Debug|Any CPU
		{D9FF6AE7-5925-4A6D-9BD7-C4AC9D04C69F}.Debug|Mixed Platforms.ActiveCfg = Debug|Any CPU
		{D9FF6AE7-5925-4A6D-9BD7-C4AC9D04C69F}.Debug|Mixed Platforms.Build.0 = Debug|Any CPU
		{D9FF6AE7-5925-4A6D-9BD7-C4AC9D04C69F}.Debug|Win32.ActiveCfg = Debug|Any CPU
		{D9FF6AE7-5925-4A6D-9BD7-C4AC9D04C69F}.Debug|x86.ActiveCfg = Debug|Any CPU
		{D9FF6AE7-5925-4A6D-9BD7-C4AC9D04C69F}.Release|Any CPU.ActiveCfg = Release|Any CPU
		{D9FF6AE7-5925-4A6D-9BD7-C4AC9D04C69F}.Release|Any CPU.Build.0 = Release|Any CPU
		{D9FF6AE7-5925-4A6D-9BD7-C4AC9D04C69F}.Release|Mixed Platforms.ActiveCfg = Release|Any CPU
		{D9FF6AE7-5925-4A6D-9BD7-C4AC9D04C69F}.Release|Mixed Platforms.Build.0 = Release|Any CPU
		{D9FF6AE7-5925-4A6D-9BD7-C4AC9D04C69F}.Release|Win32.ActiveCfg = Release|Any CPU
		{D9FF6AE7-5925-4A6D-9BD7-C4AC9D04C69F}.Release|x86.ActiveCfg = Release|Any CPU
		{F9C3C5C0-D1B6-4AED-90B7-D327FC25EBDD}.Debug|Any CPU.ActiveCfg = Debug|Any CPU
		{F9C3C5C0-D1B6-4AED-90B7-D327FC25EBDD}.Debug|Any CPU.Build.0 = Debug|Any CPU
		{F9C3C5C0-D1B6-4AED-90B7-D327FC25EBDD}.Debug|Mixed Platforms.ActiveCfg = Debug|Any CPU
		{F9C3C5C0-D1B6-4AED-90B7-D327FC25EBDD}.Debug|Mixed Platforms.Build.0 = Debug|Any CPU
		{F9C3C5C0-D1B6-4AED-90B7-D327FC25EBDD}.Debug|Win32.ActiveCfg = Debug|Any CPU
		{F9C3C5C0-D1B6-4AED-90B7-D327FC25EBDD}.Debug|x86.ActiveCfg = Debug|Any CPU
		{F9C3C5C0-D1B6-4AED-90B7-D327FC25EBDD}.Release|Any CPU.ActiveCfg = Release|Any CPU
		{F9C3C5C0-D1B6-4AED-90B7-D327FC25EBDD}.Release|Any CPU.Build.0 = Release|Any CPU
		{F9C3C5C0-D1B6-4AED-90B7-D327FC25EBDD}.Release|Mixed Platforms.ActiveCfg = Release|Any CPU
		{F9C3C5C0-D1B6-4AED-90B7-D327FC25EBDD}.Release|Mixed Platforms.Build.0 = Release|Any CPU
		{F9C3C5C0-D1B6-4AED-90B7-D327FC25EBDD}.Release|Win32.ActiveCfg = Release|Any CPU
		{F9C3C5C0-D1B6-4AED-90B7-D327FC25EBDD}.Release|x86.ActiveCfg = Release|Any CPU
		{65D1DB34-9F12-48C6-88F8-3943E5A4609B}.Debug|Any CPU.ActiveCfg = Debug|Any CPU
		{65D1DB34-9F12-48C6-88F8-3943E5A4609B}.Debug|Any CPU.Build.0 = Debug|Any CPU
		{65D1DB34-9F12-48C6-88F8-3943E5A4609B}.Debug|Mixed Platforms.ActiveCfg = Debug|Any CPU
		{65D1DB34-9F12-48C6-88F8-3943E5A4609B}.Debug|Mixed Platforms.Build.0 = Debug|Any CPU
		{65D1DB34-9F12-48C6-88F8-3943E5A4609B}.Debug|Win32.ActiveCfg = Debug|Any CPU
		{65D1DB34-9F12-48C6-88F8-3943E5A4609B}.Debug|Win32.Build.0 = Debug|Any CPU
		{65D1DB34-9F12-48C6-88F8-3943E5A4609B}.Debug|x86.ActiveCfg = Debug|Any CPU
		{65D1DB34-9F12-48C6-88F8-3943E5A4609B}.Debug|x86.Build.0 = Debug|Any CPU
		{65D1DB34-9F12-48C6-88F8-3943E5A4609B}.Release|Any CPU.ActiveCfg = Release|Any CPU
		{65D1DB34-9F12-48C6-88F8-3943E5A4609B}.Release|Any CPU.Build.0 = Release|Any CPU
		{65D1DB34-9F12-48C6-88F8-3943E5A4609B}.Release|Mixed Platforms.ActiveCfg = Release|Any CPU
		{65D1DB34-9F12-48C6-88F8-3943E5A4609B}.Release|Mixed Platforms.Build.0 = Release|Any CPU
		{65D1DB34-9F12-48C6-88F8-3943E5A4609B}.Release|Win32.ActiveCfg = Release|Any CPU
		{65D1DB34-9F12-48C6-88F8-3943E5A4609B}.Release|Win32.Build.0 = Release|Any CPU
		{65D1DB34-9F12-48C6-88F8-3943E5A4609B}.Release|x86.ActiveCfg = Release|Any CPU
		{65D1DB34-9F12-48C6-88F8-3943E5A4609B}.Release|x86.Build.0 = Release|Any CPU
		{C934C8CE-39C8-45B7-AC38-F487CEA9B2D5}.Debug|Any CPU.ActiveCfg = Debug|Any CPU
		{C934C8CE-39C8-45B7-AC38-F487CEA9B2D5}.Debug|Any CPU.Build.0 = Debug|Any CPU
		{C934C8CE-39C8-45B7-AC38-F487CEA9B2D5}.Debug|Mixed Platforms.ActiveCfg = Debug|Any CPU
		{C934C8CE-39C8-45B7-AC38-F487CEA9B2D5}.Debug|Mixed Platforms.Build.0 = Debug|Any CPU
		{C934C8CE-39C8-45B7-AC38-F487CEA9B2D5}.Debug|Win32.ActiveCfg = Debug|Any CPU
		{C934C8CE-39C8-45B7-AC38-F487CEA9B2D5}.Debug|x86.ActiveCfg = Debug|Any CPU
		{C934C8CE-39C8-45B7-AC38-F487CEA9B2D5}.Release|Any CPU.ActiveCfg = Release|Any CPU
		{C934C8CE-39C8-45B7-AC38-F487CEA9B2D5}.Release|Any CPU.Build.0 = Release|Any CPU
		{C934C8CE-39C8-45B7-AC38-F487CEA9B2D5}.Release|Mixed Platforms.ActiveCfg = Release|Any CPU
		{C934C8CE-39C8-45B7-AC38-F487CEA9B2D5}.Release|Mixed Platforms.Build.0 = Release|Any CPU
		{C934C8CE-39C8-45B7-AC38-F487CEA9B2D5}.Release|Win32.ActiveCfg = Release|Any CPU
		{C934C8CE-39C8-45B7-AC38-F487CEA9B2D5}.Release|x86.ActiveCfg = Release|Any CPU
		{6E81A10A-AD85-47A0-8B5D-70361F393CDD}.Release|Win32.ActiveCfg = Release|Any CPU
		{6E81A10A-AD85-47A0-8B5D-70361F393CDD}.Release|Win32.Build.0 = Release|Any CPU
		{6E81A10A-AD85-47A0-8B5D-70361F393CDD}.Release|x86.ActiveCfg = Release|Any CPU
		{6E81A10A-AD85-47A0-8B5D-70361F393CDD}.Release|x86.Build.0 = Release|Any CPU
		{5B06D34A-3C2F-4041-914C-FA3B63F973E2}.Debug|Any CPU.ActiveCfg = Debug|Any CPU
		{5B06D34A-3C2F-4041-914C-FA3B63F973E2}.Debug|Any CPU.Build.0 = Debug|Any CPU
		{5B06D34A-3C2F-4041-914C-FA3B63F973E2}.Debug|Mixed Platforms.ActiveCfg = Debug|Any CPU
		{5B06D34A-3C2F-4041-914C-FA3B63F973E2}.Debug|Mixed Platforms.Build.0 = Debug|Any CPU
		{5B06D34A-3C2F-4041-914C-FA3B63F973E2}.Debug|Win32.ActiveCfg = Debug|Any CPU
		{5B06D34A-3C2F-4041-914C-FA3B63F973E2}.Debug|x86.ActiveCfg = Debug|Any CPU
		{5B06D34A-3C2F-4041-914C-FA3B63F973E2}.Release|Any CPU.ActiveCfg = Release|Any CPU
		{5B06D34A-3C2F-4041-914C-FA3B63F973E2}.Release|Any CPU.Build.0 = Release|Any CPU
		{5B06D34A-3C2F-4041-914C-FA3B63F973E2}.Release|Mixed Platforms.ActiveCfg = Release|Any CPU
		{5B06D34A-3C2F-4041-914C-FA3B63F973E2}.Release|Mixed Platforms.Build.0 = Release|Any CPU
		{5B06D34A-3C2F-4041-914C-FA3B63F973E2}.Release|Win32.ActiveCfg = Release|Any CPU
		{5B06D34A-3C2F-4041-914C-FA3B63F973E2}.Release|x86.ActiveCfg = Release|Any CPU
		{C83B2DF6-4352-4FAD-A09E-9C59DC335B05}.Debug|Any CPU.ActiveCfg = Debug|Any CPU
		{C83B2DF6-4352-4FAD-A09E-9C59DC335B05}.Debug|Any CPU.Build.0 = Debug|Any CPU
		{C83B2DF6-4352-4FAD-A09E-9C59DC335B05}.Debug|Mixed Platforms.ActiveCfg = Debug|Any CPU
		{C83B2DF6-4352-4FAD-A09E-9C59DC335B05}.Debug|Mixed Platforms.Build.0 = Debug|Any CPU
		{C83B2DF6-4352-4FAD-A09E-9C59DC335B05}.Debug|Win32.ActiveCfg = Debug|Any CPU
		{C83B2DF6-4352-4FAD-A09E-9C59DC335B05}.Debug|x86.ActiveCfg = Debug|Any CPU
		{C83B2DF6-4352-4FAD-A09E-9C59DC335B05}.Release|Any CPU.ActiveCfg = Release|Any CPU
		{C83B2DF6-4352-4FAD-A09E-9C59DC335B05}.Release|Any CPU.Build.0 = Release|Any CPU
		{C83B2DF6-4352-4FAD-A09E-9C59DC335B05}.Release|Mixed Platforms.ActiveCfg = Release|Any CPU
		{C83B2DF6-4352-4FAD-A09E-9C59DC335B05}.Release|Mixed Platforms.Build.0 = Release|Any CPU
		{C83B2DF6-4352-4FAD-A09E-9C59DC335B05}.Release|Win32.ActiveCfg = Release|Any CPU
		{C83B2DF6-4352-4FAD-A09E-9C59DC335B05}.Release|x86.ActiveCfg = Release|Any CPU
		{CDEA3723-7D66-44BF-93D0-913881918330}.Debug|Any CPU.ActiveCfg = Debug|Any CPU
		{CDEA3723-7D66-44BF-93D0-913881918330}.Debug|Any CPU.Build.0 = Debug|Any CPU
		{CDEA3723-7D66-44BF-93D0-913881918330}.Debug|Mixed Platforms.ActiveCfg = Debug|Any CPU
		{CDEA3723-7D66-44BF-93D0-913881918330}.Debug|Mixed Platforms.Build.0 = Debug|Any CPU
		{CDEA3723-7D66-44BF-93D0-913881918330}.Debug|Win32.ActiveCfg = Debug|Any CPU
		{CDEA3723-7D66-44BF-93D0-913881918330}.Debug|x86.ActiveCfg = Debug|Any CPU
		{CDEA3723-7D66-44BF-93D0-913881918330}.Release|Any CPU.ActiveCfg = Release|Any CPU
		{CDEA3723-7D66-44BF-93D0-913881918330}.Release|Any CPU.Build.0 = Release|Any CPU
		{CDEA3723-7D66-44BF-93D0-913881918330}.Release|Mixed Platforms.ActiveCfg = Release|Any CPU
		{CDEA3723-7D66-44BF-93D0-913881918330}.Release|Mixed Platforms.Build.0 = Release|Any CPU
		{CDEA3723-7D66-44BF-93D0-913881918330}.Release|Win32.ActiveCfg = Release|Any CPU
		{CDEA3723-7D66-44BF-93D0-913881918330}.Release|x86.ActiveCfg = Release|Any CPU
		{3ECF9801-795B-40FF-B19B-44A7C49DBB40}.Debug|Any CPU.ActiveCfg = Debug|Any CPU
		{3ECF9801-795B-40FF-B19B-44A7C49DBB40}.Debug|Any CPU.Build.0 = Debug|Any CPU
		{3ECF9801-795B-40FF-B19B-44A7C49DBB40}.Debug|Mixed Platforms.ActiveCfg = Debug|Any CPU
		{3ECF9801-795B-40FF-B19B-44A7C49DBB40}.Debug|Mixed Platforms.Build.0 = Debug|Any CPU
		{3ECF9801-795B-40FF-B19B-44A7C49DBB40}.Debug|Win32.ActiveCfg = Debug|Any CPU
		{3ECF9801-795B-40FF-B19B-44A7C49DBB40}.Debug|x86.ActiveCfg = Debug|Any CPU
		{3ECF9801-795B-40FF-B19B-44A7C49DBB40}.Release|Any CPU.ActiveCfg = Release|Any CPU
		{3ECF9801-795B-40FF-B19B-44A7C49DBB40}.Release|Any CPU.Build.0 = Release|Any CPU
		{3ECF9801-795B-40FF-B19B-44A7C49DBB40}.Release|Mixed Platforms.ActiveCfg = Release|Any CPU
		{3ECF9801-795B-40FF-B19B-44A7C49DBB40}.Release|Mixed Platforms.Build.0 = Release|Any CPU
		{3ECF9801-795B-40FF-B19B-44A7C49DBB40}.Release|Win32.ActiveCfg = Release|Any CPU
		{3ECF9801-795B-40FF-B19B-44A7C49DBB40}.Release|x86.ActiveCfg = Release|Any CPU
		{BDAF9A9D-49E3-48AC-869D-E17E8A3D9203}.Debug|Any CPU.ActiveCfg = Debug|Any CPU
		{BDAF9A9D-49E3-48AC-869D-E17E8A3D9203}.Debug|Any CPU.Build.0 = Debug|Any CPU
		{BDAF9A9D-49E3-48AC-869D-E17E8A3D9203}.Debug|Mixed Platforms.ActiveCfg = Debug|Any CPU
		{BDAF9A9D-49E3-48AC-869D-E17E8A3D9203}.Debug|Mixed Platforms.Build.0 = Debug|Any CPU
		{BDAF9A9D-49E3-48AC-869D-E17E8A3D9203}.Debug|Win32.ActiveCfg = Debug|Any CPU
		{BDAF9A9D-49E3-48AC-869D-E17E8A3D9203}.Debug|x86.ActiveCfg = Debug|Any CPU
		{BDAF9A9D-49E3-48AC-869D-E17E8A3D9203}.Release|Any CPU.ActiveCfg = Release|Any CPU
		{BDAF9A9D-49E3-48AC-869D-E17E8A3D9203}.Release|Any CPU.Build.0 = Release|Any CPU
		{BDAF9A9D-49E3-48AC-869D-E17E8A3D9203}.Release|Mixed Platforms.ActiveCfg = Release|Any CPU
		{BDAF9A9D-49E3-48AC-869D-E17E8A3D9203}.Release|Mixed Platforms.Build.0 = Release|Any CPU
		{BDAF9A9D-49E3-48AC-869D-E17E8A3D9203}.Release|Win32.ActiveCfg = Release|Any CPU
		{BDAF9A9D-49E3-48AC-869D-E17E8A3D9203}.Release|x86.ActiveCfg = Release|Any CPU
		{35E2AED7-7C0A-4B30-B7C8-24F9078AC32E}.Debug|Any CPU.ActiveCfg = Debug|Any CPU
		{35E2AED7-7C0A-4B30-B7C8-24F9078AC32E}.Debug|Any CPU.Build.0 = Debug|Any CPU
		{35E2AED7-7C0A-4B30-B7C8-24F9078AC32E}.Debug|Mixed Platforms.ActiveCfg = Debug|Any CPU
		{35E2AED7-7C0A-4B30-B7C8-24F9078AC32E}.Debug|Mixed Platforms.Build.0 = Debug|Any CPU
		{35E2AED7-7C0A-4B30-B7C8-24F9078AC32E}.Debug|Win32.ActiveCfg = Debug|Any CPU
		{35E2AED7-7C0A-4B30-B7C8-24F9078AC32E}.Debug|x86.ActiveCfg = Debug|Any CPU
		{35E2AED7-7C0A-4B30-B7C8-24F9078AC32E}.Release|Any CPU.ActiveCfg = Release|Any CPU
		{35E2AED7-7C0A-4B30-B7C8-24F9078AC32E}.Release|Any CPU.Build.0 = Release|Any CPU
		{35E2AED7-7C0A-4B30-B7C8-24F9078AC32E}.Release|Mixed Platforms.ActiveCfg = Release|Any CPU
		{35E2AED7-7C0A-4B30-B7C8-24F9078AC32E}.Release|Mixed Platforms.Build.0 = Release|Any CPU
		{35E2AED7-7C0A-4B30-B7C8-24F9078AC32E}.Release|Win32.ActiveCfg = Release|Any CPU
		{35E2AED7-7C0A-4B30-B7C8-24F9078AC32E}.Release|x86.ActiveCfg = Release|Any CPU
		{268708CB-F3E8-4AFA-9E61-824CFA27BE0E}.Debug|Any CPU.ActiveCfg = Debug|Any CPU
		{268708CB-F3E8-4AFA-9E61-824CFA27BE0E}.Debug|Any CPU.Build.0 = Debug|Any CPU
		{268708CB-F3E8-4AFA-9E61-824CFA27BE0E}.Debug|Mixed Platforms.ActiveCfg = Debug|Any CPU
		{268708CB-F3E8-4AFA-9E61-824CFA27BE0E}.Debug|Mixed Platforms.Build.0 = Debug|Any CPU
		{268708CB-F3E8-4AFA-9E61-824CFA27BE0E}.Debug|Win32.ActiveCfg = Debug|Any CPU
		{268708CB-F3E8-4AFA-9E61-824CFA27BE0E}.Debug|x86.ActiveCfg = Debug|Any CPU
		{268708CB-F3E8-4AFA-9E61-824CFA27BE0E}.Release|Any CPU.ActiveCfg = Release|Any CPU
		{268708CB-F3E8-4AFA-9E61-824CFA27BE0E}.Release|Any CPU.Build.0 = Release|Any CPU
		{268708CB-F3E8-4AFA-9E61-824CFA27BE0E}.Release|Mixed Platforms.ActiveCfg = Release|Any CPU
		{268708CB-F3E8-4AFA-9E61-824CFA27BE0E}.Release|Mixed Platforms.Build.0 = Release|Any CPU
		{268708CB-F3E8-4AFA-9E61-824CFA27BE0E}.Release|Win32.ActiveCfg = Release|Any CPU
		{268708CB-F3E8-4AFA-9E61-824CFA27BE0E}.Release|x86.ActiveCfg = Release|Any CPU
		{89FE1EDE-4B44-406A-9CF8-0E8697582838}.Debug|Any CPU.ActiveCfg = Debug|Any CPU
		{89FE1EDE-4B44-406A-9CF8-0E8697582838}.Debug|Any CPU.Build.0 = Debug|Any CPU
		{89FE1EDE-4B44-406A-9CF8-0E8697582838}.Debug|Mixed Platforms.ActiveCfg = Debug|Any CPU
		{89FE1EDE-4B44-406A-9CF8-0E8697582838}.Debug|Mixed Platforms.Build.0 = Debug|Any CPU
		{89FE1EDE-4B44-406A-9CF8-0E8697582838}.Debug|Win32.ActiveCfg = Debug|Any CPU
		{89FE1EDE-4B44-406A-9CF8-0E8697582838}.Debug|x86.ActiveCfg = Debug|Any CPU
		{89FE1EDE-4B44-406A-9CF8-0E8697582838}.Release|Any CPU.ActiveCfg = Release|Any CPU
		{89FE1EDE-4B44-406A-9CF8-0E8697582838}.Release|Any CPU.Build.0 = Release|Any CPU
		{89FE1EDE-4B44-406A-9CF8-0E8697582838}.Release|Mixed Platforms.ActiveCfg = Release|Any CPU
		{89FE1EDE-4B44-406A-9CF8-0E8697582838}.Release|Mixed Platforms.Build.0 = Release|Any CPU
		{89FE1EDE-4B44-406A-9CF8-0E8697582838}.Release|Win32.ActiveCfg = Release|Any CPU
		{89FE1EDE-4B44-406A-9CF8-0E8697582838}.Release|x86.ActiveCfg = Release|Any CPU
		{FB1B9BDC-EF8B-4AA1-882F-BF5AC3912D3F}.Debug|Any CPU.ActiveCfg = Debug|Any CPU
		{FB1B9BDC-EF8B-4AA1-882F-BF5AC3912D3F}.Debug|Any CPU.Build.0 = Debug|Any CPU
		{FB1B9BDC-EF8B-4AA1-882F-BF5AC3912D3F}.Debug|Mixed Platforms.ActiveCfg = Debug|Any CPU
		{FB1B9BDC-EF8B-4AA1-882F-BF5AC3912D3F}.Debug|Mixed Platforms.Build.0 = Debug|Any CPU
		{FB1B9BDC-EF8B-4AA1-882F-BF5AC3912D3F}.Debug|Win32.ActiveCfg = Debug|Any CPU
		{FB1B9BDC-EF8B-4AA1-882F-BF5AC3912D3F}.Debug|x86.ActiveCfg = Debug|Any CPU
		{FB1B9BDC-EF8B-4AA1-882F-BF5AC3912D3F}.Release|Any CPU.ActiveCfg = Release|Any CPU
		{FB1B9BDC-EF8B-4AA1-882F-BF5AC3912D3F}.Release|Any CPU.Build.0 = Release|Any CPU
		{FB1B9BDC-EF8B-4AA1-882F-BF5AC3912D3F}.Release|Mixed Platforms.ActiveCfg = Release|Any CPU
		{FB1B9BDC-EF8B-4AA1-882F-BF5AC3912D3F}.Release|Mixed Platforms.Build.0 = Release|Any CPU
		{FB1B9BDC-EF8B-4AA1-882F-BF5AC3912D3F}.Release|Win32.ActiveCfg = Release|Any CPU
		{FB1B9BDC-EF8B-4AA1-882F-BF5AC3912D3F}.Release|x86.ActiveCfg = Release|Any CPU
		{B69C5D68-264F-483F-AB05-726B3C3FB1B1}.Debug|Any CPU.ActiveCfg = Debug|Any CPU
		{B69C5D68-264F-483F-AB05-726B3C3FB1B1}.Debug|Any CPU.Build.0 = Debug|Any CPU
		{B69C5D68-264F-483F-AB05-726B3C3FB1B1}.Debug|Mixed Platforms.ActiveCfg = Debug|Any CPU
		{B69C5D68-264F-483F-AB05-726B3C3FB1B1}.Debug|Mixed Platforms.Build.0 = Debug|Any CPU
		{B69C5D68-264F-483F-AB05-726B3C3FB1B1}.Debug|Win32.ActiveCfg = Debug|Any CPU
		{B69C5D68-264F-483F-AB05-726B3C3FB1B1}.Debug|x86.ActiveCfg = Debug|Any CPU
		{B69C5D68-264F-483F-AB05-726B3C3FB1B1}.Release|Any CPU.ActiveCfg = Release|Any CPU
		{B69C5D68-264F-483F-AB05-726B3C3FB1B1}.Release|Any CPU.Build.0 = Release|Any CPU
		{B69C5D68-264F-483F-AB05-726B3C3FB1B1}.Release|Mixed Platforms.ActiveCfg = Release|Any CPU
		{B69C5D68-264F-483F-AB05-726B3C3FB1B1}.Release|Mixed Platforms.Build.0 = Release|Any CPU
		{B69C5D68-264F-483F-AB05-726B3C3FB1B1}.Release|Win32.ActiveCfg = Release|Any CPU
		{B69C5D68-264F-483F-AB05-726B3C3FB1B1}.Release|x86.ActiveCfg = Release|Any CPU
		{D1C65B7E-8F0E-497A-A6A2-4CD36175219C}.Debug|Any CPU.ActiveCfg = Debug|Any CPU
		{D1C65B7E-8F0E-497A-A6A2-4CD36175219C}.Debug|Any CPU.Build.0 = Debug|Any CPU
		{D1C65B7E-8F0E-497A-A6A2-4CD36175219C}.Debug|Mixed Platforms.ActiveCfg = Debug|Any CPU
		{D1C65B7E-8F0E-497A-A6A2-4CD36175219C}.Debug|Mixed Platforms.Build.0 = Debug|Any CPU
		{D1C65B7E-8F0E-497A-A6A2-4CD36175219C}.Debug|Win32.ActiveCfg = Debug|Any CPU
		{D1C65B7E-8F0E-497A-A6A2-4CD36175219C}.Debug|x86.ActiveCfg = Debug|Any CPU
		{D1C65B7E-8F0E-497A-A6A2-4CD36175219C}.Release|Any CPU.ActiveCfg = Release|Any CPU
		{D1C65B7E-8F0E-497A-A6A2-4CD36175219C}.Release|Any CPU.Build.0 = Release|Any CPU
		{D1C65B7E-8F0E-497A-A6A2-4CD36175219C}.Release|Mixed Platforms.ActiveCfg = Release|Any CPU
		{D1C65B7E-8F0E-497A-A6A2-4CD36175219C}.Release|Mixed Platforms.Build.0 = Release|Any CPU
		{D1C65B7E-8F0E-497A-A6A2-4CD36175219C}.Release|Win32.ActiveCfg = Release|Any CPU
		{D1C65B7E-8F0E-497A-A6A2-4CD36175219C}.Release|x86.ActiveCfg = Release|Any CPU
		{C3E92F5A-82F6-4079-9B9E-066CA7ECF017}.Debug|Any CPU.ActiveCfg = Debug|Any CPU
		{C3E92F5A-82F6-4079-9B9E-066CA7ECF017}.Debug|Any CPU.Build.0 = Debug|Any CPU
		{C3E92F5A-82F6-4079-9B9E-066CA7ECF017}.Debug|Mixed Platforms.ActiveCfg = Debug|Any CPU
		{C3E92F5A-82F6-4079-9B9E-066CA7ECF017}.Debug|Mixed Platforms.Build.0 = Debug|Any CPU
		{C3E92F5A-82F6-4079-9B9E-066CA7ECF017}.Debug|Win32.ActiveCfg = Debug|Any CPU
		{C3E92F5A-82F6-4079-9B9E-066CA7ECF017}.Debug|x86.ActiveCfg = Debug|Any CPU
		{C3E92F5A-82F6-4079-9B9E-066CA7ECF017}.Release|Any CPU.ActiveCfg = Release|Any CPU
		{C3E92F5A-82F6-4079-9B9E-066CA7ECF017}.Release|Any CPU.Build.0 = Release|Any CPU
		{C3E92F5A-82F6-4079-9B9E-066CA7ECF017}.Release|Mixed Platforms.ActiveCfg = Release|Any CPU
		{C3E92F5A-82F6-4079-9B9E-066CA7ECF017}.Release|Mixed Platforms.Build.0 = Release|Any CPU
		{C3E92F5A-82F6-4079-9B9E-066CA7ECF017}.Release|Win32.ActiveCfg = Release|Any CPU
		{C3E92F5A-82F6-4079-9B9E-066CA7ECF017}.Release|x86.ActiveCfg = Release|Any CPU
		{DF253C73-7632-476E-B760-DEBA6D306E69}.Debug|Any CPU.ActiveCfg = Debug|Any CPU
		{DF253C73-7632-476E-B760-DEBA6D306E69}.Debug|Any CPU.Build.0 = Debug|Any CPU
		{DF253C73-7632-476E-B760-DEBA6D306E69}.Debug|Mixed Platforms.ActiveCfg = Debug|Any CPU
		{DF253C73-7632-476E-B760-DEBA6D306E69}.Debug|Mixed Platforms.Build.0 = Debug|Any CPU
		{DF253C73-7632-476E-B760-DEBA6D306E69}.Debug|Win32.ActiveCfg = Debug|Any CPU
		{DF253C73-7632-476E-B760-DEBA6D306E69}.Debug|x86.ActiveCfg = Debug|Any CPU
		{DF253C73-7632-476E-B760-DEBA6D306E69}.Release|Any CPU.ActiveCfg = Release|Any CPU
		{DF253C73-7632-476E-B760-DEBA6D306E69}.Release|Any CPU.Build.0 = Release|Any CPU
		{DF253C73-7632-476E-B760-DEBA6D306E69}.Release|Mixed Platforms.ActiveCfg = Release|Any CPU
		{DF253C73-7632-476E-B760-DEBA6D306E69}.Release|Mixed Platforms.Build.0 = Release|Any CPU
		{DF253C73-7632-476E-B760-DEBA6D306E69}.Release|Win32.ActiveCfg = Release|Any CPU
		{DF253C73-7632-476E-B760-DEBA6D306E69}.Release|x86.ActiveCfg = Release|Any CPU
		{25241B90-0CC2-4F25-B794-21DFE6A6FBF0}.Debug|Any CPU.ActiveCfg = Debug|Any CPU
		{25241B90-0CC2-4F25-B794-21DFE6A6FBF0}.Debug|Any CPU.Build.0 = Debug|Any CPU
		{25241B90-0CC2-4F25-B794-21DFE6A6FBF0}.Debug|Mixed Platforms.ActiveCfg = Debug|Any CPU
		{25241B90-0CC2-4F25-B794-21DFE6A6FBF0}.Debug|Mixed Platforms.Build.0 = Debug|Any CPU
		{25241B90-0CC2-4F25-B794-21DFE6A6FBF0}.Debug|Win32.ActiveCfg = Debug|Any CPU
		{25241B90-0CC2-4F25-B794-21DFE6A6FBF0}.Debug|x86.ActiveCfg = Debug|Any CPU
		{25241B90-0CC2-4F25-B794-21DFE6A6FBF0}.Release|Any CPU.ActiveCfg = Release|Any CPU
		{25241B90-0CC2-4F25-B794-21DFE6A6FBF0}.Release|Any CPU.Build.0 = Release|Any CPU
		{25241B90-0CC2-4F25-B794-21DFE6A6FBF0}.Release|Mixed Platforms.ActiveCfg = Release|Any CPU
		{25241B90-0CC2-4F25-B794-21DFE6A6FBF0}.Release|Mixed Platforms.Build.0 = Release|Any CPU
		{25241B90-0CC2-4F25-B794-21DFE6A6FBF0}.Release|Win32.ActiveCfg = Release|Any CPU
		{25241B90-0CC2-4F25-B794-21DFE6A6FBF0}.Release|x86.ActiveCfg = Release|Any CPU
		{CFFB2A00-E7BF-4E0C-B69A-7804C13EB5F3}.Debug|Any CPU.ActiveCfg = Debug|Any CPU
		{CFFB2A00-E7BF-4E0C-B69A-7804C13EB5F3}.Debug|Any CPU.Build.0 = Debug|Any CPU
		{CFFB2A00-E7BF-4E0C-B69A-7804C13EB5F3}.Debug|Mixed Platforms.ActiveCfg = Debug|Any CPU
		{CFFB2A00-E7BF-4E0C-B69A-7804C13EB5F3}.Debug|Mixed Platforms.Build.0 = Debug|Any CPU
		{CFFB2A00-E7BF-4E0C-B69A-7804C13EB5F3}.Debug|Win32.ActiveCfg = Debug|Any CPU
		{CFFB2A00-E7BF-4E0C-B69A-7804C13EB5F3}.Debug|x86.ActiveCfg = Debug|Any CPU
		{CFFB2A00-E7BF-4E0C-B69A-7804C13EB5F3}.Release|Any CPU.ActiveCfg = Release|Any CPU
		{CFFB2A00-E7BF-4E0C-B69A-7804C13EB5F3}.Release|Any CPU.Build.0 = Release|Any CPU
		{CFFB2A00-E7BF-4E0C-B69A-7804C13EB5F3}.Release|Mixed Platforms.ActiveCfg = Release|Any CPU
		{CFFB2A00-E7BF-4E0C-B69A-7804C13EB5F3}.Release|Mixed Platforms.Build.0 = Release|Any CPU
		{CFFB2A00-E7BF-4E0C-B69A-7804C13EB5F3}.Release|Win32.ActiveCfg = Release|Any CPU
		{CFFB2A00-E7BF-4E0C-B69A-7804C13EB5F3}.Release|x86.ActiveCfg = Release|Any CPU
		{2D7B3C9F-1F19-41EA-9538-AE5D4B11388A}.Debug|Any CPU.ActiveCfg = Debug|Any CPU
		{2D7B3C9F-1F19-41EA-9538-AE5D4B11388A}.Debug|Any CPU.Build.0 = Debug|Any CPU
		{2D7B3C9F-1F19-41EA-9538-AE5D4B11388A}.Debug|Mixed Platforms.ActiveCfg = Debug|Any CPU
		{2D7B3C9F-1F19-41EA-9538-AE5D4B11388A}.Debug|Mixed Platforms.Build.0 = Debug|Any CPU
		{2D7B3C9F-1F19-41EA-9538-AE5D4B11388A}.Debug|Win32.ActiveCfg = Debug|Any CPU
		{2D7B3C9F-1F19-41EA-9538-AE5D4B11388A}.Debug|x86.ActiveCfg = Debug|Any CPU
		{2D7B3C9F-1F19-41EA-9538-AE5D4B11388A}.Release|Any CPU.ActiveCfg = Release|Any CPU
		{2D7B3C9F-1F19-41EA-9538-AE5D4B11388A}.Release|Any CPU.Build.0 = Release|Any CPU
		{2D7B3C9F-1F19-41EA-9538-AE5D4B11388A}.Release|Mixed Platforms.ActiveCfg = Release|Any CPU
		{2D7B3C9F-1F19-41EA-9538-AE5D4B11388A}.Release|Mixed Platforms.Build.0 = Release|Any CPU
		{2D7B3C9F-1F19-41EA-9538-AE5D4B11388A}.Release|Win32.ActiveCfg = Release|Any CPU
		{2D7B3C9F-1F19-41EA-9538-AE5D4B11388A}.Release|x86.ActiveCfg = Release|Any CPU
		{61D5AD6B-55A2-4EEC-9F4B-DAD0FF7F7C01}.Debug|Any CPU.ActiveCfg = Debug|Any CPU
		{61D5AD6B-55A2-4EEC-9F4B-DAD0FF7F7C01}.Debug|Any CPU.Build.0 = Debug|Any CPU
		{61D5AD6B-55A2-4EEC-9F4B-DAD0FF7F7C01}.Debug|Mixed Platforms.ActiveCfg = Debug|Any CPU
		{61D5AD6B-55A2-4EEC-9F4B-DAD0FF7F7C01}.Debug|Mixed Platforms.Build.0 = Debug|Any CPU
		{61D5AD6B-55A2-4EEC-9F4B-DAD0FF7F7C01}.Debug|Win32.ActiveCfg = Debug|Any CPU
		{61D5AD6B-55A2-4EEC-9F4B-DAD0FF7F7C01}.Debug|x86.ActiveCfg = Debug|Any CPU
		{61D5AD6B-55A2-4EEC-9F4B-DAD0FF7F7C01}.Release|Any CPU.ActiveCfg = Release|Any CPU
		{61D5AD6B-55A2-4EEC-9F4B-DAD0FF7F7C01}.Release|Any CPU.Build.0 = Release|Any CPU
		{61D5AD6B-55A2-4EEC-9F4B-DAD0FF7F7C01}.Release|Mixed Platforms.ActiveCfg = Release|Any CPU
		{61D5AD6B-55A2-4EEC-9F4B-DAD0FF7F7C01}.Release|Mixed Platforms.Build.0 = Release|Any CPU
		{61D5AD6B-55A2-4EEC-9F4B-DAD0FF7F7C01}.Release|Win32.ActiveCfg = Release|Any CPU
		{61D5AD6B-55A2-4EEC-9F4B-DAD0FF7F7C01}.Release|x86.ActiveCfg = Release|Any CPU
		{1696D4A9-E2DA-41B1-8A5A-CAE3E0F0F724}.Debug|Any CPU.ActiveCfg = Debug|Any CPU
		{1696D4A9-E2DA-41B1-8A5A-CAE3E0F0F724}.Debug|Any CPU.Build.0 = Debug|Any CPU
		{1696D4A9-E2DA-41B1-8A5A-CAE3E0F0F724}.Debug|Mixed Platforms.ActiveCfg = Debug|Any CPU
		{1696D4A9-E2DA-41B1-8A5A-CAE3E0F0F724}.Debug|Mixed Platforms.Build.0 = Debug|Any CPU
		{1696D4A9-E2DA-41B1-8A5A-CAE3E0F0F724}.Debug|Win32.ActiveCfg = Debug|Any CPU
		{1696D4A9-E2DA-41B1-8A5A-CAE3E0F0F724}.Debug|x86.ActiveCfg = Debug|Any CPU
		{1696D4A9-E2DA-41B1-8A5A-CAE3E0F0F724}.Release|Any CPU.ActiveCfg = Release|Any CPU
		{1696D4A9-E2DA-41B1-8A5A-CAE3E0F0F724}.Release|Any CPU.Build.0 = Release|Any CPU
		{1696D4A9-E2DA-41B1-8A5A-CAE3E0F0F724}.Release|Mixed Platforms.ActiveCfg = Release|Any CPU
		{1696D4A9-E2DA-41B1-8A5A-CAE3E0F0F724}.Release|Mixed Platforms.Build.0 = Release|Any CPU
		{1696D4A9-E2DA-41B1-8A5A-CAE3E0F0F724}.Release|Win32.ActiveCfg = Release|Any CPU
		{1696D4A9-E2DA-41B1-8A5A-CAE3E0F0F724}.Release|x86.ActiveCfg = Release|Any CPU
		{9912F375-BB2D-435C-8FF6-F2933C212A4B}.Debug|Any CPU.ActiveCfg = Debug|Any CPU
		{9912F375-BB2D-435C-8FF6-F2933C212A4B}.Debug|Any CPU.Build.0 = Debug|Any CPU
		{9912F375-BB2D-435C-8FF6-F2933C212A4B}.Debug|Mixed Platforms.ActiveCfg = Debug|Any CPU
		{9912F375-BB2D-435C-8FF6-F2933C212A4B}.Debug|Mixed Platforms.Build.0 = Debug|Any CPU
		{9912F375-BB2D-435C-8FF6-F2933C212A4B}.Debug|Win32.ActiveCfg = Debug|Any CPU
		{9912F375-BB2D-435C-8FF6-F2933C212A4B}.Debug|x86.ActiveCfg = Debug|Any CPU
		{9912F375-BB2D-435C-8FF6-F2933C212A4B}.Release|Any CPU.ActiveCfg = Release|Any CPU
		{9912F375-BB2D-435C-8FF6-F2933C212A4B}.Release|Any CPU.Build.0 = Release|Any CPU
		{9912F375-BB2D-435C-8FF6-F2933C212A4B}.Release|Mixed Platforms.ActiveCfg = Release|Any CPU
		{9912F375-BB2D-435C-8FF6-F2933C212A4B}.Release|Mixed Platforms.Build.0 = Release|Any CPU
		{9912F375-BB2D-435C-8FF6-F2933C212A4B}.Release|Win32.ActiveCfg = Release|Any CPU
		{9912F375-BB2D-435C-8FF6-F2933C212A4B}.Release|x86.ActiveCfg = Release|Any CPU
		{22FDE0A4-0B9E-4586-A9E7-15AA3A72D35B}.Debug|Any CPU.ActiveCfg = Debug|Any CPU
		{22FDE0A4-0B9E-4586-A9E7-15AA3A72D35B}.Debug|Any CPU.Build.0 = Debug|Any CPU
		{22FDE0A4-0B9E-4586-A9E7-15AA3A72D35B}.Debug|Mixed Platforms.ActiveCfg = Debug|Any CPU
		{22FDE0A4-0B9E-4586-A9E7-15AA3A72D35B}.Debug|Mixed Platforms.Build.0 = Debug|Any CPU
		{22FDE0A4-0B9E-4586-A9E7-15AA3A72D35B}.Debug|Win32.ActiveCfg = Debug|Any CPU
		{22FDE0A4-0B9E-4586-A9E7-15AA3A72D35B}.Debug|Win32.Build.0 = Debug|Any CPU
		{22FDE0A4-0B9E-4586-A9E7-15AA3A72D35B}.Debug|x86.ActiveCfg = Debug|Any CPU
		{22FDE0A4-0B9E-4586-A9E7-15AA3A72D35B}.Debug|x86.Build.0 = Debug|Any CPU
		{22FDE0A4-0B9E-4586-A9E7-15AA3A72D35B}.Release|Any CPU.ActiveCfg = Release|Any CPU
		{22FDE0A4-0B9E-4586-A9E7-15AA3A72D35B}.Release|Any CPU.Build.0 = Release|Any CPU
		{22FDE0A4-0B9E-4586-A9E7-15AA3A72D35B}.Release|Mixed Platforms.ActiveCfg = Release|Any CPU
		{22FDE0A4-0B9E-4586-A9E7-15AA3A72D35B}.Release|Mixed Platforms.Build.0 = Release|Any CPU
		{22FDE0A4-0B9E-4586-A9E7-15AA3A72D35B}.Release|Win32.ActiveCfg = Release|Any CPU
		{22FDE0A4-0B9E-4586-A9E7-15AA3A72D35B}.Release|Win32.Build.0 = Release|Any CPU
		{22FDE0A4-0B9E-4586-A9E7-15AA3A72D35B}.Release|x86.ActiveCfg = Release|Any CPU
		{22FDE0A4-0B9E-4586-A9E7-15AA3A72D35B}.Release|x86.Build.0 = Release|Any CPU
		{01AEB165-62FC-433F-B3D3-F68BE0E2DBFC}.Debug|Any CPU.ActiveCfg = Debug|Any CPU
		{01AEB165-62FC-433F-B3D3-F68BE0E2DBFC}.Debug|Any CPU.Build.0 = Debug|Any CPU
		{01AEB165-62FC-433F-B3D3-F68BE0E2DBFC}.Debug|Mixed Platforms.ActiveCfg = Debug|Any CPU
		{01AEB165-62FC-433F-B3D3-F68BE0E2DBFC}.Debug|Mixed Platforms.Build.0 = Debug|Any CPU
		{01AEB165-62FC-433F-B3D3-F68BE0E2DBFC}.Debug|Win32.ActiveCfg = Debug|Any CPU
		{01AEB165-62FC-433F-B3D3-F68BE0E2DBFC}.Debug|x86.ActiveCfg = Debug|Any CPU
		{01AEB165-62FC-433F-B3D3-F68BE0E2DBFC}.Release|Any CPU.ActiveCfg = Release|Any CPU
		{01AEB165-62FC-433F-B3D3-F68BE0E2DBFC}.Release|Any CPU.Build.0 = Release|Any CPU
		{01AEB165-62FC-433F-B3D3-F68BE0E2DBFC}.Release|Mixed Platforms.ActiveCfg = Release|Any CPU
		{01AEB165-62FC-433F-B3D3-F68BE0E2DBFC}.Release|Mixed Platforms.Build.0 = Release|Any CPU
		{01AEB165-62FC-433F-B3D3-F68BE0E2DBFC}.Release|Win32.ActiveCfg = Release|Any CPU
		{01AEB165-62FC-433F-B3D3-F68BE0E2DBFC}.Release|x86.ActiveCfg = Release|Any CPU
		{3588ACB4-0203-478E-A25D-A1C64458D023}.Debug|Any CPU.ActiveCfg = Debug|Any CPU
		{3588ACB4-0203-478E-A25D-A1C64458D023}.Debug|Any CPU.Build.0 = Debug|Any CPU
		{3588ACB4-0203-478E-A25D-A1C64458D023}.Debug|Mixed Platforms.ActiveCfg = Debug|Any CPU
		{3588ACB4-0203-478E-A25D-A1C64458D023}.Debug|Mixed Platforms.Build.0 = Debug|Any CPU
		{3588ACB4-0203-478E-A25D-A1C64458D023}.Debug|Win32.ActiveCfg = Debug|Any CPU
		{3588ACB4-0203-478E-A25D-A1C64458D023}.Debug|x86.ActiveCfg = Debug|Any CPU
		{3588ACB4-0203-478E-A25D-A1C64458D023}.Release|Any CPU.ActiveCfg = Release|Any CPU
		{3588ACB4-0203-478E-A25D-A1C64458D023}.Release|Any CPU.Build.0 = Release|Any CPU
		{3588ACB4-0203-478E-A25D-A1C64458D023}.Release|Mixed Platforms.ActiveCfg = Release|Any CPU
		{3588ACB4-0203-478E-A25D-A1C64458D023}.Release|Mixed Platforms.Build.0 = Release|Any CPU
		{3588ACB4-0203-478E-A25D-A1C64458D023}.Release|Win32.ActiveCfg = Release|Any CPU
		{3588ACB4-0203-478E-A25D-A1C64458D023}.Release|x86.ActiveCfg = Release|Any CPU
		{B55EDF1F-DE3F-4E00-A359-0D56BE67E197}.Debug|Any CPU.ActiveCfg = Debug|Any CPU
		{B55EDF1F-DE3F-4E00-A359-0D56BE67E197}.Debug|Any CPU.Build.0 = Debug|Any CPU
		{B55EDF1F-DE3F-4E00-A359-0D56BE67E197}.Debug|Mixed Platforms.ActiveCfg = Debug|Any CPU
		{B55EDF1F-DE3F-4E00-A359-0D56BE67E197}.Debug|Mixed Platforms.Build.0 = Debug|Any CPU
		{B55EDF1F-DE3F-4E00-A359-0D56BE67E197}.Debug|Win32.ActiveCfg = Debug|Any CPU
		{B55EDF1F-DE3F-4E00-A359-0D56BE67E197}.Debug|x86.ActiveCfg = Debug|Any CPU
		{B55EDF1F-DE3F-4E00-A359-0D56BE67E197}.Release|Any CPU.ActiveCfg = Release|Any CPU
		{B55EDF1F-DE3F-4E00-A359-0D56BE67E197}.Release|Any CPU.Build.0 = Release|Any CPU
		{B55EDF1F-DE3F-4E00-A359-0D56BE67E197}.Release|Mixed Platforms.ActiveCfg = Release|Any CPU
		{B55EDF1F-DE3F-4E00-A359-0D56BE67E197}.Release|Mixed Platforms.Build.0 = Release|Any CPU
		{B55EDF1F-DE3F-4E00-A359-0D56BE67E197}.Release|Win32.ActiveCfg = Release|Any CPU
		{B55EDF1F-DE3F-4E00-A359-0D56BE67E197}.Release|x86.ActiveCfg = Release|Any CPU
		{71FDD616-E12E-474E-A996-575A187824E2}.Debug|Any CPU.ActiveCfg = Debug|Any CPU
		{71FDD616-E12E-474E-A996-575A187824E2}.Debug|Any CPU.Build.0 = Debug|Any CPU
		{71FDD616-E12E-474E-A996-575A187824E2}.Debug|Mixed Platforms.ActiveCfg = Debug|Any CPU
		{71FDD616-E12E-474E-A996-575A187824E2}.Debug|Mixed Platforms.Build.0 = Debug|Any CPU
		{71FDD616-E12E-474E-A996-575A187824E2}.Debug|Win32.ActiveCfg = Debug|Any CPU
		{71FDD616-E12E-474E-A996-575A187824E2}.Debug|x86.ActiveCfg = Debug|Any CPU
		{71FDD616-E12E-474E-A996-575A187824E2}.Release|Any CPU.ActiveCfg = Release|Any CPU
		{71FDD616-E12E-474E-A996-575A187824E2}.Release|Any CPU.Build.0 = Release|Any CPU
		{71FDD616-E12E-474E-A996-575A187824E2}.Release|Mixed Platforms.ActiveCfg = Release|Any CPU
		{71FDD616-E12E-474E-A996-575A187824E2}.Release|Mixed Platforms.Build.0 = Release|Any CPU
		{71FDD616-E12E-474E-A996-575A187824E2}.Release|Win32.ActiveCfg = Release|Any CPU
		{71FDD616-E12E-474E-A996-575A187824E2}.Release|x86.ActiveCfg = Release|Any CPU
		{02217AE2-239B-414E-84F5-F32BB1C751F8}.Debug|Any CPU.ActiveCfg = Debug|Any CPU
		{02217AE2-239B-414E-84F5-F32BB1C751F8}.Debug|Any CPU.Build.0 = Debug|Any CPU
		{02217AE2-239B-414E-84F5-F32BB1C751F8}.Debug|Mixed Platforms.ActiveCfg = Debug|Any CPU
		{02217AE2-239B-414E-84F5-F32BB1C751F8}.Debug|Mixed Platforms.Build.0 = Debug|Any CPU
		{02217AE2-239B-414E-84F5-F32BB1C751F8}.Debug|Win32.ActiveCfg = Debug|Any CPU
		{02217AE2-239B-414E-84F5-F32BB1C751F8}.Debug|x86.ActiveCfg = Debug|Any CPU
		{02217AE2-239B-414E-84F5-F32BB1C751F8}.Release|Any CPU.ActiveCfg = Release|Any CPU
		{02217AE2-239B-414E-84F5-F32BB1C751F8}.Release|Any CPU.Build.0 = Release|Any CPU
		{02217AE2-239B-414E-84F5-F32BB1C751F8}.Release|Mixed Platforms.ActiveCfg = Release|Any CPU
		{02217AE2-239B-414E-84F5-F32BB1C751F8}.Release|Mixed Platforms.Build.0 = Release|Any CPU
		{02217AE2-239B-414E-84F5-F32BB1C751F8}.Release|Win32.ActiveCfg = Release|Any CPU
		{02217AE2-239B-414E-84F5-F32BB1C751F8}.Release|x86.ActiveCfg = Release|Any CPU
		{5CAA5C51-8250-4E6E-851F-FACE0951BEA9}.Debug|Any CPU.ActiveCfg = Debug|Any CPU
		{5CAA5C51-8250-4E6E-851F-FACE0951BEA9}.Debug|Any CPU.Build.0 = Debug|Any CPU
		{5CAA5C51-8250-4E6E-851F-FACE0951BEA9}.Debug|Mixed Platforms.ActiveCfg = Debug|Any CPU
		{5CAA5C51-8250-4E6E-851F-FACE0951BEA9}.Debug|Mixed Platforms.Build.0 = Debug|Any CPU
		{5CAA5C51-8250-4E6E-851F-FACE0951BEA9}.Debug|Win32.ActiveCfg = Debug|Any CPU
		{5CAA5C51-8250-4E6E-851F-FACE0951BEA9}.Debug|x86.ActiveCfg = Debug|Any CPU
		{5CAA5C51-8250-4E6E-851F-FACE0951BEA9}.Release|Any CPU.ActiveCfg = Release|Any CPU
		{5CAA5C51-8250-4E6E-851F-FACE0951BEA9}.Release|Any CPU.Build.0 = Release|Any CPU
		{5CAA5C51-8250-4E6E-851F-FACE0951BEA9}.Release|Mixed Platforms.ActiveCfg = Release|Any CPU
		{5CAA5C51-8250-4E6E-851F-FACE0951BEA9}.Release|Mixed Platforms.Build.0 = Release|Any CPU
		{5CAA5C51-8250-4E6E-851F-FACE0951BEA9}.Release|Win32.ActiveCfg = Release|Any CPU
		{5CAA5C51-8250-4E6E-851F-FACE0951BEA9}.Release|x86.ActiveCfg = Release|Any CPU
		{66147F76-9D76-46A6-8FCE-1BBE317A6093}.Debug|Any CPU.ActiveCfg = Debug|Any CPU
		{66147F76-9D76-46A6-8FCE-1BBE317A6093}.Debug|Any CPU.Build.0 = Debug|Any CPU
		{66147F76-9D76-46A6-8FCE-1BBE317A6093}.Debug|Mixed Platforms.ActiveCfg = Debug|Any CPU
		{66147F76-9D76-46A6-8FCE-1BBE317A6093}.Debug|Mixed Platforms.Build.0 = Debug|Any CPU
		{66147F76-9D76-46A6-8FCE-1BBE317A6093}.Debug|Win32.ActiveCfg = Debug|Any CPU
		{66147F76-9D76-46A6-8FCE-1BBE317A6093}.Debug|Win32.Build.0 = Debug|Any CPU
		{66147F76-9D76-46A6-8FCE-1BBE317A6093}.Debug|x86.ActiveCfg = Debug|Any CPU
		{66147F76-9D76-46A6-8FCE-1BBE317A6093}.Debug|x86.Build.0 = Debug|Any CPU
		{66147F76-9D76-46A6-8FCE-1BBE317A6093}.Release|Any CPU.ActiveCfg = Release|Any CPU
		{66147F76-9D76-46A6-8FCE-1BBE317A6093}.Release|Any CPU.Build.0 = Release|Any CPU
		{66147F76-9D76-46A6-8FCE-1BBE317A6093}.Release|Mixed Platforms.ActiveCfg = Release|Any CPU
		{66147F76-9D76-46A6-8FCE-1BBE317A6093}.Release|Mixed Platforms.Build.0 = Release|Any CPU
		{66147F76-9D76-46A6-8FCE-1BBE317A6093}.Release|Win32.ActiveCfg = Release|Any CPU
		{66147F76-9D76-46A6-8FCE-1BBE317A6093}.Release|Win32.Build.0 = Release|Any CPU
		{66147F76-9D76-46A6-8FCE-1BBE317A6093}.Release|x86.ActiveCfg = Release|Any CPU
		{66147F76-9D76-46A6-8FCE-1BBE317A6093}.Release|x86.Build.0 = Release|Any CPU
		{BAAC24EC-57C1-4108-94BA-40FC0977762A}.Debug|Any CPU.ActiveCfg = Debug|Any CPU
		{BAAC24EC-57C1-4108-94BA-40FC0977762A}.Debug|Any CPU.Build.0 = Debug|Any CPU
		{BAAC24EC-57C1-4108-94BA-40FC0977762A}.Debug|Mixed Platforms.ActiveCfg = Debug|Any CPU
		{BAAC24EC-57C1-4108-94BA-40FC0977762A}.Debug|Mixed Platforms.Build.0 = Debug|Any CPU
		{BAAC24EC-57C1-4108-94BA-40FC0977762A}.Debug|Win32.ActiveCfg = Debug|Any CPU
		{BAAC24EC-57C1-4108-94BA-40FC0977762A}.Debug|Win32.Build.0 = Debug|Any CPU
		{BAAC24EC-57C1-4108-94BA-40FC0977762A}.Debug|x86.ActiveCfg = Debug|Any CPU
		{BAAC24EC-57C1-4108-94BA-40FC0977762A}.Debug|x86.Build.0 = Debug|Any CPU
		{BAAC24EC-57C1-4108-94BA-40FC0977762A}.Release|Any CPU.ActiveCfg = Release|Any CPU
		{BAAC24EC-57C1-4108-94BA-40FC0977762A}.Release|Any CPU.Build.0 = Release|Any CPU
		{BAAC24EC-57C1-4108-94BA-40FC0977762A}.Release|Mixed Platforms.ActiveCfg = Release|Any CPU
		{BAAC24EC-57C1-4108-94BA-40FC0977762A}.Release|Mixed Platforms.Build.0 = Release|Any CPU
		{BAAC24EC-57C1-4108-94BA-40FC0977762A}.Release|Win32.ActiveCfg = Release|Any CPU
		{BAAC24EC-57C1-4108-94BA-40FC0977762A}.Release|Win32.Build.0 = Release|Any CPU
		{BAAC24EC-57C1-4108-94BA-40FC0977762A}.Release|x86.ActiveCfg = Release|Any CPU
		{BAAC24EC-57C1-4108-94BA-40FC0977762A}.Release|x86.Build.0 = Release|Any CPU
		{4E9327EF-2D32-4E12-8D20-1EE8AF68A1B0}.Debug|Any CPU.ActiveCfg = Debug|Any CPU
		{4E9327EF-2D32-4E12-8D20-1EE8AF68A1B0}.Debug|Any CPU.Build.0 = Debug|Any CPU
		{4E9327EF-2D32-4E12-8D20-1EE8AF68A1B0}.Debug|Mixed Platforms.ActiveCfg = Debug|Any CPU
		{4E9327EF-2D32-4E12-8D20-1EE8AF68A1B0}.Debug|Mixed Platforms.Build.0 = Debug|Any CPU
		{4E9327EF-2D32-4E12-8D20-1EE8AF68A1B0}.Debug|Win32.ActiveCfg = Debug|Any CPU
		{4E9327EF-2D32-4E12-8D20-1EE8AF68A1B0}.Debug|Win32.Build.0 = Debug|Any CPU
		{4E9327EF-2D32-4E12-8D20-1EE8AF68A1B0}.Debug|x86.ActiveCfg = Debug|Any CPU
		{4E9327EF-2D32-4E12-8D20-1EE8AF68A1B0}.Debug|x86.Build.0 = Debug|Any CPU
		{4E9327EF-2D32-4E12-8D20-1EE8AF68A1B0}.Release|Any CPU.ActiveCfg = Release|Any CPU
		{4E9327EF-2D32-4E12-8D20-1EE8AF68A1B0}.Release|Any CPU.Build.0 = Release|Any CPU
		{4E9327EF-2D32-4E12-8D20-1EE8AF68A1B0}.Release|Mixed Platforms.ActiveCfg = Release|Any CPU
		{4E9327EF-2D32-4E12-8D20-1EE8AF68A1B0}.Release|Mixed Platforms.Build.0 = Release|Any CPU
		{4E9327EF-2D32-4E12-8D20-1EE8AF68A1B0}.Release|Win32.ActiveCfg = Release|Any CPU
		{4E9327EF-2D32-4E12-8D20-1EE8AF68A1B0}.Release|Win32.Build.0 = Release|Any CPU
		{4E9327EF-2D32-4E12-8D20-1EE8AF68A1B0}.Release|x86.ActiveCfg = Release|Any CPU
		{4E9327EF-2D32-4E12-8D20-1EE8AF68A1B0}.Release|x86.Build.0 = Release|Any CPU
		{96D3E32A-0C40-4FDE-90CC-0EB0AC17E975}.Debug|Any CPU.ActiveCfg = Debug|Any CPU
		{96D3E32A-0C40-4FDE-90CC-0EB0AC17E975}.Debug|Any CPU.Build.0 = Debug|Any CPU
		{96D3E32A-0C40-4FDE-90CC-0EB0AC17E975}.Debug|Mixed Platforms.ActiveCfg = Debug|Any CPU
		{96D3E32A-0C40-4FDE-90CC-0EB0AC17E975}.Debug|Mixed Platforms.Build.0 = Debug|Any CPU
		{96D3E32A-0C40-4FDE-90CC-0EB0AC17E975}.Debug|Win32.ActiveCfg = Debug|Any CPU
		{96D3E32A-0C40-4FDE-90CC-0EB0AC17E975}.Debug|Win32.Build.0 = Debug|Any CPU
		{96D3E32A-0C40-4FDE-90CC-0EB0AC17E975}.Debug|x86.ActiveCfg = Debug|Any CPU
		{96D3E32A-0C40-4FDE-90CC-0EB0AC17E975}.Debug|x86.Build.0 = Debug|Any CPU
		{96D3E32A-0C40-4FDE-90CC-0EB0AC17E975}.Release|Any CPU.ActiveCfg = Release|Any CPU
		{96D3E32A-0C40-4FDE-90CC-0EB0AC17E975}.Release|Any CPU.Build.0 = Release|Any CPU
		{96D3E32A-0C40-4FDE-90CC-0EB0AC17E975}.Release|Mixed Platforms.ActiveCfg = Release|Any CPU
		{96D3E32A-0C40-4FDE-90CC-0EB0AC17E975}.Release|Mixed Platforms.Build.0 = Release|Any CPU
		{96D3E32A-0C40-4FDE-90CC-0EB0AC17E975}.Release|Win32.ActiveCfg = Release|Any CPU
		{96D3E32A-0C40-4FDE-90CC-0EB0AC17E975}.Release|Win32.Build.0 = Release|Any CPU
		{96D3E32A-0C40-4FDE-90CC-0EB0AC17E975}.Release|x86.ActiveCfg = Release|Any CPU
		{96D3E32A-0C40-4FDE-90CC-0EB0AC17E975}.Release|x86.Build.0 = Release|Any CPU
		{18FF2008-106F-48A6-BEFB-5F8B301354D0}.Debug|Any CPU.ActiveCfg = Debug|Any CPU
		{18FF2008-106F-48A6-BEFB-5F8B301354D0}.Debug|Any CPU.Build.0 = Debug|Any CPU
		{18FF2008-106F-48A6-BEFB-5F8B301354D0}.Debug|Mixed Platforms.ActiveCfg = Debug|Any CPU
		{18FF2008-106F-48A6-BEFB-5F8B301354D0}.Debug|Mixed Platforms.Build.0 = Debug|Any CPU
		{18FF2008-106F-48A6-BEFB-5F8B301354D0}.Debug|Win32.ActiveCfg = Debug|Any CPU
		{18FF2008-106F-48A6-BEFB-5F8B301354D0}.Debug|Win32.Build.0 = Debug|Any CPU
		{18FF2008-106F-48A6-BEFB-5F8B301354D0}.Debug|x86.ActiveCfg = Debug|Any CPU
		{18FF2008-106F-48A6-BEFB-5F8B301354D0}.Debug|x86.Build.0 = Debug|Any CPU
		{18FF2008-106F-48A6-BEFB-5F8B301354D0}.Release|Any CPU.ActiveCfg = Release|Any CPU
		{18FF2008-106F-48A6-BEFB-5F8B301354D0}.Release|Any CPU.Build.0 = Release|Any CPU
		{18FF2008-106F-48A6-BEFB-5F8B301354D0}.Release|Mixed Platforms.ActiveCfg = Release|Any CPU
		{18FF2008-106F-48A6-BEFB-5F8B301354D0}.Release|Mixed Platforms.Build.0 = Release|Any CPU
		{18FF2008-106F-48A6-BEFB-5F8B301354D0}.Release|Win32.ActiveCfg = Release|Any CPU
		{18FF2008-106F-48A6-BEFB-5F8B301354D0}.Release|Win32.Build.0 = Release|Any CPU
		{18FF2008-106F-48A6-BEFB-5F8B301354D0}.Release|x86.ActiveCfg = Release|Any CPU
		{18FF2008-106F-48A6-BEFB-5F8B301354D0}.Release|x86.Build.0 = Release|Any CPU
		{D1E7BBDD-D833-4DC1-AF39-287448612425}.Debug|Any CPU.ActiveCfg = Debug|Any CPU
		{D1E7BBDD-D833-4DC1-AF39-287448612425}.Debug|Any CPU.Build.0 = Debug|Any CPU
		{D1E7BBDD-D833-4DC1-AF39-287448612425}.Debug|Mixed Platforms.ActiveCfg = Debug|Any CPU
		{D1E7BBDD-D833-4DC1-AF39-287448612425}.Debug|Mixed Platforms.Build.0 = Debug|Any CPU
		{D1E7BBDD-D833-4DC1-AF39-287448612425}.Debug|Win32.ActiveCfg = Debug|Any CPU
		{D1E7BBDD-D833-4DC1-AF39-287448612425}.Debug|Win32.Build.0 = Debug|Any CPU
		{D1E7BBDD-D833-4DC1-AF39-287448612425}.Debug|x86.ActiveCfg = Debug|Any CPU
		{D1E7BBDD-D833-4DC1-AF39-287448612425}.Debug|x86.Build.0 = Debug|Any CPU
		{D1E7BBDD-D833-4DC1-AF39-287448612425}.Release|Any CPU.ActiveCfg = Release|Any CPU
		{D1E7BBDD-D833-4DC1-AF39-287448612425}.Release|Any CPU.Build.0 = Release|Any CPU
		{D1E7BBDD-D833-4DC1-AF39-287448612425}.Release|Mixed Platforms.ActiveCfg = Release|Any CPU
		{D1E7BBDD-D833-4DC1-AF39-287448612425}.Release|Mixed Platforms.Build.0 = Release|Any CPU
		{D1E7BBDD-D833-4DC1-AF39-287448612425}.Release|Win32.ActiveCfg = Release|Any CPU
		{D1E7BBDD-D833-4DC1-AF39-287448612425}.Release|Win32.Build.0 = Release|Any CPU
		{D1E7BBDD-D833-4DC1-AF39-287448612425}.Release|x86.ActiveCfg = Release|Any CPU
		{D1E7BBDD-D833-4DC1-AF39-287448612425}.Release|x86.Build.0 = Release|Any CPU
		{07954288-81A1-45B5-8D4A-349356FA8472}.Debug|Any CPU.ActiveCfg = Debug|Any CPU
		{07954288-81A1-45B5-8D4A-349356FA8472}.Debug|Any CPU.Build.0 = Debug|Any CPU
		{07954288-81A1-45B5-8D4A-349356FA8472}.Debug|Mixed Platforms.ActiveCfg = Debug|Any CPU
		{07954288-81A1-45B5-8D4A-349356FA8472}.Debug|Mixed Platforms.Build.0 = Debug|Any CPU
		{07954288-81A1-45B5-8D4A-349356FA8472}.Debug|Win32.ActiveCfg = Debug|Any CPU
		{07954288-81A1-45B5-8D4A-349356FA8472}.Debug|Win32.Build.0 = Debug|Any CPU
		{07954288-81A1-45B5-8D4A-349356FA8472}.Debug|x86.ActiveCfg = Debug|Any CPU
		{07954288-81A1-45B5-8D4A-349356FA8472}.Debug|x86.Build.0 = Debug|Any CPU
		{07954288-81A1-45B5-8D4A-349356FA8472}.Release|Any CPU.ActiveCfg = Release|Any CPU
		{07954288-81A1-45B5-8D4A-349356FA8472}.Release|Any CPU.Build.0 = Release|Any CPU
		{07954288-81A1-45B5-8D4A-349356FA8472}.Release|Mixed Platforms.ActiveCfg = Release|Any CPU
		{07954288-81A1-45B5-8D4A-349356FA8472}.Release|Mixed Platforms.Build.0 = Release|Any CPU
		{07954288-81A1-45B5-8D4A-349356FA8472}.Release|Win32.ActiveCfg = Release|Any CPU
		{07954288-81A1-45B5-8D4A-349356FA8472}.Release|Win32.Build.0 = Release|Any CPU
		{07954288-81A1-45B5-8D4A-349356FA8472}.Release|x86.ActiveCfg = Release|Any CPU
		{07954288-81A1-45B5-8D4A-349356FA8472}.Release|x86.Build.0 = Release|Any CPU
		{FB9A2752-D976-4D92-9974-0E9339D1FDD2}.Debug|Any CPU.ActiveCfg = Debug|Any CPU
		{FB9A2752-D976-4D92-9974-0E9339D1FDD2}.Debug|Any CPU.Build.0 = Debug|Any CPU
		{FB9A2752-D976-4D92-9974-0E9339D1FDD2}.Debug|Mixed Platforms.ActiveCfg = Debug|Any CPU
		{FB9A2752-D976-4D92-9974-0E9339D1FDD2}.Debug|Mixed Platforms.Build.0 = Debug|Any CPU
		{FB9A2752-D976-4D92-9974-0E9339D1FDD2}.Debug|Win32.ActiveCfg = Debug|Any CPU
		{FB9A2752-D976-4D92-9974-0E9339D1FDD2}.Debug|Win32.Build.0 = Debug|Any CPU
		{FB9A2752-D976-4D92-9974-0E9339D1FDD2}.Debug|x86.ActiveCfg = Debug|Any CPU
		{FB9A2752-D976-4D92-9974-0E9339D1FDD2}.Debug|x86.Build.0 = Debug|Any CPU
		{FB9A2752-D976-4D92-9974-0E9339D1FDD2}.Release|Any CPU.ActiveCfg = Release|Any CPU
		{FB9A2752-D976-4D92-9974-0E9339D1FDD2}.Release|Any CPU.Build.0 = Release|Any CPU
		{FB9A2752-D976-4D92-9974-0E9339D1FDD2}.Release|Mixed Platforms.ActiveCfg = Release|Any CPU
		{FB9A2752-D976-4D92-9974-0E9339D1FDD2}.Release|Mixed Platforms.Build.0 = Release|Any CPU
		{FB9A2752-D976-4D92-9974-0E9339D1FDD2}.Release|Win32.ActiveCfg = Release|Any CPU
		{FB9A2752-D976-4D92-9974-0E9339D1FDD2}.Release|Win32.Build.0 = Release|Any CPU
		{FB9A2752-D976-4D92-9974-0E9339D1FDD2}.Release|x86.ActiveCfg = Release|Any CPU
		{FB9A2752-D976-4D92-9974-0E9339D1FDD2}.Release|x86.Build.0 = Release|Any CPU
		{33D20616-2D3B-4693-8702-F2FAE1DBFBD5}.Debug|Any CPU.ActiveCfg = Debug|Any CPU
		{33D20616-2D3B-4693-8702-F2FAE1DBFBD5}.Debug|Any CPU.Build.0 = Debug|Any CPU
		{33D20616-2D3B-4693-8702-F2FAE1DBFBD5}.Debug|Mixed Platforms.ActiveCfg = Debug|Any CPU
		{33D20616-2D3B-4693-8702-F2FAE1DBFBD5}.Debug|Mixed Platforms.Build.0 = Debug|Any CPU
		{33D20616-2D3B-4693-8702-F2FAE1DBFBD5}.Debug|Win32.ActiveCfg = Debug|Any CPU
		{33D20616-2D3B-4693-8702-F2FAE1DBFBD5}.Debug|Win32.Build.0 = Debug|Any CPU
		{33D20616-2D3B-4693-8702-F2FAE1DBFBD5}.Debug|x86.ActiveCfg = Debug|Any CPU
		{33D20616-2D3B-4693-8702-F2FAE1DBFBD5}.Debug|x86.Build.0 = Debug|Any CPU
		{33D20616-2D3B-4693-8702-F2FAE1DBFBD5}.Release|Any CPU.ActiveCfg = Release|Any CPU
		{33D20616-2D3B-4693-8702-F2FAE1DBFBD5}.Release|Any CPU.Build.0 = Release|Any CPU
		{33D20616-2D3B-4693-8702-F2FAE1DBFBD5}.Release|Mixed Platforms.ActiveCfg = Release|Any CPU
		{33D20616-2D3B-4693-8702-F2FAE1DBFBD5}.Release|Mixed Platforms.Build.0 = Release|Any CPU
		{33D20616-2D3B-4693-8702-F2FAE1DBFBD5}.Release|Win32.ActiveCfg = Release|Any CPU
		{33D20616-2D3B-4693-8702-F2FAE1DBFBD5}.Release|Win32.Build.0 = Release|Any CPU
		{33D20616-2D3B-4693-8702-F2FAE1DBFBD5}.Release|x86.ActiveCfg = Release|Any CPU
		{33D20616-2D3B-4693-8702-F2FAE1DBFBD5}.Release|x86.Build.0 = Release|Any CPU
		{B4FED89C-AB92-4D90-B566-3604A43A998A}.Debug|Any CPU.ActiveCfg = Debug|Any CPU
		{B4FED89C-AB92-4D90-B566-3604A43A998A}.Debug|Any CPU.Build.0 = Debug|Any CPU
		{B4FED89C-AB92-4D90-B566-3604A43A998A}.Debug|Mixed Platforms.ActiveCfg = Debug|Any CPU
		{B4FED89C-AB92-4D90-B566-3604A43A998A}.Debug|Mixed Platforms.Build.0 = Debug|Any CPU
		{B4FED89C-AB92-4D90-B566-3604A43A998A}.Debug|Win32.ActiveCfg = Debug|Any CPU
		{B4FED89C-AB92-4D90-B566-3604A43A998A}.Debug|Win32.Build.0 = Debug|Any CPU
		{B4FED89C-AB92-4D90-B566-3604A43A998A}.Debug|x86.ActiveCfg = Debug|Any CPU
		{B4FED89C-AB92-4D90-B566-3604A43A998A}.Debug|x86.Build.0 = Debug|Any CPU
		{B4FED89C-AB92-4D90-B566-3604A43A998A}.Release|Any CPU.ActiveCfg = Release|Any CPU
		{B4FED89C-AB92-4D90-B566-3604A43A998A}.Release|Any CPU.Build.0 = Release|Any CPU
		{B4FED89C-AB92-4D90-B566-3604A43A998A}.Release|Mixed Platforms.ActiveCfg = Release|Any CPU
		{B4FED89C-AB92-4D90-B566-3604A43A998A}.Release|Mixed Platforms.Build.0 = Release|Any CPU
		{B4FED89C-AB92-4D90-B566-3604A43A998A}.Release|Win32.ActiveCfg = Release|Any CPU
		{B4FED89C-AB92-4D90-B566-3604A43A998A}.Release|Win32.Build.0 = Release|Any CPU
		{B4FED89C-AB92-4D90-B566-3604A43A998A}.Release|x86.ActiveCfg = Release|Any CPU
		{B4FED89C-AB92-4D90-B566-3604A43A998A}.Release|x86.Build.0 = Release|Any CPU
		{80B76267-F691-4549-9811-E94E057104CD}.Debug|Any CPU.ActiveCfg = Debug|Any CPU
		{80B76267-F691-4549-9811-E94E057104CD}.Debug|Any CPU.Build.0 = Debug|Any CPU
		{80B76267-F691-4549-9811-E94E057104CD}.Debug|Mixed Platforms.ActiveCfg = Debug|Any CPU
		{80B76267-F691-4549-9811-E94E057104CD}.Debug|Mixed Platforms.Build.0 = Debug|Any CPU
		{80B76267-F691-4549-9811-E94E057104CD}.Debug|Win32.ActiveCfg = Debug|Any CPU
		{80B76267-F691-4549-9811-E94E057104CD}.Debug|Win32.Build.0 = Debug|Any CPU
		{80B76267-F691-4549-9811-E94E057104CD}.Debug|x86.ActiveCfg = Debug|Any CPU
		{80B76267-F691-4549-9811-E94E057104CD}.Debug|x86.Build.0 = Debug|Any CPU
		{80B76267-F691-4549-9811-E94E057104CD}.Release|Any CPU.ActiveCfg = Release|Any CPU
		{80B76267-F691-4549-9811-E94E057104CD}.Release|Any CPU.Build.0 = Release|Any CPU
		{80B76267-F691-4549-9811-E94E057104CD}.Release|Mixed Platforms.ActiveCfg = Release|Any CPU
		{80B76267-F691-4549-9811-E94E057104CD}.Release|Mixed Platforms.Build.0 = Release|Any CPU
		{80B76267-F691-4549-9811-E94E057104CD}.Release|Win32.ActiveCfg = Release|Any CPU
		{80B76267-F691-4549-9811-E94E057104CD}.Release|Win32.Build.0 = Release|Any CPU
		{80B76267-F691-4549-9811-E94E057104CD}.Release|x86.ActiveCfg = Release|Any CPU
		{80B76267-F691-4549-9811-E94E057104CD}.Release|x86.Build.0 = Release|Any CPU
		{22FC3247-9A1A-4B57-89AB-CB53B90146FE}.Debug|Any CPU.ActiveCfg = Debug|Any CPU
		{22FC3247-9A1A-4B57-89AB-CB53B90146FE}.Debug|Any CPU.Build.0 = Debug|Any CPU
		{22FC3247-9A1A-4B57-89AB-CB53B90146FE}.Debug|Mixed Platforms.ActiveCfg = Debug|Any CPU
		{22FC3247-9A1A-4B57-89AB-CB53B90146FE}.Debug|Mixed Platforms.Build.0 = Debug|Any CPU
		{22FC3247-9A1A-4B57-89AB-CB53B90146FE}.Debug|Win32.ActiveCfg = Debug|Any CPU
		{22FC3247-9A1A-4B57-89AB-CB53B90146FE}.Debug|Win32.Build.0 = Debug|Any CPU
		{22FC3247-9A1A-4B57-89AB-CB53B90146FE}.Debug|x86.ActiveCfg = Debug|Any CPU
		{22FC3247-9A1A-4B57-89AB-CB53B90146FE}.Debug|x86.Build.0 = Debug|Any CPU
		{22FC3247-9A1A-4B57-89AB-CB53B90146FE}.Release|Any CPU.ActiveCfg = Release|Any CPU
		{22FC3247-9A1A-4B57-89AB-CB53B90146FE}.Release|Any CPU.Build.0 = Release|Any CPU
		{22FC3247-9A1A-4B57-89AB-CB53B90146FE}.Release|Mixed Platforms.ActiveCfg = Release|Any CPU
		{22FC3247-9A1A-4B57-89AB-CB53B90146FE}.Release|Mixed Platforms.Build.0 = Release|Any CPU
		{22FC3247-9A1A-4B57-89AB-CB53B90146FE}.Release|Win32.ActiveCfg = Release|Any CPU
		{22FC3247-9A1A-4B57-89AB-CB53B90146FE}.Release|Win32.Build.0 = Release|Any CPU
		{22FC3247-9A1A-4B57-89AB-CB53B90146FE}.Release|x86.ActiveCfg = Release|Any CPU
		{22FC3247-9A1A-4B57-89AB-CB53B90146FE}.Release|x86.Build.0 = Release|Any CPU
		{883A296E-C898-4D1F-9ED9-DE7569DEFB3D}.Debug|Any CPU.ActiveCfg = Debug|Any CPU
		{883A296E-C898-4D1F-9ED9-DE7569DEFB3D}.Debug|Any CPU.Build.0 = Debug|Any CPU
		{883A296E-C898-4D1F-9ED9-DE7569DEFB3D}.Debug|Mixed Platforms.ActiveCfg = Debug|Any CPU
		{883A296E-C898-4D1F-9ED9-DE7569DEFB3D}.Debug|Mixed Platforms.Build.0 = Debug|Any CPU
		{883A296E-C898-4D1F-9ED9-DE7569DEFB3D}.Debug|Win32.ActiveCfg = Debug|Any CPU
		{883A296E-C898-4D1F-9ED9-DE7569DEFB3D}.Debug|Win32.Build.0 = Debug|Any CPU
		{883A296E-C898-4D1F-9ED9-DE7569DEFB3D}.Debug|x86.ActiveCfg = Debug|Any CPU
		{883A296E-C898-4D1F-9ED9-DE7569DEFB3D}.Debug|x86.Build.0 = Debug|Any CPU
		{883A296E-C898-4D1F-9ED9-DE7569DEFB3D}.Release|Any CPU.ActiveCfg = Release|Any CPU
		{883A296E-C898-4D1F-9ED9-DE7569DEFB3D}.Release|Any CPU.Build.0 = Release|Any CPU
		{883A296E-C898-4D1F-9ED9-DE7569DEFB3D}.Release|Mixed Platforms.ActiveCfg = Release|Any CPU
		{883A296E-C898-4D1F-9ED9-DE7569DEFB3D}.Release|Mixed Platforms.Build.0 = Release|Any CPU
		{883A296E-C898-4D1F-9ED9-DE7569DEFB3D}.Release|Win32.ActiveCfg = Release|Any CPU
		{883A296E-C898-4D1F-9ED9-DE7569DEFB3D}.Release|Win32.Build.0 = Release|Any CPU
		{883A296E-C898-4D1F-9ED9-DE7569DEFB3D}.Release|x86.ActiveCfg = Release|Any CPU
		{883A296E-C898-4D1F-9ED9-DE7569DEFB3D}.Release|x86.Build.0 = Release|Any CPU
		{E4EA0F18-8A18-468C-82DF-15D6B0AFA6CC}.Debug|Any CPU.ActiveCfg = Debug|Any CPU
		{E4EA0F18-8A18-468C-82DF-15D6B0AFA6CC}.Debug|Any CPU.Build.0 = Debug|Any CPU
		{E4EA0F18-8A18-468C-82DF-15D6B0AFA6CC}.Debug|Mixed Platforms.ActiveCfg = Debug|Any CPU
		{E4EA0F18-8A18-468C-82DF-15D6B0AFA6CC}.Debug|Mixed Platforms.Build.0 = Debug|Any CPU
		{E4EA0F18-8A18-468C-82DF-15D6B0AFA6CC}.Debug|Win32.ActiveCfg = Debug|Any CPU
		{E4EA0F18-8A18-468C-82DF-15D6B0AFA6CC}.Debug|Win32.Build.0 = Debug|Any CPU
		{E4EA0F18-8A18-468C-82DF-15D6B0AFA6CC}.Debug|x86.ActiveCfg = Debug|Any CPU
		{E4EA0F18-8A18-468C-82DF-15D6B0AFA6CC}.Debug|x86.Build.0 = Debug|Any CPU
		{E4EA0F18-8A18-468C-82DF-15D6B0AFA6CC}.Release|Any CPU.ActiveCfg = Release|Any CPU
		{E4EA0F18-8A18-468C-82DF-15D6B0AFA6CC}.Release|Any CPU.Build.0 = Release|Any CPU
		{E4EA0F18-8A18-468C-82DF-15D6B0AFA6CC}.Release|Mixed Platforms.ActiveCfg = Release|Any CPU
		{E4EA0F18-8A18-468C-82DF-15D6B0AFA6CC}.Release|Mixed Platforms.Build.0 = Release|Any CPU
		{E4EA0F18-8A18-468C-82DF-15D6B0AFA6CC}.Release|Win32.ActiveCfg = Release|Any CPU
		{E4EA0F18-8A18-468C-82DF-15D6B0AFA6CC}.Release|Win32.Build.0 = Release|Any CPU
		{E4EA0F18-8A18-468C-82DF-15D6B0AFA6CC}.Release|x86.ActiveCfg = Release|Any CPU
		{E4EA0F18-8A18-468C-82DF-15D6B0AFA6CC}.Release|x86.Build.0 = Release|Any CPU
		{0C546564-F463-4C06-9592-EF3345D9AD73}.Debug|Any CPU.ActiveCfg = Debug|Any CPU
		{0C546564-F463-4C06-9592-EF3345D9AD73}.Debug|Any CPU.Build.0 = Debug|Any CPU
		{0C546564-F463-4C06-9592-EF3345D9AD73}.Debug|Mixed Platforms.ActiveCfg = Debug|Any CPU
		{0C546564-F463-4C06-9592-EF3345D9AD73}.Debug|Mixed Platforms.Build.0 = Debug|Any CPU
		{0C546564-F463-4C06-9592-EF3345D9AD73}.Debug|Win32.ActiveCfg = Debug|Any CPU
		{0C546564-F463-4C06-9592-EF3345D9AD73}.Debug|Win32.Build.0 = Debug|Any CPU
		{0C546564-F463-4C06-9592-EF3345D9AD73}.Debug|x86.ActiveCfg = Debug|Any CPU
		{0C546564-F463-4C06-9592-EF3345D9AD73}.Debug|x86.Build.0 = Debug|Any CPU
		{0C546564-F463-4C06-9592-EF3345D9AD73}.Release|Any CPU.ActiveCfg = Release|Any CPU
		{0C546564-F463-4C06-9592-EF3345D9AD73}.Release|Any CPU.Build.0 = Release|Any CPU
		{0C546564-F463-4C06-9592-EF3345D9AD73}.Release|Mixed Platforms.ActiveCfg = Release|Any CPU
		{0C546564-F463-4C06-9592-EF3345D9AD73}.Release|Mixed Platforms.Build.0 = Release|Any CPU
		{0C546564-F463-4C06-9592-EF3345D9AD73}.Release|Win32.ActiveCfg = Release|Any CPU
		{0C546564-F463-4C06-9592-EF3345D9AD73}.Release|Win32.Build.0 = Release|Any CPU
		{0C546564-F463-4C06-9592-EF3345D9AD73}.Release|x86.ActiveCfg = Release|Any CPU
		{0C546564-F463-4C06-9592-EF3345D9AD73}.Release|x86.Build.0 = Release|Any CPU
		{C1453DFF-1020-4BDD-AD3E-58F5B8218177}.Debug|Any CPU.ActiveCfg = Debug|Any CPU
		{C1453DFF-1020-4BDD-AD3E-58F5B8218177}.Debug|Any CPU.Build.0 = Debug|Any CPU
		{C1453DFF-1020-4BDD-AD3E-58F5B8218177}.Debug|Mixed Platforms.ActiveCfg = Debug|Any CPU
		{C1453DFF-1020-4BDD-AD3E-58F5B8218177}.Debug|Mixed Platforms.Build.0 = Debug|Any CPU
		{C1453DFF-1020-4BDD-AD3E-58F5B8218177}.Debug|Win32.ActiveCfg = Debug|Any CPU
		{C1453DFF-1020-4BDD-AD3E-58F5B8218177}.Debug|Win32.Build.0 = Debug|Any CPU
		{C1453DFF-1020-4BDD-AD3E-58F5B8218177}.Debug|x86.ActiveCfg = Debug|Any CPU
		{C1453DFF-1020-4BDD-AD3E-58F5B8218177}.Debug|x86.Build.0 = Debug|Any CPU
		{C1453DFF-1020-4BDD-AD3E-58F5B8218177}.Release|Any CPU.ActiveCfg = Release|Any CPU
		{C1453DFF-1020-4BDD-AD3E-58F5B8218177}.Release|Any CPU.Build.0 = Release|Any CPU
		{C1453DFF-1020-4BDD-AD3E-58F5B8218177}.Release|Mixed Platforms.ActiveCfg = Release|Any CPU
		{C1453DFF-1020-4BDD-AD3E-58F5B8218177}.Release|Mixed Platforms.Build.0 = Release|Any CPU
		{C1453DFF-1020-4BDD-AD3E-58F5B8218177}.Release|Win32.ActiveCfg = Release|Any CPU
		{C1453DFF-1020-4BDD-AD3E-58F5B8218177}.Release|Win32.Build.0 = Release|Any CPU
		{C1453DFF-1020-4BDD-AD3E-58F5B8218177}.Release|x86.ActiveCfg = Release|Any CPU
		{C1453DFF-1020-4BDD-AD3E-58F5B8218177}.Release|x86.Build.0 = Release|Any CPU
		{1EC756DB-5DC8-456A-9C1E-4EF5B0DBFBEB}.Debug|Any CPU.ActiveCfg = Debug|Any CPU
		{1EC756DB-5DC8-456A-9C1E-4EF5B0DBFBEB}.Debug|Any CPU.Build.0 = Debug|Any CPU
		{1EC756DB-5DC8-456A-9C1E-4EF5B0DBFBEB}.Debug|Mixed Platforms.ActiveCfg = Debug|Any CPU
		{1EC756DB-5DC8-456A-9C1E-4EF5B0DBFBEB}.Debug|Mixed Platforms.Build.0 = Debug|Any CPU
		{1EC756DB-5DC8-456A-9C1E-4EF5B0DBFBEB}.Debug|Win32.ActiveCfg = Debug|Any CPU
		{1EC756DB-5DC8-456A-9C1E-4EF5B0DBFBEB}.Debug|Win32.Build.0 = Debug|Any CPU
		{1EC756DB-5DC8-456A-9C1E-4EF5B0DBFBEB}.Debug|x86.ActiveCfg = Debug|Any CPU
		{1EC756DB-5DC8-456A-9C1E-4EF5B0DBFBEB}.Debug|x86.Build.0 = Debug|Any CPU
		{1EC756DB-5DC8-456A-9C1E-4EF5B0DBFBEB}.Release|Any CPU.ActiveCfg = Release|Any CPU
		{1EC756DB-5DC8-456A-9C1E-4EF5B0DBFBEB}.Release|Any CPU.Build.0 = Release|Any CPU
		{1EC756DB-5DC8-456A-9C1E-4EF5B0DBFBEB}.Release|Mixed Platforms.ActiveCfg = Release|Any CPU
		{1EC756DB-5DC8-456A-9C1E-4EF5B0DBFBEB}.Release|Mixed Platforms.Build.0 = Release|Any CPU
		{1EC756DB-5DC8-456A-9C1E-4EF5B0DBFBEB}.Release|Win32.ActiveCfg = Release|Any CPU
		{1EC756DB-5DC8-456A-9C1E-4EF5B0DBFBEB}.Release|Win32.Build.0 = Release|Any CPU
		{1EC756DB-5DC8-456A-9C1E-4EF5B0DBFBEB}.Release|x86.ActiveCfg = Release|Any CPU
		{1EC756DB-5DC8-456A-9C1E-4EF5B0DBFBEB}.Release|x86.Build.0 = Release|Any CPU
		{8F364B79-3F24-46D7-B721-1181D8768848}.Debug|Any CPU.ActiveCfg = Debug|Any CPU
		{8F364B79-3F24-46D7-B721-1181D8768848}.Debug|Any CPU.Build.0 = Debug|Any CPU
		{8F364B79-3F24-46D7-B721-1181D8768848}.Debug|Mixed Platforms.ActiveCfg = Debug|Any CPU
		{8F364B79-3F24-46D7-B721-1181D8768848}.Debug|Mixed Platforms.Build.0 = Debug|Any CPU
		{8F364B79-3F24-46D7-B721-1181D8768848}.Debug|Win32.ActiveCfg = Debug|Any CPU
		{8F364B79-3F24-46D7-B721-1181D8768848}.Debug|Win32.Build.0 = Debug|Any CPU
		{8F364B79-3F24-46D7-B721-1181D8768848}.Debug|x86.ActiveCfg = Debug|Any CPU
		{8F364B79-3F24-46D7-B721-1181D8768848}.Debug|x86.Build.0 = Debug|Any CPU
		{8F364B79-3F24-46D7-B721-1181D8768848}.Release|Any CPU.ActiveCfg = Release|Any CPU
		{8F364B79-3F24-46D7-B721-1181D8768848}.Release|Any CPU.Build.0 = Release|Any CPU
		{8F364B79-3F24-46D7-B721-1181D8768848}.Release|Mixed Platforms.ActiveCfg = Release|Any CPU
		{8F364B79-3F24-46D7-B721-1181D8768848}.Release|Mixed Platforms.Build.0 = Release|Any CPU
		{8F364B79-3F24-46D7-B721-1181D8768848}.Release|Win32.ActiveCfg = Release|Any CPU
		{8F364B79-3F24-46D7-B721-1181D8768848}.Release|Win32.Build.0 = Release|Any CPU
		{8F364B79-3F24-46D7-B721-1181D8768848}.Release|x86.ActiveCfg = Release|Any CPU
		{8F364B79-3F24-46D7-B721-1181D8768848}.Release|x86.Build.0 = Release|Any CPU
		{98547985-C786-4637-8407-8EFD4A19F31B}.Debug|Any CPU.ActiveCfg = Debug|Any CPU
		{98547985-C786-4637-8407-8EFD4A19F31B}.Debug|Any CPU.Build.0 = Debug|Any CPU
		{98547985-C786-4637-8407-8EFD4A19F31B}.Debug|Mixed Platforms.ActiveCfg = Debug|Any CPU
		{98547985-C786-4637-8407-8EFD4A19F31B}.Debug|Mixed Platforms.Build.0 = Debug|Any CPU
		{98547985-C786-4637-8407-8EFD4A19F31B}.Debug|Win32.ActiveCfg = Debug|Any CPU
		{98547985-C786-4637-8407-8EFD4A19F31B}.Debug|Win32.Build.0 = Debug|Any CPU
		{98547985-C786-4637-8407-8EFD4A19F31B}.Debug|x86.ActiveCfg = Debug|Any CPU
		{98547985-C786-4637-8407-8EFD4A19F31B}.Debug|x86.Build.0 = Debug|Any CPU
		{98547985-C786-4637-8407-8EFD4A19F31B}.Release|Any CPU.ActiveCfg = Release|Any CPU
		{98547985-C786-4637-8407-8EFD4A19F31B}.Release|Any CPU.Build.0 = Release|Any CPU
		{98547985-C786-4637-8407-8EFD4A19F31B}.Release|Mixed Platforms.ActiveCfg = Release|Any CPU
		{98547985-C786-4637-8407-8EFD4A19F31B}.Release|Mixed Platforms.Build.0 = Release|Any CPU
		{98547985-C786-4637-8407-8EFD4A19F31B}.Release|Win32.ActiveCfg = Release|Any CPU
		{98547985-C786-4637-8407-8EFD4A19F31B}.Release|Win32.Build.0 = Release|Any CPU
		{98547985-C786-4637-8407-8EFD4A19F31B}.Release|x86.ActiveCfg = Release|Any CPU
		{98547985-C786-4637-8407-8EFD4A19F31B}.Release|x86.Build.0 = Release|Any CPU
	EndGlobalSection
	GlobalSection(SolutionProperties) = preSolution
		HideSolutionNode = FALSE
	EndGlobalSection
	GlobalSection(NestedProjects) = preSolution
		{AC33A7F9-7FFA-4AC2-9362-3409BE1C4BB3} = {0033E4C0-D1DB-45CA-B4D8-1BDFF49DDBAB}
		{D9FF6AE7-5925-4A6D-9BD7-C4AC9D04C69F} = {0033E4C0-D1DB-45CA-B4D8-1BDFF49DDBAB}
		{FB1B9BDC-EF8B-4AA1-882F-BF5AC3912D3F} = {0033E4C0-D1DB-45CA-B4D8-1BDFF49DDBAB}
		{D1C65B7E-8F0E-497A-A6A2-4CD36175219C} = {0033E4C0-D1DB-45CA-B4D8-1BDFF49DDBAB}
		{CFFB2A00-E7BF-4E0C-B69A-7804C13EB5F3} = {0033E4C0-D1DB-45CA-B4D8-1BDFF49DDBAB}
		{2D7B3C9F-1F19-41EA-9538-AE5D4B11388A} = {0033E4C0-D1DB-45CA-B4D8-1BDFF49DDBAB}
		{61D5AD6B-55A2-4EEC-9F4B-DAD0FF7F7C01} = {0033E4C0-D1DB-45CA-B4D8-1BDFF49DDBAB}
		{1696D4A9-E2DA-41B1-8A5A-CAE3E0F0F724} = {0033E4C0-D1DB-45CA-B4D8-1BDFF49DDBAB}
		{9912F375-BB2D-435C-8FF6-F2933C212A4B} = {0033E4C0-D1DB-45CA-B4D8-1BDFF49DDBAB}
		{01AEB165-62FC-433F-B3D3-F68BE0E2DBFC} = {0033E4C0-D1DB-45CA-B4D8-1BDFF49DDBAB}
		{3588ACB4-0203-478E-A25D-A1C64458D023} = {0033E4C0-D1DB-45CA-B4D8-1BDFF49DDBAB}
		{5CAA5C51-8250-4E6E-851F-FACE0951BEA9} = {0033E4C0-D1DB-45CA-B4D8-1BDFF49DDBAB}
	EndGlobalSection
	GlobalSection(ExtensibilityGlobals) = postSolution
		VisualSVNWorkingCopyRoot = .
		EnterpriseLibraryConfigurationToolBinariesPath = packages\Unity.2.1.505.2\lib\NET35;packages\Unity.2.1.505.0\lib\NET35
	EndGlobalSection
	GlobalSection(TestCaseManagementSettings) = postSolution
		CategoryFile = Cg2Solution8.vsmdi
	EndGlobalSection
EndGlobal
