
Microsoft Visual Studio Solution File, Format Version 10.00
# Visual Studio 2008
Project("{FAE04EC0-301F-11D3-BF4B-00C04F79EFBC}") = "Chiro.Gap.Workers", "Chiro.Gap.Workers\Chiro.Gap.Workers.csproj", "{35E2AED7-7C0A-4B30-B7C8-24F9078AC32E}"
EndProject
Project("{2150E333-8FDC-42A3-9474-1A3956D46DE8}") = "Solution Items", "Solution Items", "{994E80C0-DD18-417A-A51C-F781D3B012AB}"
	ProjectSection(SolutionItems) = preProject
		Cg2Solution4.vsmdi = Cg2Solution4.vsmdi
		Cg2Solution5.vsmdi = Cg2Solution5.vsmdi
		CustomDictionary.xml = CustomDictionary.xml
		LocalTestRun.testrunconfig = LocalTestRun.testrunconfig
	EndProjectSection
EndProject
Project("{FAE04EC0-301F-11D3-BF4B-00C04F79EFBC}") = "Chiro.Gap.Validatie", "Chiro.Gap.Validatie\Chiro.Gap.Validatie.csproj", "{853B7FDF-27B6-48BC-A220-F68CCE610B6B}"
EndProject
Project("{2150E333-8FDC-42A3-9474-1A3956D46DE8}") = "TestProjecten", "TestProjecten", "{0033E4C0-D1DB-45CA-B4D8-1BDFF49DDBAB}"
EndProject
Project("{FAE04EC0-301F-11D3-BF4B-00C04F79EFBC}") = "Chiro.Gap.Services", "Chiro.Gap.Services\Chiro.Gap.Services.csproj", "{96D3E32A-0C40-4FDE-90CC-0EB0AC17E975}"
EndProject
Project("{FAE04EC0-301F-11D3-BF4B-00C04F79EFBC}") = "Chiro.Cdf.Data", "Chiro.Cdf.Data\Chiro.Cdf.Data.csproj", "{72F61656-2949-4763-9381-678B2D07AE0B}"
EndProject
Project("{FAE04EC0-301F-11D3-BF4B-00C04F79EFBC}") = "Chiro.Gap.ServiceContracts", "Chiro.Gap.ServiceContracts\Chiro.Gap.ServiceContracts.csproj", "{8FAF739D-1058-4240-9466-BCA5DB8525D4}"
EndProject
Project("{FAE04EC0-301F-11D3-BF4B-00C04F79EFBC}") = "Chiro.Cdf.Ioc", "Chiro.Cdf.Ioc\Chiro.Cdf.Ioc.csproj", "{C100E957-CEE2-4707-BF13-C64553C28C7B}"
EndProject
Project("{FAE04EC0-301F-11D3-BF4B-00C04F79EFBC}") = "Chiro.Adf", "Chiro.Adf\Chiro.Adf.csproj", "{BAAC24EC-57C1-4108-94BA-40FC0977762A}"
EndProject
Project("{FAE04EC0-301F-11D3-BF4B-00C04F79EFBC}") = "Chiro.Adf.ServiceModel", "Chiro.Adf.ServiceModel\Chiro.Adf.ServiceModel.csproj", "{174890F3-1F4C-4CFC-83A1-AA88F5748A67}"
EndProject
Project("{FAE04EC0-301F-11D3-BF4B-00C04F79EFBC}") = "Chiro.Gap.Orm", "Chiro.Gap.Orm\Chiro.Gap.Orm.csproj", "{A724B865-E18D-4CAE-A97E-7CC9EB4BF2BD}"
EndProject
Project("{FAE04EC0-301F-11D3-BF4B-00C04F79EFBC}") = "Chiro.Cdf.DependencyInjectionBehavior", "Chiro.Cdf.DependencyInjectionBehavior\Chiro.Cdf.DependencyInjectionBehavior.csproj", "{10FD56AF-076F-4EFF-849A-A96C77E5DCA0}"
EndProject
Project("{FAE04EC0-301F-11D3-BF4B-00C04F79EFBC}") = "Chiro.Gap.ServiceContracts.Mappers", "Chiro.Gap.ServiceContracts.Mappers\Chiro.Gap.ServiceContracts.Mappers.csproj", "{08F94344-8414-4136-8314-4B7380B10CD7}"
EndProject
Project("{2150E333-8FDC-42A3-9474-1A3956D46DE8}") = "References", "References", "{BBABD468-99FA-43E6-8E64-DAA6C3CFF2BE}"
	ProjectSection(SolutionItems) = preProject
		References\AutoMapper.dll = References\AutoMapper.dll
		References\DocumentFormat.OpenXml.dll = References\DocumentFormat.OpenXml.dll
		References\Moq.dll = References\Moq.dll
	EndProjectSection
EndProject
Project("{FAE04EC0-301F-11D3-BF4B-00C04F79EFBC}") = "Chiro.Gap.Data.Test", "TestProjecten\Chiro.Gap.Data.Test\Chiro.Gap.Data.Test.csproj", "{CC7F4606-886C-459A-8D3F-4CF4F316DA35}"
EndProject
Project("{FAE04EC0-301F-11D3-BF4B-00C04F79EFBC}") = "Chiro.Gap.Dummies", "TestProjecten\Chiro.Gap.Dummies\Chiro.Gap.Dummies.csproj", "{2D7B3C9F-1F19-41EA-9538-AE5D4B11388A}"
EndProject
Project("{FAE04EC0-301F-11D3-BF4B-00C04F79EFBC}") = "Chiro.Gap.Workers.Test", "TestProjecten\Chiro.Gap.Workers.Test\Chiro.Gap.Workers.Test.csproj", "{AC33A7F9-7FFA-4AC2-9362-3409BE1C4BB3}"
EndProject
Project("{FAE04EC0-301F-11D3-BF4B-00C04F79EFBC}") = "Chiro.Gap.WebApp.Test", "TestProjecten\Chiro.Gap.WebApp.Test\Chiro.Gap.WebApp.Test.csproj", "{D9FF6AE7-5925-4A6D-9BD7-C4AC9D04C69F}"
EndProject
Project("{FAE04EC0-301F-11D3-BF4B-00C04F79EFBC}") = "Chiro.Adf.ServiceModel.Test", "TestProjecten\Chiro.Adf.ServiceModel.Test\Chiro.Adf.ServiceModel.Test.csproj", "{FF5B16C6-BC4B-4150-A266-7A6EE1BD914F}"
EndProject
Project("{FAE04EC0-301F-11D3-BF4B-00C04F79EFBC}") = "Chiro.Gap.Data", "Chiro.Gap.Data\Chiro.Gap.Data.csproj", "{F9197C38-63BC-4D2F-9F0A-8326C698B536}"
EndProject
Project("{FAE04EC0-301F-11D3-BF4B-00C04F79EFBC}") = "Chiro.Gap.WebApp", "Chiro.Gap.WebApp\Chiro.Gap.WebApp.csproj", "{F9C3C5C0-D1B6-4AED-90B7-D327FC25EBDD}"
EndProject
Project("{FAE04EC0-301F-11D3-BF4B-00C04F79EFBC}") = "Chiro.Cdf.Ioc.Test", "TestProjecten\Chiro.Cdf.Ioc.Test\Chiro.Cdf.Ioc.Test.csproj", "{D77DFBE9-EDB7-4740-9450-3F3CEF14B4B9}"
EndProject
Project("{FAE04EC0-301F-11D3-BF4B-00C04F79EFBC}") = "Chiro.Cdf.Data.Entity", "Chiro.Cdf.Data.Entity\Chiro.Cdf.Data.Entity.csproj", "{F4145652-EF28-4F23-A11E-CD68D4AA2A05}"
EndProject
Project("{FAE04EC0-301F-11D3-BF4B-00C04F79EFBC}") = "Chiro.Gap.ServiceContracts.Test", "TestProjecten\Chiro.Gap.ServiceContracts.Test\Chiro.Gap.ServiceContracts.Test.csproj", "{04FFC0EF-4B35-4673-9E82-D87562B1D288}"
EndProject
Project("{FAE04EC0-301F-11D3-BF4B-00C04F79EFBC}") = "Chiro.Gap.Services.Test", "TestProjecten\Chiro.Gap.Services.Test\Chiro.Gap.Services.Test.csproj", "{61D5AD6B-55A2-4EEC-9F4B-DAD0FF7F7C01}"
EndProject
Project("{2150E333-8FDC-42A3-9474-1A3956D46DE8}") = "WatiN", "WatiN", "{E883CD16-1749-43FA-B344-AD2928A8B00E}"
	ProjectSection(SolutionItems) = preProject
		References\WhatIn\WatiN.Core.dll = References\WhatIn\WatiN.Core.dll
	EndProjectSection
EndProject
Project("{FAE04EC0-301F-11D3-BF4B-00C04F79EFBC}") = "Chiro.WatiN.Test", "TestProjecten\Chiro.WatiN.Test\Chiro.WatiN.Test.csproj", "{9BFC33C8-238D-421C-B19B-D5FAC50CB15C}"
EndProject
Project("{FAE04EC0-301F-11D3-BF4B-00C04F79EFBC}") = "Chiro.Cdf.Validation", "Chiro.Cdf.Validation\Chiro.Cdf.Validation.csproj", "{B55EDF1F-DE3F-4E00-A359-0D56BE67E197}"
EndProject
Project("{FAE04EC0-301F-11D3-BF4B-00C04F79EFBC}") = "Chiro.Gap.TestDbInfo", "TestProjecten\Chiro.Gap.TestDbInfo\Chiro.Gap.TestDbInfo.csproj", "{1696D4A9-E2DA-41B1-8A5A-CAE3E0F0F724}"
EndProject
Project("{FAE04EC0-301F-11D3-BF4B-00C04F79EFBC}") = "Chiro.Cdf.ServiceHelper", "Chiro.Cdf.ServiceHelper\Chiro.Cdf.ServiceHelper.csproj", "{11A23709-8EA9-43B1-9982-B1DC08A50FD8}"
EndProject
Project("{FAE04EC0-301F-11D3-BF4B-00C04F79EFBC}") = "Chiro.Gap.Orm.Test", "Chiro.Gap.Orm.Test\Chiro.Gap.Orm.Test.csproj", "{95AAE40F-B33D-4266-B134-F98FF7E115A7}"
EndProject
Project("{FAE04EC0-301F-11D3-BF4B-00C04F79EFBC}") = "Chiro.Gap.Workers.Test.CustomIoc", "TestProjecten\Chiro.Gap.Workers.Test.CustomIoc\Chiro.Gap.Workers.Test.CustomIoc.csproj", "{64C70DFC-E7B9-4293-B626-2C99C62208C8}"
EndProject
Project("{FAE04EC0-301F-11D3-BF4B-00C04F79EFBC}") = "Chiro.Gap.Domain", "Chiro.Gap.Domain\Chiro.Gap.Domain.csproj", "{65D1DB34-9F12-48C6-88F8-3943E5A4609B}"
EndProject
Project("{FAE04EC0-301F-11D3-BF4B-00C04F79EFBC}") = "Chiro.Gap.Dummies.Test", "TestProjecten\Chiro.Gap.Dummies.Test\Chiro.Gap.Dummies.Test.csproj", "{6511ADF0-747A-4278-9B49-650CCE3A5AF6}"
EndProject
Project("{FAE04EC0-301F-11D3-BF4B-00C04F79EFBC}") = "Chiro.Gap.Sync", "Chiro.Gap.Sync\Chiro.Gap.Sync.csproj", "{C934C8CE-39C8-45B7-AC38-F487CEA9B2D5}"
EndProject
Global
	GlobalSection(TestCaseManagementSettings) = postSolution
		CategoryFile = Cg2Solution4.vsmdi
	EndGlobalSection
	GlobalSection(SolutionConfigurationPlatforms) = preSolution
		Debug|Any CPU = Debug|Any CPU
		Debug|Mixed Platforms = Debug|Mixed Platforms
		Debug|Win32 = Debug|Win32
		Release|Any CPU = Release|Any CPU
		Release|Mixed Platforms = Release|Mixed Platforms
		Release|Win32 = Release|Win32
	EndGlobalSection
	GlobalSection(ProjectConfigurationPlatforms) = postSolution
		{35E2AED7-7C0A-4B30-B7C8-24F9078AC32E}.Debug|Any CPU.ActiveCfg = Debug|Any CPU
		{35E2AED7-7C0A-4B30-B7C8-24F9078AC32E}.Debug|Any CPU.Build.0 = Debug|Any CPU
		{35E2AED7-7C0A-4B30-B7C8-24F9078AC32E}.Debug|Mixed Platforms.ActiveCfg = Debug|Any CPU
		{35E2AED7-7C0A-4B30-B7C8-24F9078AC32E}.Debug|Mixed Platforms.Build.0 = Debug|Any CPU
		{35E2AED7-7C0A-4B30-B7C8-24F9078AC32E}.Debug|Win32.ActiveCfg = Debug|Any CPU
		{35E2AED7-7C0A-4B30-B7C8-24F9078AC32E}.Release|Any CPU.ActiveCfg = Release|Any CPU
		{35E2AED7-7C0A-4B30-B7C8-24F9078AC32E}.Release|Any CPU.Build.0 = Release|Any CPU
		{35E2AED7-7C0A-4B30-B7C8-24F9078AC32E}.Release|Mixed Platforms.ActiveCfg = Release|Any CPU
		{35E2AED7-7C0A-4B30-B7C8-24F9078AC32E}.Release|Mixed Platforms.Build.0 = Release|Any CPU
		{35E2AED7-7C0A-4B30-B7C8-24F9078AC32E}.Release|Win32.ActiveCfg = Release|Any CPU
		{853B7FDF-27B6-48BC-A220-F68CCE610B6B}.Debug|Any CPU.ActiveCfg = Debug|Any CPU
		{853B7FDF-27B6-48BC-A220-F68CCE610B6B}.Debug|Any CPU.Build.0 = Debug|Any CPU
		{853B7FDF-27B6-48BC-A220-F68CCE610B6B}.Debug|Mixed Platforms.ActiveCfg = Debug|Any CPU
		{853B7FDF-27B6-48BC-A220-F68CCE610B6B}.Debug|Mixed Platforms.Build.0 = Debug|Any CPU
		{853B7FDF-27B6-48BC-A220-F68CCE610B6B}.Debug|Win32.ActiveCfg = Debug|Any CPU
		{853B7FDF-27B6-48BC-A220-F68CCE610B6B}.Release|Any CPU.ActiveCfg = Release|Any CPU
		{853B7FDF-27B6-48BC-A220-F68CCE610B6B}.Release|Any CPU.Build.0 = Release|Any CPU
		{853B7FDF-27B6-48BC-A220-F68CCE610B6B}.Release|Mixed Platforms.ActiveCfg = Release|Any CPU
		{853B7FDF-27B6-48BC-A220-F68CCE610B6B}.Release|Mixed Platforms.Build.0 = Release|Any CPU
		{853B7FDF-27B6-48BC-A220-F68CCE610B6B}.Release|Win32.ActiveCfg = Release|Any CPU
		{96D3E32A-0C40-4FDE-90CC-0EB0AC17E975}.Debug|Any CPU.ActiveCfg = Debug|Any CPU
		{96D3E32A-0C40-4FDE-90CC-0EB0AC17E975}.Debug|Any CPU.Build.0 = Debug|Any CPU
		{96D3E32A-0C40-4FDE-90CC-0EB0AC17E975}.Debug|Mixed Platforms.ActiveCfg = Debug|Any CPU
		{96D3E32A-0C40-4FDE-90CC-0EB0AC17E975}.Debug|Mixed Platforms.Build.0 = Debug|Any CPU
		{96D3E32A-0C40-4FDE-90CC-0EB0AC17E975}.Debug|Win32.ActiveCfg = Debug|Any CPU
		{96D3E32A-0C40-4FDE-90CC-0EB0AC17E975}.Release|Any CPU.ActiveCfg = Release|Any CPU
		{96D3E32A-0C40-4FDE-90CC-0EB0AC17E975}.Release|Any CPU.Build.0 = Release|Any CPU
		{96D3E32A-0C40-4FDE-90CC-0EB0AC17E975}.Release|Mixed Platforms.ActiveCfg = Release|Any CPU
		{96D3E32A-0C40-4FDE-90CC-0EB0AC17E975}.Release|Mixed Platforms.Build.0 = Release|Any CPU
		{96D3E32A-0C40-4FDE-90CC-0EB0AC17E975}.Release|Win32.ActiveCfg = Release|Any CPU
		{72F61656-2949-4763-9381-678B2D07AE0B}.Debug|Any CPU.ActiveCfg = Debug|Any CPU
		{72F61656-2949-4763-9381-678B2D07AE0B}.Debug|Any CPU.Build.0 = Debug|Any CPU
		{72F61656-2949-4763-9381-678B2D07AE0B}.Debug|Mixed Platforms.ActiveCfg = Debug|Any CPU
		{72F61656-2949-4763-9381-678B2D07AE0B}.Debug|Mixed Platforms.Build.0 = Debug|Any CPU
		{72F61656-2949-4763-9381-678B2D07AE0B}.Debug|Win32.ActiveCfg = Debug|Any CPU
		{72F61656-2949-4763-9381-678B2D07AE0B}.Release|Any CPU.ActiveCfg = Release|Any CPU
		{72F61656-2949-4763-9381-678B2D07AE0B}.Release|Any CPU.Build.0 = Release|Any CPU
		{72F61656-2949-4763-9381-678B2D07AE0B}.Release|Mixed Platforms.ActiveCfg = Release|Any CPU
		{72F61656-2949-4763-9381-678B2D07AE0B}.Release|Mixed Platforms.Build.0 = Release|Any CPU
		{72F61656-2949-4763-9381-678B2D07AE0B}.Release|Win32.ActiveCfg = Release|Any CPU
		{8FAF739D-1058-4240-9466-BCA5DB8525D4}.Debug|Any CPU.ActiveCfg = Debug|Any CPU
		{8FAF739D-1058-4240-9466-BCA5DB8525D4}.Debug|Any CPU.Build.0 = Debug|Any CPU
		{8FAF739D-1058-4240-9466-BCA5DB8525D4}.Debug|Mixed Platforms.ActiveCfg = Debug|Any CPU
		{8FAF739D-1058-4240-9466-BCA5DB8525D4}.Debug|Mixed Platforms.Build.0 = Debug|Any CPU
		{8FAF739D-1058-4240-9466-BCA5DB8525D4}.Debug|Win32.ActiveCfg = Debug|Any CPU
		{8FAF739D-1058-4240-9466-BCA5DB8525D4}.Release|Any CPU.ActiveCfg = Release|Any CPU
		{8FAF739D-1058-4240-9466-BCA5DB8525D4}.Release|Any CPU.Build.0 = Release|Any CPU
		{8FAF739D-1058-4240-9466-BCA5DB8525D4}.Release|Mixed Platforms.ActiveCfg = Release|Any CPU
		{8FAF739D-1058-4240-9466-BCA5DB8525D4}.Release|Mixed Platforms.Build.0 = Release|Any CPU
		{8FAF739D-1058-4240-9466-BCA5DB8525D4}.Release|Win32.ActiveCfg = Release|Any CPU
		{C100E957-CEE2-4707-BF13-C64553C28C7B}.Debug|Any CPU.ActiveCfg = Debug|Any CPU
		{C100E957-CEE2-4707-BF13-C64553C28C7B}.Debug|Any CPU.Build.0 = Debug|Any CPU
		{C100E957-CEE2-4707-BF13-C64553C28C7B}.Debug|Mixed Platforms.ActiveCfg = Debug|Any CPU
		{C100E957-CEE2-4707-BF13-C64553C28C7B}.Debug|Mixed Platforms.Build.0 = Debug|Any CPU
		{C100E957-CEE2-4707-BF13-C64553C28C7B}.Debug|Win32.ActiveCfg = Debug|Any CPU
		{C100E957-CEE2-4707-BF13-C64553C28C7B}.Release|Any CPU.ActiveCfg = Release|Any CPU
		{C100E957-CEE2-4707-BF13-C64553C28C7B}.Release|Any CPU.Build.0 = Release|Any CPU
		{C100E957-CEE2-4707-BF13-C64553C28C7B}.Release|Mixed Platforms.ActiveCfg = Release|Any CPU
		{C100E957-CEE2-4707-BF13-C64553C28C7B}.Release|Mixed Platforms.Build.0 = Release|Any CPU
		{C100E957-CEE2-4707-BF13-C64553C28C7B}.Release|Win32.ActiveCfg = Release|Any CPU
		{BAAC24EC-57C1-4108-94BA-40FC0977762A}.Debug|Any CPU.ActiveCfg = Debug|Any CPU
		{BAAC24EC-57C1-4108-94BA-40FC0977762A}.Debug|Any CPU.Build.0 = Debug|Any CPU
		{BAAC24EC-57C1-4108-94BA-40FC0977762A}.Debug|Mixed Platforms.ActiveCfg = Debug|Any CPU
		{BAAC24EC-57C1-4108-94BA-40FC0977762A}.Debug|Mixed Platforms.Build.0 = Debug|Any CPU
		{BAAC24EC-57C1-4108-94BA-40FC0977762A}.Debug|Win32.ActiveCfg = Debug|Any CPU
		{BAAC24EC-57C1-4108-94BA-40FC0977762A}.Release|Any CPU.ActiveCfg = Release|Any CPU
		{BAAC24EC-57C1-4108-94BA-40FC0977762A}.Release|Any CPU.Build.0 = Release|Any CPU
		{BAAC24EC-57C1-4108-94BA-40FC0977762A}.Release|Mixed Platforms.ActiveCfg = Release|Any CPU
		{BAAC24EC-57C1-4108-94BA-40FC0977762A}.Release|Mixed Platforms.Build.0 = Release|Any CPU
		{BAAC24EC-57C1-4108-94BA-40FC0977762A}.Release|Win32.ActiveCfg = Release|Any CPU
		{174890F3-1F4C-4CFC-83A1-AA88F5748A67}.Debug|Any CPU.ActiveCfg = Debug|Any CPU
		{174890F3-1F4C-4CFC-83A1-AA88F5748A67}.Debug|Any CPU.Build.0 = Debug|Any CPU
		{174890F3-1F4C-4CFC-83A1-AA88F5748A67}.Debug|Mixed Platforms.ActiveCfg = Debug|Any CPU
		{174890F3-1F4C-4CFC-83A1-AA88F5748A67}.Debug|Mixed Platforms.Build.0 = Debug|Any CPU
		{174890F3-1F4C-4CFC-83A1-AA88F5748A67}.Debug|Win32.ActiveCfg = Debug|Any CPU
		{174890F3-1F4C-4CFC-83A1-AA88F5748A67}.Release|Any CPU.ActiveCfg = Release|Any CPU
		{174890F3-1F4C-4CFC-83A1-AA88F5748A67}.Release|Any CPU.Build.0 = Release|Any CPU
		{174890F3-1F4C-4CFC-83A1-AA88F5748A67}.Release|Mixed Platforms.ActiveCfg = Release|Any CPU
		{174890F3-1F4C-4CFC-83A1-AA88F5748A67}.Release|Mixed Platforms.Build.0 = Release|Any CPU
		{174890F3-1F4C-4CFC-83A1-AA88F5748A67}.Release|Win32.ActiveCfg = Release|Any CPU
		{A724B865-E18D-4CAE-A97E-7CC9EB4BF2BD}.Debug|Any CPU.ActiveCfg = Debug|Any CPU
		{A724B865-E18D-4CAE-A97E-7CC9EB4BF2BD}.Debug|Any CPU.Build.0 = Debug|Any CPU
		{A724B865-E18D-4CAE-A97E-7CC9EB4BF2BD}.Debug|Mixed Platforms.ActiveCfg = Debug|Any CPU
		{A724B865-E18D-4CAE-A97E-7CC9EB4BF2BD}.Debug|Mixed Platforms.Build.0 = Debug|Any CPU
		{A724B865-E18D-4CAE-A97E-7CC9EB4BF2BD}.Debug|Win32.ActiveCfg = Debug|Any CPU
		{A724B865-E18D-4CAE-A97E-7CC9EB4BF2BD}.Release|Any CPU.ActiveCfg = Release|Any CPU
		{A724B865-E18D-4CAE-A97E-7CC9EB4BF2BD}.Release|Any CPU.Build.0 = Release|Any CPU
		{A724B865-E18D-4CAE-A97E-7CC9EB4BF2BD}.Release|Mixed Platforms.ActiveCfg = Release|Any CPU
		{A724B865-E18D-4CAE-A97E-7CC9EB4BF2BD}.Release|Mixed Platforms.Build.0 = Release|Any CPU
		{A724B865-E18D-4CAE-A97E-7CC9EB4BF2BD}.Release|Win32.ActiveCfg = Release|Any CPU
		{10FD56AF-076F-4EFF-849A-A96C77E5DCA0}.Debug|Any CPU.ActiveCfg = Debug|Any CPU
		{10FD56AF-076F-4EFF-849A-A96C77E5DCA0}.Debug|Any CPU.Build.0 = Debug|Any CPU
		{10FD56AF-076F-4EFF-849A-A96C77E5DCA0}.Debug|Mixed Platforms.ActiveCfg = Debug|Any CPU
		{10FD56AF-076F-4EFF-849A-A96C77E5DCA0}.Debug|Mixed Platforms.Build.0 = Debug|Any CPU
		{10FD56AF-076F-4EFF-849A-A96C77E5DCA0}.Debug|Win32.ActiveCfg = Debug|Any CPU
		{10FD56AF-076F-4EFF-849A-A96C77E5DCA0}.Release|Any CPU.ActiveCfg = Release|Any CPU
		{10FD56AF-076F-4EFF-849A-A96C77E5DCA0}.Release|Any CPU.Build.0 = Release|Any CPU
		{10FD56AF-076F-4EFF-849A-A96C77E5DCA0}.Release|Mixed Platforms.ActiveCfg = Release|Any CPU
		{10FD56AF-076F-4EFF-849A-A96C77E5DCA0}.Release|Mixed Platforms.Build.0 = Release|Any CPU
		{10FD56AF-076F-4EFF-849A-A96C77E5DCA0}.Release|Win32.ActiveCfg = Release|Any CPU
		{08F94344-8414-4136-8314-4B7380B10CD7}.Debug|Any CPU.ActiveCfg = Debug|Any CPU
		{08F94344-8414-4136-8314-4B7380B10CD7}.Debug|Any CPU.Build.0 = Debug|Any CPU
		{08F94344-8414-4136-8314-4B7380B10CD7}.Debug|Mixed Platforms.ActiveCfg = Debug|Any CPU
		{08F94344-8414-4136-8314-4B7380B10CD7}.Debug|Mixed Platforms.Build.0 = Debug|Any CPU
		{08F94344-8414-4136-8314-4B7380B10CD7}.Debug|Win32.ActiveCfg = Debug|Any CPU
		{08F94344-8414-4136-8314-4B7380B10CD7}.Release|Any CPU.ActiveCfg = Release|Any CPU
		{08F94344-8414-4136-8314-4B7380B10CD7}.Release|Any CPU.Build.0 = Release|Any CPU
		{08F94344-8414-4136-8314-4B7380B10CD7}.Release|Mixed Platforms.ActiveCfg = Release|Any CPU
		{08F94344-8414-4136-8314-4B7380B10CD7}.Release|Mixed Platforms.Build.0 = Release|Any CPU
		{08F94344-8414-4136-8314-4B7380B10CD7}.Release|Win32.ActiveCfg = Release|Any CPU
		{CC7F4606-886C-459A-8D3F-4CF4F316DA35}.Debug|Any CPU.ActiveCfg = Debug|Any CPU
		{CC7F4606-886C-459A-8D3F-4CF4F316DA35}.Debug|Any CPU.Build.0 = Debug|Any CPU
		{CC7F4606-886C-459A-8D3F-4CF4F316DA35}.Debug|Mixed Platforms.ActiveCfg = Debug|Any CPU
		{CC7F4606-886C-459A-8D3F-4CF4F316DA35}.Debug|Mixed Platforms.Build.0 = Debug|Any CPU
		{CC7F4606-886C-459A-8D3F-4CF4F316DA35}.Debug|Win32.ActiveCfg = Debug|Any CPU
		{CC7F4606-886C-459A-8D3F-4CF4F316DA35}.Release|Any CPU.ActiveCfg = Release|Any CPU
		{CC7F4606-886C-459A-8D3F-4CF4F316DA35}.Release|Any CPU.Build.0 = Release|Any CPU
		{CC7F4606-886C-459A-8D3F-4CF4F316DA35}.Release|Mixed Platforms.ActiveCfg = Release|Any CPU
		{CC7F4606-886C-459A-8D3F-4CF4F316DA35}.Release|Mixed Platforms.Build.0 = Release|Any CPU
		{CC7F4606-886C-459A-8D3F-4CF4F316DA35}.Release|Win32.ActiveCfg = Release|Any CPU
		{2D7B3C9F-1F19-41EA-9538-AE5D4B11388A}.Debug|Any CPU.ActiveCfg = Debug|Any CPU
		{2D7B3C9F-1F19-41EA-9538-AE5D4B11388A}.Debug|Any CPU.Build.0 = Debug|Any CPU
		{2D7B3C9F-1F19-41EA-9538-AE5D4B11388A}.Debug|Mixed Platforms.ActiveCfg = Debug|Any CPU
		{2D7B3C9F-1F19-41EA-9538-AE5D4B11388A}.Debug|Mixed Platforms.Build.0 = Debug|Any CPU
		{2D7B3C9F-1F19-41EA-9538-AE5D4B11388A}.Debug|Win32.ActiveCfg = Debug|Any CPU
		{2D7B3C9F-1F19-41EA-9538-AE5D4B11388A}.Release|Any CPU.ActiveCfg = Release|Any CPU
		{2D7B3C9F-1F19-41EA-9538-AE5D4B11388A}.Release|Any CPU.Build.0 = Release|Any CPU
		{2D7B3C9F-1F19-41EA-9538-AE5D4B11388A}.Release|Mixed Platforms.ActiveCfg = Release|Any CPU
		{2D7B3C9F-1F19-41EA-9538-AE5D4B11388A}.Release|Mixed Platforms.Build.0 = Release|Any CPU
		{2D7B3C9F-1F19-41EA-9538-AE5D4B11388A}.Release|Win32.ActiveCfg = Release|Any CPU
		{AC33A7F9-7FFA-4AC2-9362-3409BE1C4BB3}.Debug|Any CPU.ActiveCfg = Debug|Any CPU
		{AC33A7F9-7FFA-4AC2-9362-3409BE1C4BB3}.Debug|Any CPU.Build.0 = Debug|Any CPU
		{AC33A7F9-7FFA-4AC2-9362-3409BE1C4BB3}.Debug|Mixed Platforms.ActiveCfg = Debug|Any CPU
		{AC33A7F9-7FFA-4AC2-9362-3409BE1C4BB3}.Debug|Mixed Platforms.Build.0 = Debug|Any CPU
		{AC33A7F9-7FFA-4AC2-9362-3409BE1C4BB3}.Debug|Win32.ActiveCfg = Debug|Any CPU
		{AC33A7F9-7FFA-4AC2-9362-3409BE1C4BB3}.Release|Any CPU.ActiveCfg = Release|Any CPU
		{AC33A7F9-7FFA-4AC2-9362-3409BE1C4BB3}.Release|Any CPU.Build.0 = Release|Any CPU
		{AC33A7F9-7FFA-4AC2-9362-3409BE1C4BB3}.Release|Mixed Platforms.ActiveCfg = Release|Any CPU
		{AC33A7F9-7FFA-4AC2-9362-3409BE1C4BB3}.Release|Mixed Platforms.Build.0 = Release|Any CPU
		{AC33A7F9-7FFA-4AC2-9362-3409BE1C4BB3}.Release|Win32.ActiveCfg = Release|Any CPU
		{D9FF6AE7-5925-4A6D-9BD7-C4AC9D04C69F}.Debug|Any CPU.ActiveCfg = Debug|Any CPU
		{D9FF6AE7-5925-4A6D-9BD7-C4AC9D04C69F}.Debug|Any CPU.Build.0 = Debug|Any CPU
		{D9FF6AE7-5925-4A6D-9BD7-C4AC9D04C69F}.Debug|Mixed Platforms.ActiveCfg = Debug|Any CPU
		{D9FF6AE7-5925-4A6D-9BD7-C4AC9D04C69F}.Debug|Mixed Platforms.Build.0 = Debug|Any CPU
		{D9FF6AE7-5925-4A6D-9BD7-C4AC9D04C69F}.Debug|Win32.ActiveCfg = Debug|Any CPU
		{D9FF6AE7-5925-4A6D-9BD7-C4AC9D04C69F}.Release|Any CPU.ActiveCfg = Release|Any CPU
		{D9FF6AE7-5925-4A6D-9BD7-C4AC9D04C69F}.Release|Any CPU.Build.0 = Release|Any CPU
		{D9FF6AE7-5925-4A6D-9BD7-C4AC9D04C69F}.Release|Mixed Platforms.ActiveCfg = Release|Any CPU
		{D9FF6AE7-5925-4A6D-9BD7-C4AC9D04C69F}.Release|Mixed Platforms.Build.0 = Release|Any CPU
		{D9FF6AE7-5925-4A6D-9BD7-C4AC9D04C69F}.Release|Win32.ActiveCfg = Release|Any CPU
		{FF5B16C6-BC4B-4150-A266-7A6EE1BD914F}.Debug|Any CPU.ActiveCfg = Debug|Any CPU
		{FF5B16C6-BC4B-4150-A266-7A6EE1BD914F}.Debug|Any CPU.Build.0 = Debug|Any CPU
		{FF5B16C6-BC4B-4150-A266-7A6EE1BD914F}.Debug|Mixed Platforms.ActiveCfg = Debug|Any CPU
		{FF5B16C6-BC4B-4150-A266-7A6EE1BD914F}.Debug|Mixed Platforms.Build.0 = Debug|Any CPU
		{FF5B16C6-BC4B-4150-A266-7A6EE1BD914F}.Debug|Win32.ActiveCfg = Debug|Any CPU
		{FF5B16C6-BC4B-4150-A266-7A6EE1BD914F}.Release|Any CPU.ActiveCfg = Release|Any CPU
		{FF5B16C6-BC4B-4150-A266-7A6EE1BD914F}.Release|Any CPU.Build.0 = Release|Any CPU
		{FF5B16C6-BC4B-4150-A266-7A6EE1BD914F}.Release|Mixed Platforms.ActiveCfg = Release|Any CPU
		{FF5B16C6-BC4B-4150-A266-7A6EE1BD914F}.Release|Mixed Platforms.Build.0 = Release|Any CPU
		{FF5B16C6-BC4B-4150-A266-7A6EE1BD914F}.Release|Win32.ActiveCfg = Release|Any CPU
		{F9197C38-63BC-4D2F-9F0A-8326C698B536}.Debug|Any CPU.ActiveCfg = Debug|Any CPU
		{F9197C38-63BC-4D2F-9F0A-8326C698B536}.Debug|Any CPU.Build.0 = Debug|Any CPU
		{F9197C38-63BC-4D2F-9F0A-8326C698B536}.Debug|Mixed Platforms.ActiveCfg = Debug|Any CPU
		{F9197C38-63BC-4D2F-9F0A-8326C698B536}.Debug|Mixed Platforms.Build.0 = Debug|Any CPU
		{F9197C38-63BC-4D2F-9F0A-8326C698B536}.Debug|Win32.ActiveCfg = Debug|Any CPU
		{F9197C38-63BC-4D2F-9F0A-8326C698B536}.Release|Any CPU.ActiveCfg = Release|Any CPU
		{F9197C38-63BC-4D2F-9F0A-8326C698B536}.Release|Any CPU.Build.0 = Release|Any CPU
		{F9197C38-63BC-4D2F-9F0A-8326C698B536}.Release|Mixed Platforms.ActiveCfg = Release|Any CPU
		{F9197C38-63BC-4D2F-9F0A-8326C698B536}.Release|Mixed Platforms.Build.0 = Release|Any CPU
		{F9197C38-63BC-4D2F-9F0A-8326C698B536}.Release|Win32.ActiveCfg = Release|Any CPU
		{F9C3C5C0-D1B6-4AED-90B7-D327FC25EBDD}.Debug|Any CPU.ActiveCfg = Debug|Any CPU
		{F9C3C5C0-D1B6-4AED-90B7-D327FC25EBDD}.Debug|Any CPU.Build.0 = Debug|Any CPU
		{F9C3C5C0-D1B6-4AED-90B7-D327FC25EBDD}.Debug|Mixed Platforms.ActiveCfg = Debug|Any CPU
		{F9C3C5C0-D1B6-4AED-90B7-D327FC25EBDD}.Debug|Mixed Platforms.Build.0 = Debug|Any CPU
		{F9C3C5C0-D1B6-4AED-90B7-D327FC25EBDD}.Debug|Win32.ActiveCfg = Debug|Any CPU
		{F9C3C5C0-D1B6-4AED-90B7-D327FC25EBDD}.Release|Any CPU.ActiveCfg = Release|Any CPU
		{F9C3C5C0-D1B6-4AED-90B7-D327FC25EBDD}.Release|Any CPU.Build.0 = Release|Any CPU
		{F9C3C5C0-D1B6-4AED-90B7-D327FC25EBDD}.Release|Mixed Platforms.ActiveCfg = Release|Any CPU
		{F9C3C5C0-D1B6-4AED-90B7-D327FC25EBDD}.Release|Mixed Platforms.Build.0 = Release|Any CPU
		{F9C3C5C0-D1B6-4AED-90B7-D327FC25EBDD}.Release|Win32.ActiveCfg = Release|Any CPU
		{D77DFBE9-EDB7-4740-9450-3F3CEF14B4B9}.Debug|Any CPU.ActiveCfg = Debug|Any CPU
		{D77DFBE9-EDB7-4740-9450-3F3CEF14B4B9}.Debug|Any CPU.Build.0 = Debug|Any CPU
		{D77DFBE9-EDB7-4740-9450-3F3CEF14B4B9}.Debug|Mixed Platforms.ActiveCfg = Debug|Any CPU
		{D77DFBE9-EDB7-4740-9450-3F3CEF14B4B9}.Debug|Mixed Platforms.Build.0 = Debug|Any CPU
		{D77DFBE9-EDB7-4740-9450-3F3CEF14B4B9}.Debug|Win32.ActiveCfg = Debug|Any CPU
		{D77DFBE9-EDB7-4740-9450-3F3CEF14B4B9}.Release|Any CPU.ActiveCfg = Release|Any CPU
		{D77DFBE9-EDB7-4740-9450-3F3CEF14B4B9}.Release|Any CPU.Build.0 = Release|Any CPU
		{D77DFBE9-EDB7-4740-9450-3F3CEF14B4B9}.Release|Mixed Platforms.ActiveCfg = Release|Any CPU
		{D77DFBE9-EDB7-4740-9450-3F3CEF14B4B9}.Release|Mixed Platforms.Build.0 = Release|Any CPU
		{D77DFBE9-EDB7-4740-9450-3F3CEF14B4B9}.Release|Win32.ActiveCfg = Release|Any CPU
		{F4145652-EF28-4F23-A11E-CD68D4AA2A05}.Debug|Any CPU.ActiveCfg = Debug|Any CPU
		{F4145652-EF28-4F23-A11E-CD68D4AA2A05}.Debug|Any CPU.Build.0 = Debug|Any CPU
		{F4145652-EF28-4F23-A11E-CD68D4AA2A05}.Debug|Mixed Platforms.ActiveCfg = Debug|Any CPU
		{F4145652-EF28-4F23-A11E-CD68D4AA2A05}.Debug|Mixed Platforms.Build.0 = Debug|Any CPU
		{F4145652-EF28-4F23-A11E-CD68D4AA2A05}.Debug|Win32.ActiveCfg = Debug|Any CPU
		{F4145652-EF28-4F23-A11E-CD68D4AA2A05}.Release|Any CPU.ActiveCfg = Release|Any CPU
		{F4145652-EF28-4F23-A11E-CD68D4AA2A05}.Release|Any CPU.Build.0 = Release|Any CPU
		{F4145652-EF28-4F23-A11E-CD68D4AA2A05}.Release|Mixed Platforms.ActiveCfg = Release|Any CPU
		{F4145652-EF28-4F23-A11E-CD68D4AA2A05}.Release|Mixed Platforms.Build.0 = Release|Any CPU
		{F4145652-EF28-4F23-A11E-CD68D4AA2A05}.Release|Win32.ActiveCfg = Release|Any CPU
		{04FFC0EF-4B35-4673-9E82-D87562B1D288}.Debug|Any CPU.ActiveCfg = Debug|Any CPU
		{04FFC0EF-4B35-4673-9E82-D87562B1D288}.Debug|Any CPU.Build.0 = Debug|Any CPU
		{04FFC0EF-4B35-4673-9E82-D87562B1D288}.Debug|Mixed Platforms.ActiveCfg = Debug|Any CPU
		{04FFC0EF-4B35-4673-9E82-D87562B1D288}.Debug|Mixed Platforms.Build.0 = Debug|Any CPU
		{04FFC0EF-4B35-4673-9E82-D87562B1D288}.Debug|Win32.ActiveCfg = Debug|Any CPU
		{04FFC0EF-4B35-4673-9E82-D87562B1D288}.Release|Any CPU.ActiveCfg = Release|Any CPU
		{04FFC0EF-4B35-4673-9E82-D87562B1D288}.Release|Any CPU.Build.0 = Release|Any CPU
		{04FFC0EF-4B35-4673-9E82-D87562B1D288}.Release|Mixed Platforms.ActiveCfg = Release|Any CPU
		{04FFC0EF-4B35-4673-9E82-D87562B1D288}.Release|Mixed Platforms.Build.0 = Release|Any CPU
		{04FFC0EF-4B35-4673-9E82-D87562B1D288}.Release|Win32.ActiveCfg = Release|Any CPU
		{61D5AD6B-55A2-4EEC-9F4B-DAD0FF7F7C01}.Debug|Any CPU.ActiveCfg = Debug|Any CPU
		{61D5AD6B-55A2-4EEC-9F4B-DAD0FF7F7C01}.Debug|Any CPU.Build.0 = Debug|Any CPU
		{61D5AD6B-55A2-4EEC-9F4B-DAD0FF7F7C01}.Debug|Mixed Platforms.ActiveCfg = Debug|Any CPU
		{61D5AD6B-55A2-4EEC-9F4B-DAD0FF7F7C01}.Debug|Mixed Platforms.Build.0 = Debug|Any CPU
		{61D5AD6B-55A2-4EEC-9F4B-DAD0FF7F7C01}.Debug|Win32.ActiveCfg = Debug|Any CPU
		{61D5AD6B-55A2-4EEC-9F4B-DAD0FF7F7C01}.Release|Any CPU.ActiveCfg = Release|Any CPU
		{61D5AD6B-55A2-4EEC-9F4B-DAD0FF7F7C01}.Release|Any CPU.Build.0 = Release|Any CPU
		{61D5AD6B-55A2-4EEC-9F4B-DAD0FF7F7C01}.Release|Mixed Platforms.ActiveCfg = Release|Any CPU
		{61D5AD6B-55A2-4EEC-9F4B-DAD0FF7F7C01}.Release|Mixed Platforms.Build.0 = Release|Any CPU
		{61D5AD6B-55A2-4EEC-9F4B-DAD0FF7F7C01}.Release|Win32.ActiveCfg = Release|Any CPU
		{9BFC33C8-238D-421C-B19B-D5FAC50CB15C}.Debug|Any CPU.ActiveCfg = Debug|Any CPU
		{9BFC33C8-238D-421C-B19B-D5FAC50CB15C}.Debug|Any CPU.Build.0 = Debug|Any CPU
		{9BFC33C8-238D-421C-B19B-D5FAC50CB15C}.Debug|Mixed Platforms.ActiveCfg = Debug|Any CPU
		{9BFC33C8-238D-421C-B19B-D5FAC50CB15C}.Debug|Mixed Platforms.Build.0 = Debug|Any CPU
		{9BFC33C8-238D-421C-B19B-D5FAC50CB15C}.Debug|Win32.ActiveCfg = Debug|Any CPU
		{9BFC33C8-238D-421C-B19B-D5FAC50CB15C}.Release|Any CPU.ActiveCfg = Release|Any CPU
		{9BFC33C8-238D-421C-B19B-D5FAC50CB15C}.Release|Any CPU.Build.0 = Release|Any CPU
		{9BFC33C8-238D-421C-B19B-D5FAC50CB15C}.Release|Mixed Platforms.ActiveCfg = Release|Any CPU
		{9BFC33C8-238D-421C-B19B-D5FAC50CB15C}.Release|Mixed Platforms.Build.0 = Release|Any CPU
		{9BFC33C8-238D-421C-B19B-D5FAC50CB15C}.Release|Win32.ActiveCfg = Release|Any CPU
		{B55EDF1F-DE3F-4E00-A359-0D56BE67E197}.Debug|Any CPU.ActiveCfg = Debug|Any CPU
		{B55EDF1F-DE3F-4E00-A359-0D56BE67E197}.Debug|Any CPU.Build.0 = Debug|Any CPU
		{B55EDF1F-DE3F-4E00-A359-0D56BE67E197}.Debug|Mixed Platforms.ActiveCfg = Debug|Any CPU
		{B55EDF1F-DE3F-4E00-A359-0D56BE67E197}.Debug|Mixed Platforms.Build.0 = Debug|Any CPU
		{B55EDF1F-DE3F-4E00-A359-0D56BE67E197}.Debug|Win32.ActiveCfg = Debug|Any CPU
		{B55EDF1F-DE3F-4E00-A359-0D56BE67E197}.Release|Any CPU.ActiveCfg = Release|Any CPU
		{B55EDF1F-DE3F-4E00-A359-0D56BE67E197}.Release|Any CPU.Build.0 = Release|Any CPU
		{B55EDF1F-DE3F-4E00-A359-0D56BE67E197}.Release|Mixed Platforms.ActiveCfg = Release|Any CPU
		{B55EDF1F-DE3F-4E00-A359-0D56BE67E197}.Release|Mixed Platforms.Build.0 = Release|Any CPU
		{B55EDF1F-DE3F-4E00-A359-0D56BE67E197}.Release|Win32.ActiveCfg = Release|Any CPU
		{1696D4A9-E2DA-41B1-8A5A-CAE3E0F0F724}.Debug|Any CPU.ActiveCfg = Debug|Any CPU
		{1696D4A9-E2DA-41B1-8A5A-CAE3E0F0F724}.Debug|Any CPU.Build.0 = Debug|Any CPU
		{1696D4A9-E2DA-41B1-8A5A-CAE3E0F0F724}.Debug|Mixed Platforms.ActiveCfg = Debug|Any CPU
		{1696D4A9-E2DA-41B1-8A5A-CAE3E0F0F724}.Debug|Mixed Platforms.Build.0 = Debug|Any CPU
		{1696D4A9-E2DA-41B1-8A5A-CAE3E0F0F724}.Debug|Win32.ActiveCfg = Debug|Any CPU
		{1696D4A9-E2DA-41B1-8A5A-CAE3E0F0F724}.Release|Any CPU.ActiveCfg = Release|Any CPU
		{1696D4A9-E2DA-41B1-8A5A-CAE3E0F0F724}.Release|Any CPU.Build.0 = Release|Any CPU
		{1696D4A9-E2DA-41B1-8A5A-CAE3E0F0F724}.Release|Mixed Platforms.ActiveCfg = Release|Any CPU
		{1696D4A9-E2DA-41B1-8A5A-CAE3E0F0F724}.Release|Mixed Platforms.Build.0 = Release|Any CPU
		{1696D4A9-E2DA-41B1-8A5A-CAE3E0F0F724}.Release|Win32.ActiveCfg = Release|Any CPU
		{11A23709-8EA9-43B1-9982-B1DC08A50FD8}.Debug|Any CPU.ActiveCfg = Debug|Any CPU
		{11A23709-8EA9-43B1-9982-B1DC08A50FD8}.Debug|Any CPU.Build.0 = Debug|Any CPU
		{11A23709-8EA9-43B1-9982-B1DC08A50FD8}.Debug|Mixed Platforms.ActiveCfg = Debug|Any CPU
		{11A23709-8EA9-43B1-9982-B1DC08A50FD8}.Debug|Mixed Platforms.Build.0 = Debug|Any CPU
		{11A23709-8EA9-43B1-9982-B1DC08A50FD8}.Debug|Win32.ActiveCfg = Debug|Any CPU
		{11A23709-8EA9-43B1-9982-B1DC08A50FD8}.Release|Any CPU.ActiveCfg = Release|Any CPU
		{11A23709-8EA9-43B1-9982-B1DC08A50FD8}.Release|Any CPU.Build.0 = Release|Any CPU
		{11A23709-8EA9-43B1-9982-B1DC08A50FD8}.Release|Mixed Platforms.ActiveCfg = Release|Any CPU
		{11A23709-8EA9-43B1-9982-B1DC08A50FD8}.Release|Mixed Platforms.Build.0 = Release|Any CPU
		{11A23709-8EA9-43B1-9982-B1DC08A50FD8}.Release|Win32.ActiveCfg = Release|Any CPU
		{95AAE40F-B33D-4266-B134-F98FF7E115A7}.Debug|Any CPU.ActiveCfg = Debug|Any CPU
		{95AAE40F-B33D-4266-B134-F98FF7E115A7}.Debug|Any CPU.Build.0 = Debug|Any CPU
		{95AAE40F-B33D-4266-B134-F98FF7E115A7}.Debug|Mixed Platforms.ActiveCfg = Debug|Any CPU
		{95AAE40F-B33D-4266-B134-F98FF7E115A7}.Debug|Mixed Platforms.Build.0 = Debug|Any CPU
		{95AAE40F-B33D-4266-B134-F98FF7E115A7}.Debug|Win32.ActiveCfg = Debug|Any CPU
		{95AAE40F-B33D-4266-B134-F98FF7E115A7}.Release|Any CPU.ActiveCfg = Release|Any CPU
		{95AAE40F-B33D-4266-B134-F98FF7E115A7}.Release|Any CPU.Build.0 = Release|Any CPU
		{95AAE40F-B33D-4266-B134-F98FF7E115A7}.Release|Mixed Platforms.ActiveCfg = Release|Any CPU
		{95AAE40F-B33D-4266-B134-F98FF7E115A7}.Release|Mixed Platforms.Build.0 = Release|Any CPU
		{95AAE40F-B33D-4266-B134-F98FF7E115A7}.Release|Win32.ActiveCfg = Release|Any CPU
		{64C70DFC-E7B9-4293-B626-2C99C62208C8}.Debug|Any CPU.ActiveCfg = Debug|Any CPU
		{64C70DFC-E7B9-4293-B626-2C99C62208C8}.Debug|Any CPU.Build.0 = Debug|Any CPU
		{64C70DFC-E7B9-4293-B626-2C99C62208C8}.Debug|Mixed Platforms.ActiveCfg = Debug|Any CPU
		{64C70DFC-E7B9-4293-B626-2C99C62208C8}.Debug|Mixed Platforms.Build.0 = Debug|Any CPU
		{64C70DFC-E7B9-4293-B626-2C99C62208C8}.Debug|Win32.ActiveCfg = Debug|Any CPU
		{64C70DFC-E7B9-4293-B626-2C99C62208C8}.Release|Any CPU.ActiveCfg = Release|Any CPU
		{64C70DFC-E7B9-4293-B626-2C99C62208C8}.Release|Any CPU.Build.0 = Release|Any CPU
		{64C70DFC-E7B9-4293-B626-2C99C62208C8}.Release|Mixed Platforms.ActiveCfg = Release|Any CPU
		{64C70DFC-E7B9-4293-B626-2C99C62208C8}.Release|Mixed Platforms.Build.0 = Release|Any CPU
		{64C70DFC-E7B9-4293-B626-2C99C62208C8}.Release|Win32.ActiveCfg = Release|Any CPU
		{65D1DB34-9F12-48C6-88F8-3943E5A4609B}.Debug|Any CPU.ActiveCfg = Debug|Any CPU
		{65D1DB34-9F12-48C6-88F8-3943E5A4609B}.Debug|Any CPU.Build.0 = Debug|Any CPU
		{65D1DB34-9F12-48C6-88F8-3943E5A4609B}.Debug|Mixed Platforms.ActiveCfg = Debug|Any CPU
		{65D1DB34-9F12-48C6-88F8-3943E5A4609B}.Debug|Mixed Platforms.Build.0 = Debug|Any CPU
		{65D1DB34-9F12-48C6-88F8-3943E5A4609B}.Debug|Win32.ActiveCfg = Debug|Any CPU
		{65D1DB34-9F12-48C6-88F8-3943E5A4609B}.Release|Any CPU.ActiveCfg = Release|Any CPU
		{65D1DB34-9F12-48C6-88F8-3943E5A4609B}.Release|Any CPU.Build.0 = Release|Any CPU
		{65D1DB34-9F12-48C6-88F8-3943E5A4609B}.Release|Mixed Platforms.ActiveCfg = Release|Any CPU
		{65D1DB34-9F12-48C6-88F8-3943E5A4609B}.Release|Mixed Platforms.Build.0 = Release|Any CPU
		{65D1DB34-9F12-48C6-88F8-3943E5A4609B}.Release|Win32.ActiveCfg = Release|Any CPU
		{6511ADF0-747A-4278-9B49-650CCE3A5AF6}.Debug|Any CPU.ActiveCfg = Debug|Any CPU
		{6511ADF0-747A-4278-9B49-650CCE3A5AF6}.Debug|Any CPU.Build.0 = Debug|Any CPU
		{6511ADF0-747A-4278-9B49-650CCE3A5AF6}.Debug|Mixed Platforms.ActiveCfg = Debug|Any CPU
		{6511ADF0-747A-4278-9B49-650CCE3A5AF6}.Debug|Mixed Platforms.Build.0 = Debug|Any CPU
		{6511ADF0-747A-4278-9B49-650CCE3A5AF6}.Debug|Win32.ActiveCfg = Debug|Any CPU
		{6511ADF0-747A-4278-9B49-650CCE3A5AF6}.Release|Any CPU.ActiveCfg = Release|Any CPU
		{6511ADF0-747A-4278-9B49-650CCE3A5AF6}.Release|Any CPU.Build.0 = Release|Any CPU
		{6511ADF0-747A-4278-9B49-650CCE3A5AF6}.Release|Mixed Platforms.ActiveCfg = Release|Any CPU
		{6511ADF0-747A-4278-9B49-650CCE3A5AF6}.Release|Mixed Platforms.Build.0 = Release|Any CPU
		{6511ADF0-747A-4278-9B49-650CCE3A5AF6}.Release|Win32.ActiveCfg = Release|Any CPU
		{C934C8CE-39C8-45B7-AC38-F487CEA9B2D5}.Debug|Any CPU.ActiveCfg = Debug|Any CPU
		{C934C8CE-39C8-45B7-AC38-F487CEA9B2D5}.Debug|Any CPU.Build.0 = Debug|Any CPU
		{C934C8CE-39C8-45B7-AC38-F487CEA9B2D5}.Debug|Mixed Platforms.ActiveCfg = Debug|Any CPU
		{C934C8CE-39C8-45B7-AC38-F487CEA9B2D5}.Debug|Mixed Platforms.Build.0 = Debug|Any CPU
		{C934C8CE-39C8-45B7-AC38-F487CEA9B2D5}.Debug|Win32.ActiveCfg = Debug|Any CPU
		{C934C8CE-39C8-45B7-AC38-F487CEA9B2D5}.Release|Any CPU.ActiveCfg = Release|Any CPU
		{C934C8CE-39C8-45B7-AC38-F487CEA9B2D5}.Release|Any CPU.Build.0 = Release|Any CPU
		{C934C8CE-39C8-45B7-AC38-F487CEA9B2D5}.Release|Mixed Platforms.ActiveCfg = Release|Any CPU
		{C934C8CE-39C8-45B7-AC38-F487CEA9B2D5}.Release|Mixed Platforms.Build.0 = Release|Any CPU
		{C934C8CE-39C8-45B7-AC38-F487CEA9B2D5}.Release|Win32.ActiveCfg = Release|Any CPU
	EndGlobalSection
	GlobalSection(SolutionProperties) = preSolution
		HideSolutionNode = FALSE
	EndGlobalSection
	GlobalSection(NestedProjects) = preSolution
		{CC7F4606-886C-459A-8D3F-4CF4F316DA35} = {0033E4C0-D1DB-45CA-B4D8-1BDFF49DDBAB}
		{2D7B3C9F-1F19-41EA-9538-AE5D4B11388A} = {0033E4C0-D1DB-45CA-B4D8-1BDFF49DDBAB}
		{AC33A7F9-7FFA-4AC2-9362-3409BE1C4BB3} = {0033E4C0-D1DB-45CA-B4D8-1BDFF49DDBAB}
		{D9FF6AE7-5925-4A6D-9BD7-C4AC9D04C69F} = {0033E4C0-D1DB-45CA-B4D8-1BDFF49DDBAB}
		{FF5B16C6-BC4B-4150-A266-7A6EE1BD914F} = {0033E4C0-D1DB-45CA-B4D8-1BDFF49DDBAB}
		{D77DFBE9-EDB7-4740-9450-3F3CEF14B4B9} = {0033E4C0-D1DB-45CA-B4D8-1BDFF49DDBAB}
		{04FFC0EF-4B35-4673-9E82-D87562B1D288} = {0033E4C0-D1DB-45CA-B4D8-1BDFF49DDBAB}
		{61D5AD6B-55A2-4EEC-9F4B-DAD0FF7F7C01} = {0033E4C0-D1DB-45CA-B4D8-1BDFF49DDBAB}
		{9BFC33C8-238D-421C-B19B-D5FAC50CB15C} = {0033E4C0-D1DB-45CA-B4D8-1BDFF49DDBAB}
		{1696D4A9-E2DA-41B1-8A5A-CAE3E0F0F724} = {0033E4C0-D1DB-45CA-B4D8-1BDFF49DDBAB}
		{95AAE40F-B33D-4266-B134-F98FF7E115A7} = {0033E4C0-D1DB-45CA-B4D8-1BDFF49DDBAB}
		{64C70DFC-E7B9-4293-B626-2C99C62208C8} = {0033E4C0-D1DB-45CA-B4D8-1BDFF49DDBAB}
		{6511ADF0-747A-4278-9B49-650CCE3A5AF6} = {0033E4C0-D1DB-45CA-B4D8-1BDFF49DDBAB}
		{E883CD16-1749-43FA-B344-AD2928A8B00E} = {BBABD468-99FA-43E6-8E64-DAA6C3CFF2BE}
	EndGlobalSection
	GlobalSection(ExtensibilityGlobals) = postSolution
		VisualSVNWorkingCopyRoot = .
	EndGlobalSection
EndGlobal
