
Microsoft Visual Studio Solution File, Format Version 12.00
# Visual Studio 2013
VisualStudioVersion = 12.0.20623.1 VSUPREVIEW
MinimumVisualStudioVersion = 10.0.40219.1
Project("{FAE04EC0-301F-11D3-BF4B-00C04F79EFBC}") = "Chiro.CiviSync.Services", "Chiro.CiviSync.Services\Chiro.CiviSync.Services.csproj", "{30215F07-A682-4E89-8FF9-D33F705E9842}"
EndProject
Project("{FAE04EC0-301F-11D3-BF4B-00C04F79EFBC}") = "Chiro.Kip.ServiceContracts", "..\KipSync\Chiro.Kip.ServiceContracts\Chiro.Kip.ServiceContracts.csproj", "{6E81A10A-AD85-47A0-8B5D-70361F393CDD}"
EndProject
Global
	GlobalSection(SolutionConfigurationPlatforms) = preSolution
		Debug|Any CPU = Debug|Any CPU
		Release|Any CPU = Release|Any CPU
	EndGlobalSection
	GlobalSection(ProjectConfigurationPlatforms) = postSolution
		{30215F07-A682-4E89-8FF9-D33F705E9842}.Debug|Any CPU.ActiveCfg = Debug|Any CPU
		{30215F07-A682-4E89-8FF9-D33F705E9842}.Debug|Any CPU.Build.0 = Debug|Any CPU
		{30215F07-A682-4E89-8FF9-D33F705E9842}.Release|Any CPU.ActiveCfg = Release|Any CPU
		{30215F07-A682-4E89-8FF9-D33F705E9842}.Release|Any CPU.Build.0 = Release|Any CPU
		{6E81A10A-AD85-47A0-8B5D-70361F393CDD}.Debug|Any CPU.ActiveCfg = Debug|Any CPU
		{6E81A10A-AD85-47A0-8B5D-70361F393CDD}.Debug|Any CPU.Build.0 = Debug|Any CPU
		{6E81A10A-AD85-47A0-8B5D-70361F393CDD}.Release|Any CPU.ActiveCfg = Release|Any CPU
		{6E81A10A-AD85-47A0-8B5D-70361F393CDD}.Release|Any CPU.Build.0 = Release|Any CPU
	EndGlobalSection
	GlobalSection(SolutionProperties) = preSolution
		HideSolutionNode = FALSE
	EndGlobalSection
EndGlobal
