
Microsoft Visual Studio Solution File, Format Version 12.00
# Visual Studio 14
VisualStudioVersion = 14.0.24720.0
MinimumVisualStudioVersion = 10.0.40219.1
Project("{FAE04EC0-301F-11D3-BF4B-00C04F79EFBC}") = "Chiro.CiviSync.Services", "Chiro.CiviSync.Services\Chiro.CiviSync.Services.csproj", "{30215F07-A682-4E89-8FF9-D33F705E9842}"
EndProject
Project("{FAE04EC0-301F-11D3-BF4B-00C04F79EFBC}") = "Chiro.Kip.ServiceContracts", "Chiro.Kip.ServiceContracts\Chiro.Kip.ServiceContracts.csproj", "{6E81A10A-AD85-47A0-8B5D-70361F393CDD}"
EndProject
Project("{FAE04EC0-301F-11D3-BF4B-00C04F79EFBC}") = "Chiro.Cdf.Ioc", "..\..\Solution\Chiro.Cdf.Ioc\Chiro.Cdf.Ioc.csproj", "{C100E957-CEE2-4707-BF13-C64553C28C7B}"
EndProject
Project("{FAE04EC0-301F-11D3-BF4B-00C04F79EFBC}") = "Chiro.Cdf.ServiceModel", "..\..\Solution\Chiro.Cdf.ServiceModel\Chiro.Cdf.ServiceModel.csproj", "{E25A11AB-B2EB-4579-9DF5-D1761C464BAE}"
EndProject
Project("{FAE04EC0-301F-11D3-BF4B-00C04F79EFBC}") = "Chiro.Cdf.UnityWcfExtensions", "..\..\Solution\Chiro.Cdf.UnityWcfExtensions\Chiro.Cdf.UnityWcfExtensions.csproj", "{268708CB-F3E8-4AFA-9E61-824CFA27BE0E}"
EndProject
Project("{FAE04EC0-301F-11D3-BF4B-00C04F79EFBC}") = "Chiro.CiviCrm.BehaviorExtension", "..\Chiro.CiviCrm.Wcf\Chiro.CiviCrm.Behavior\Chiro.CiviCrm.BehaviorExtension.csproj", "{F39A9E29-95E9-4304-A42D-1266F81B5ECF}"
EndProject
Project("{FAE04EC0-301F-11D3-BF4B-00C04F79EFBC}") = "Chiro.CiviCrm.Api", "..\Chiro.CiviCrm.Wcf\Chiro.CiviCrm.Api\Chiro.CiviCrm.Api.csproj", "{C27C0FB3-740A-4705-98DF-3B237984C44F}"
EndProject
Project("{2150E333-8FDC-42A3-9474-1A3956D46DE8}") = ".nuget", ".nuget", "{A5218517-7DA2-4970-ACDA-72E422246FFB}"
EndProject
Project("{FAE04EC0-301F-11D3-BF4B-00C04F79EFBC}") = "Chiro.Cdf.ServiceHelper", "..\..\Solution\Chiro.Cdf.ServiceHelper\Chiro.Cdf.ServiceHelper.csproj", "{BAAC24EC-57C1-4108-94BA-40FC0977762A}"
EndProject
Project("{FAE04EC0-301F-11D3-BF4B-00C04F79EFBC}") = "Chiro.CiviSync.SyncServiceHost", "Chiro.CiviSync.ServiceHost\Chiro.CiviSync.SyncServiceHost.csproj", "{63CACA56-6D6E-4F6F-84BB-64FB52AA2595}"
EndProject
Project("{FAE04EC0-301F-11D3-BF4B-00C04F79EFBC}") = "Chiro.Gap.Log", "Chiro.Gap.Log\Chiro.Gap.Log.csproj", "{ECD4D26A-3775-44AC-BF6B-1E4391C27FAB}"
EndProject
Project("{FAE04EC0-301F-11D3-BF4B-00C04F79EFBC}") = "Chiro.CiviSync.Services.Test", "Chiro.CiviSync.Services.Test\Chiro.CiviSync.Services.Test.csproj", "{20CFA748-66F5-4DF3-AB3B-8F949D58A004}"
EndProject
Project("{FAE04EC0-301F-11D3-BF4B-00C04F79EFBC}") = "Chiro.Gap.UpdateApi.Models", "..\..\Solution\Chiro.Gap.UpdateApi.Models\Chiro.Gap.UpdateApi.Models.csproj", "{71FDD616-E12E-474E-A996-575A187824E2}"
EndProject
Project("{FAE04EC0-301F-11D3-BF4B-00C04F79EFBC}") = "Chiro.CiviSync.Logic", "Chiro.CiviSync.Logic\Chiro.CiviSync.Logic.csproj", "{3CCD93C2-0CB6-4562-B017-E2DF3F9AB0A4}"
EndProject
Project("{FAE04EC0-301F-11D3-BF4B-00C04F79EFBC}") = "Chiro.CiviSync.Mapping", "Chiro.CiviSync.Mapping\Chiro.CiviSync.Mapping.csproj", "{601725A8-680D-4E67-8C02-C987AF4EFF0B}"
EndProject
Project("{FAE04EC0-301F-11D3-BF4B-00C04F79EFBC}") = "Chiro.CiviSync.Workers", "Chiro.CiviSync.Workers\Chiro.CiviSync.Workers.csproj", "{9B8B6ADD-3963-440B-B00C-54F476ED353A}"
EndProject
Project("{FAE04EC0-301F-11D3-BF4B-00C04F79EFBC}") = "Chiro.Gap.UpdateApi.Client", "Chiro.Gap.UpdateApi.Client\Chiro.Gap.UpdateApi.Client.csproj", "{F1E20ACB-E9F6-4E25-8327-FA2AB35B86C8}"
EndProject
Project("{FAE04EC0-301F-11D3-BF4B-00C04F79EFBC}") = "Chiro.CiviSync.Mapping.Test", "Chiro.CiviSync.Mapping.Test\Chiro.CiviSync.Mapping.Test.csproj", "{516BBF7F-2508-47A3-84A1-1CDEFC17F2BD}"
EndProject
Project("{FAE04EC0-301F-11D3-BF4B-00C04F79EFBC}") = "Chiro.CiviSync.Workers.Test", "Chiro.CiviSync.Workers.Test\Chiro.CiviSync.Workers.Test.csproj", "{3ACA11BE-C315-432B-8B4E-CD5631C88771}"
EndProject
Project("{FAE04EC0-301F-11D3-BF4B-00C04F79EFBC}") = "Chiro.CiviSync.Logic.Test", "Chiro.CiviSync.Logic.Test\Chiro.CiviSync.Logic.Test.csproj", "{EE70AAF1-CF25-42F6-9048-057526D555DD}"
EndProject
Project("{FAE04EC0-301F-11D3-BF4B-00C04F79EFBC}") = "Chiro.CiviSync.ConsoleServiceHost", "Chiro.CiviSync.ConsoleServiceHost\Chiro.CiviSync.ConsoleServiceHost.csproj", "{62E4DF52-639E-4CFE-AD0F-2850604B280A}"
EndProject
Project("{FAE04EC0-301F-11D3-BF4B-00C04F79EFBC}") = "Chiro.Cdf.Ioc.Factory", "..\..\Solution\Chiro.Cdf.Ioc.Factory\Chiro.Cdf.Ioc.Factory.csproj", "{66147F76-9D76-46A6-8FCE-1BBE317A6093}"
EndProject
Project("{2150E333-8FDC-42A3-9474-1A3956D46DE8}") = "TestProjecten", "TestProjecten", "{72BA93C6-9519-450B-912B-5405F7E8361C}"
EndProject
Project("{FAE04EC0-301F-11D3-BF4B-00C04F79EFBC}") = "Chiro.CiviSync.Test.Mapping", "Chiro.CiviSync.Test.Mapping\Chiro.CiviSync.Test.Mapping.csproj", "{AAAC96BB-CB77-48CC-AE7C-D104AD560054}"
EndProject
Global
	GlobalSection(SolutionConfigurationPlatforms) = preSolution
		Debug|Any CPU = Debug|Any CPU
		Release|Any CPU = Release|Any CPU
	EndGlobalSection
	GlobalSection(ProjectConfigurationPlatforms) = postSolution
		{30215F07-A682-4E89-8FF9-D33F705E9842}.Debug|Any CPU.ActiveCfg = Debug|Any CPU
		{30215F07-A682-4E89-8FF9-D33F705E9842}.Debug|Any CPU.Build.0 = Debug|Any CPU
		{30215F07-A682-4E89-8FF9-D33F705E9842}.Release|Any CPU.ActiveCfg = Release|Any CPU
		{30215F07-A682-4E89-8FF9-D33F705E9842}.Release|Any CPU.Build.0 = Release|Any CPU
		{6E81A10A-AD85-47A0-8B5D-70361F393CDD}.Debug|Any CPU.ActiveCfg = Debug|Any CPU
		{6E81A10A-AD85-47A0-8B5D-70361F393CDD}.Debug|Any CPU.Build.0 = Debug|Any CPU
		{6E81A10A-AD85-47A0-8B5D-70361F393CDD}.Release|Any CPU.ActiveCfg = Release|Any CPU
		{6E81A10A-AD85-47A0-8B5D-70361F393CDD}.Release|Any CPU.Build.0 = Release|Any CPU
		{C100E957-CEE2-4707-BF13-C64553C28C7B}.Debug|Any CPU.ActiveCfg = Debug|Any CPU
		{C100E957-CEE2-4707-BF13-C64553C28C7B}.Debug|Any CPU.Build.0 = Debug|Any CPU
		{C100E957-CEE2-4707-BF13-C64553C28C7B}.Release|Any CPU.ActiveCfg = Release|Any CPU
		{C100E957-CEE2-4707-BF13-C64553C28C7B}.Release|Any CPU.Build.0 = Release|Any CPU
		{E25A11AB-B2EB-4579-9DF5-D1761C464BAE}.Debug|Any CPU.ActiveCfg = Debug|Any CPU
		{E25A11AB-B2EB-4579-9DF5-D1761C464BAE}.Debug|Any CPU.Build.0 = Debug|Any CPU
		{E25A11AB-B2EB-4579-9DF5-D1761C464BAE}.Release|Any CPU.ActiveCfg = Release|Any CPU
		{E25A11AB-B2EB-4579-9DF5-D1761C464BAE}.Release|Any CPU.Build.0 = Release|Any CPU
		{268708CB-F3E8-4AFA-9E61-824CFA27BE0E}.Debug|Any CPU.ActiveCfg = Debug|Any CPU
		{268708CB-F3E8-4AFA-9E61-824CFA27BE0E}.Debug|Any CPU.Build.0 = Debug|Any CPU
		{268708CB-F3E8-4AFA-9E61-824CFA27BE0E}.Release|Any CPU.ActiveCfg = Release|Any CPU
		{268708CB-F3E8-4AFA-9E61-824CFA27BE0E}.Release|Any CPU.Build.0 = Release|Any CPU
		{F39A9E29-95E9-4304-A42D-1266F81B5ECF}.Debug|Any CPU.ActiveCfg = Debug|Any CPU
		{F39A9E29-95E9-4304-A42D-1266F81B5ECF}.Debug|Any CPU.Build.0 = Debug|Any CPU
		{F39A9E29-95E9-4304-A42D-1266F81B5ECF}.Release|Any CPU.ActiveCfg = Release|Any CPU
		{F39A9E29-95E9-4304-A42D-1266F81B5ECF}.Release|Any CPU.Build.0 = Release|Any CPU
		{C27C0FB3-740A-4705-98DF-3B237984C44F}.Debug|Any CPU.ActiveCfg = Debug|Any CPU
		{C27C0FB3-740A-4705-98DF-3B237984C44F}.Debug|Any CPU.Build.0 = Debug|Any CPU
		{C27C0FB3-740A-4705-98DF-3B237984C44F}.Release|Any CPU.ActiveCfg = Release|Any CPU
		{C27C0FB3-740A-4705-98DF-3B237984C44F}.Release|Any CPU.Build.0 = Release|Any CPU
		{BAAC24EC-57C1-4108-94BA-40FC0977762A}.Debug|Any CPU.ActiveCfg = Debug|Any CPU
		{BAAC24EC-57C1-4108-94BA-40FC0977762A}.Debug|Any CPU.Build.0 = Debug|Any CPU
		{BAAC24EC-57C1-4108-94BA-40FC0977762A}.Release|Any CPU.ActiveCfg = Release|Any CPU
		{BAAC24EC-57C1-4108-94BA-40FC0977762A}.Release|Any CPU.Build.0 = Release|Any CPU
		{63CACA56-6D6E-4F6F-84BB-64FB52AA2595}.Debug|Any CPU.ActiveCfg = Debug|Any CPU
		{63CACA56-6D6E-4F6F-84BB-64FB52AA2595}.Debug|Any CPU.Build.0 = Debug|Any CPU
		{63CACA56-6D6E-4F6F-84BB-64FB52AA2595}.Release|Any CPU.ActiveCfg = Release|Any CPU
		{63CACA56-6D6E-4F6F-84BB-64FB52AA2595}.Release|Any CPU.Build.0 = Release|Any CPU
		{ECD4D26A-3775-44AC-BF6B-1E4391C27FAB}.Debug|Any CPU.ActiveCfg = Debug|Any CPU
		{ECD4D26A-3775-44AC-BF6B-1E4391C27FAB}.Debug|Any CPU.Build.0 = Debug|Any CPU
		{ECD4D26A-3775-44AC-BF6B-1E4391C27FAB}.Release|Any CPU.ActiveCfg = Release|Any CPU
		{ECD4D26A-3775-44AC-BF6B-1E4391C27FAB}.Release|Any CPU.Build.0 = Release|Any CPU
		{20CFA748-66F5-4DF3-AB3B-8F949D58A004}.Debug|Any CPU.ActiveCfg = Debug|Any CPU
		{20CFA748-66F5-4DF3-AB3B-8F949D58A004}.Debug|Any CPU.Build.0 = Debug|Any CPU
		{20CFA748-66F5-4DF3-AB3B-8F949D58A004}.Release|Any CPU.ActiveCfg = Release|Any CPU
		{20CFA748-66F5-4DF3-AB3B-8F949D58A004}.Release|Any CPU.Build.0 = Release|Any CPU
		{71FDD616-E12E-474E-A996-575A187824E2}.Debug|Any CPU.ActiveCfg = Debug|Any CPU
		{71FDD616-E12E-474E-A996-575A187824E2}.Debug|Any CPU.Build.0 = Debug|Any CPU
		{71FDD616-E12E-474E-A996-575A187824E2}.Release|Any CPU.ActiveCfg = Release|Any CPU
		{71FDD616-E12E-474E-A996-575A187824E2}.Release|Any CPU.Build.0 = Release|Any CPU
		{3CCD93C2-0CB6-4562-B017-E2DF3F9AB0A4}.Debug|Any CPU.ActiveCfg = Debug|Any CPU
		{3CCD93C2-0CB6-4562-B017-E2DF3F9AB0A4}.Debug|Any CPU.Build.0 = Debug|Any CPU
		{3CCD93C2-0CB6-4562-B017-E2DF3F9AB0A4}.Release|Any CPU.ActiveCfg = Release|Any CPU
		{3CCD93C2-0CB6-4562-B017-E2DF3F9AB0A4}.Release|Any CPU.Build.0 = Release|Any CPU
		{601725A8-680D-4E67-8C02-C987AF4EFF0B}.Debug|Any CPU.ActiveCfg = Debug|Any CPU
		{601725A8-680D-4E67-8C02-C987AF4EFF0B}.Debug|Any CPU.Build.0 = Debug|Any CPU
		{601725A8-680D-4E67-8C02-C987AF4EFF0B}.Release|Any CPU.ActiveCfg = Release|Any CPU
		{601725A8-680D-4E67-8C02-C987AF4EFF0B}.Release|Any CPU.Build.0 = Release|Any CPU
		{9B8B6ADD-3963-440B-B00C-54F476ED353A}.Debug|Any CPU.ActiveCfg = Debug|Any CPU
		{9B8B6ADD-3963-440B-B00C-54F476ED353A}.Debug|Any CPU.Build.0 = Debug|Any CPU
		{9B8B6ADD-3963-440B-B00C-54F476ED353A}.Release|Any CPU.ActiveCfg = Release|Any CPU
		{9B8B6ADD-3963-440B-B00C-54F476ED353A}.Release|Any CPU.Build.0 = Release|Any CPU
		{F1E20ACB-E9F6-4E25-8327-FA2AB35B86C8}.Debug|Any CPU.ActiveCfg = Debug|Any CPU
		{F1E20ACB-E9F6-4E25-8327-FA2AB35B86C8}.Debug|Any CPU.Build.0 = Debug|Any CPU
		{F1E20ACB-E9F6-4E25-8327-FA2AB35B86C8}.Release|Any CPU.ActiveCfg = Release|Any CPU
		{F1E20ACB-E9F6-4E25-8327-FA2AB35B86C8}.Release|Any CPU.Build.0 = Release|Any CPU
		{516BBF7F-2508-47A3-84A1-1CDEFC17F2BD}.Debug|Any CPU.ActiveCfg = Debug|Any CPU
		{516BBF7F-2508-47A3-84A1-1CDEFC17F2BD}.Debug|Any CPU.Build.0 = Debug|Any CPU
		{516BBF7F-2508-47A3-84A1-1CDEFC17F2BD}.Release|Any CPU.ActiveCfg = Release|Any CPU
		{516BBF7F-2508-47A3-84A1-1CDEFC17F2BD}.Release|Any CPU.Build.0 = Release|Any CPU
		{3ACA11BE-C315-432B-8B4E-CD5631C88771}.Debug|Any CPU.ActiveCfg = Debug|Any CPU
		{3ACA11BE-C315-432B-8B4E-CD5631C88771}.Debug|Any CPU.Build.0 = Debug|Any CPU
		{3ACA11BE-C315-432B-8B4E-CD5631C88771}.Release|Any CPU.ActiveCfg = Release|Any CPU
		{3ACA11BE-C315-432B-8B4E-CD5631C88771}.Release|Any CPU.Build.0 = Release|Any CPU
		{EE70AAF1-CF25-42F6-9048-057526D555DD}.Debug|Any CPU.ActiveCfg = Debug|Any CPU
		{EE70AAF1-CF25-42F6-9048-057526D555DD}.Debug|Any CPU.Build.0 = Debug|Any CPU
		{EE70AAF1-CF25-42F6-9048-057526D555DD}.Release|Any CPU.ActiveCfg = Release|Any CPU
		{EE70AAF1-CF25-42F6-9048-057526D555DD}.Release|Any CPU.Build.0 = Release|Any CPU
		{62E4DF52-639E-4CFE-AD0F-2850604B280A}.Debug|Any CPU.ActiveCfg = Debug|Any CPU
		{62E4DF52-639E-4CFE-AD0F-2850604B280A}.Debug|Any CPU.Build.0 = Debug|Any CPU
		{62E4DF52-639E-4CFE-AD0F-2850604B280A}.Release|Any CPU.ActiveCfg = Release|Any CPU
		{62E4DF52-639E-4CFE-AD0F-2850604B280A}.Release|Any CPU.Build.0 = Release|Any CPU
		{66147F76-9D76-46A6-8FCE-1BBE317A6093}.Debug|Any CPU.ActiveCfg = Debug|Any CPU
		{66147F76-9D76-46A6-8FCE-1BBE317A6093}.Debug|Any CPU.Build.0 = Debug|Any CPU
		{66147F76-9D76-46A6-8FCE-1BBE317A6093}.Release|Any CPU.ActiveCfg = Release|Any CPU
		{66147F76-9D76-46A6-8FCE-1BBE317A6093}.Release|Any CPU.Build.0 = Release|Any CPU
		{AAAC96BB-CB77-48CC-AE7C-D104AD560054}.Debug|Any CPU.ActiveCfg = Debug|Any CPU
		{AAAC96BB-CB77-48CC-AE7C-D104AD560054}.Debug|Any CPU.Build.0 = Debug|Any CPU
		{AAAC96BB-CB77-48CC-AE7C-D104AD560054}.Release|Any CPU.ActiveCfg = Release|Any CPU
		{AAAC96BB-CB77-48CC-AE7C-D104AD560054}.Release|Any CPU.Build.0 = Release|Any CPU
	EndGlobalSection
	GlobalSection(SolutionProperties) = preSolution
		HideSolutionNode = FALSE
	EndGlobalSection
	GlobalSection(NestedProjects) = preSolution
		{EE70AAF1-CF25-42F6-9048-057526D555DD} = {72BA93C6-9519-450B-912B-5405F7E8361C}
		{516BBF7F-2508-47A3-84A1-1CDEFC17F2BD} = {72BA93C6-9519-450B-912B-5405F7E8361C}
		{20CFA748-66F5-4DF3-AB3B-8F949D58A004} = {72BA93C6-9519-450B-912B-5405F7E8361C}
		{3ACA11BE-C315-432B-8B4E-CD5631C88771} = {72BA93C6-9519-450B-912B-5405F7E8361C}
		{AAAC96BB-CB77-48CC-AE7C-D104AD560054} = {72BA93C6-9519-450B-912B-5405F7E8361C}
	EndGlobalSection
EndGlobal
