
Microsoft Visual Studio Solution File, Format Version 10.00
# Visual Studio 2008
Project("{FAE04EC0-301F-11D3-BF4B-00C04F79EFBC}") = "Cg2.Core", "Cg2.Core\Cg2.Core.csproj", "{B863A1B0-5947-4A6C-9710-4111CDAB78B8}"
EndProject
Project("{FAE04EC0-301F-11D3-BF4B-00C04F79EFBC}") = "Cg2.Data", "Cg2.Data\Cg2.Data.csproj", "{F9197C38-63BC-4D2F-9F0A-8326C698B536}"
EndProject
Project("{FAE04EC0-301F-11D3-BF4B-00C04F79EFBC}") = "Cg2.Util", "Cg2.Util\Cg2.Util.csproj", "{1E2DCB4D-DA0D-4149-B90D-E036DEE38083}"
EndProject
Project("{FAE04EC0-301F-11D3-BF4B-00C04F79EFBC}") = "Cg2.Workers", "Cg2.Workers\Cg2.Workers.csproj", "{35E2AED7-7C0A-4B30-B7C8-24F9078AC32E}"
EndProject
Project("{FAE04EC0-301F-11D3-BF4B-00C04F79EFBC}") = "WebServices", "WebServices\WebServices.csproj", "{96D3E32A-0C40-4FDE-90CC-0EB0AC17E975}"
EndProject
Project("{FAE04EC0-301F-11D3-BF4B-00C04F79EFBC}") = "WebApp", "WebApp\WebApp.csproj", "{16C0ED90-95E9-4F53-B175-8207D918F68D}"
	ProjectSection(ProjectDependencies) = postProject
		{96D3E32A-0C40-4FDE-90CC-0EB0AC17E975} = {96D3E32A-0C40-4FDE-90CC-0EB0AC17E975}
	EndProjectSection
EndProject
Project("{FAE04EC0-301F-11D3-BF4B-00C04F79EFBC}") = "ZtommeConsoleApp", "ZtommeConsoleApp\ZtommeConsoleApp.csproj", "{3FC8D841-DAD7-4B0E-8F7C-3E198497059E}"
	ProjectSection(ProjectDependencies) = postProject
		{96D3E32A-0C40-4FDE-90CC-0EB0AC17E975} = {96D3E32A-0C40-4FDE-90CC-0EB0AC17E975}
	EndProjectSection
EndProject
Project("{FAE04EC0-301F-11D3-BF4B-00C04F79EFBC}") = "DomainTest", "DomainTest\DomainTest.csproj", "{F77BDAF9-2835-48F6-8F69-86F7B0405453}"
EndProject
Project("{2150E333-8FDC-42A3-9474-1A3956D46DE8}") = "Solution Items", "Solution Items", "{C7690C5A-BEF6-45B6-AC2F-7680E19159F4}"
	ProjectSection(SolutionItems) = preProject
		EntityFramework1.vsmdi = EntityFramework1.vsmdi
		LocalTestRun.testrunconfig = LocalTestRun.testrunconfig
	EndProjectSection
EndProject
Global
	GlobalSection(TestCaseManagementSettings) = postSolution
		CategoryFile = EntityFramework1.vsmdi
	EndGlobalSection
	GlobalSection(SolutionConfigurationPlatforms) = preSolution
		Debug|Any CPU = Debug|Any CPU
		Release|Any CPU = Release|Any CPU
	EndGlobalSection
	GlobalSection(ProjectConfigurationPlatforms) = postSolution
		{B863A1B0-5947-4A6C-9710-4111CDAB78B8}.Debug|Any CPU.ActiveCfg = Debug|Any CPU
		{B863A1B0-5947-4A6C-9710-4111CDAB78B8}.Debug|Any CPU.Build.0 = Debug|Any CPU
		{B863A1B0-5947-4A6C-9710-4111CDAB78B8}.Release|Any CPU.ActiveCfg = Release|Any CPU
		{B863A1B0-5947-4A6C-9710-4111CDAB78B8}.Release|Any CPU.Build.0 = Release|Any CPU
		{F9197C38-63BC-4D2F-9F0A-8326C698B536}.Debug|Any CPU.ActiveCfg = Debug|Any CPU
		{F9197C38-63BC-4D2F-9F0A-8326C698B536}.Debug|Any CPU.Build.0 = Debug|Any CPU
		{F9197C38-63BC-4D2F-9F0A-8326C698B536}.Release|Any CPU.ActiveCfg = Release|Any CPU
		{F9197C38-63BC-4D2F-9F0A-8326C698B536}.Release|Any CPU.Build.0 = Release|Any CPU
		{1E2DCB4D-DA0D-4149-B90D-E036DEE38083}.Debug|Any CPU.ActiveCfg = Debug|Any CPU
		{1E2DCB4D-DA0D-4149-B90D-E036DEE38083}.Debug|Any CPU.Build.0 = Debug|Any CPU
		{1E2DCB4D-DA0D-4149-B90D-E036DEE38083}.Release|Any CPU.ActiveCfg = Release|Any CPU
		{1E2DCB4D-DA0D-4149-B90D-E036DEE38083}.Release|Any CPU.Build.0 = Release|Any CPU
		{35E2AED7-7C0A-4B30-B7C8-24F9078AC32E}.Debug|Any CPU.ActiveCfg = Debug|Any CPU
		{35E2AED7-7C0A-4B30-B7C8-24F9078AC32E}.Debug|Any CPU.Build.0 = Debug|Any CPU
		{35E2AED7-7C0A-4B30-B7C8-24F9078AC32E}.Release|Any CPU.ActiveCfg = Release|Any CPU
		{35E2AED7-7C0A-4B30-B7C8-24F9078AC32E}.Release|Any CPU.Build.0 = Release|Any CPU
		{96D3E32A-0C40-4FDE-90CC-0EB0AC17E975}.Debug|Any CPU.ActiveCfg = Debug|Any CPU
		{96D3E32A-0C40-4FDE-90CC-0EB0AC17E975}.Debug|Any CPU.Build.0 = Debug|Any CPU
		{96D3E32A-0C40-4FDE-90CC-0EB0AC17E975}.Release|Any CPU.ActiveCfg = Release|Any CPU
		{96D3E32A-0C40-4FDE-90CC-0EB0AC17E975}.Release|Any CPU.Build.0 = Release|Any CPU
		{16C0ED90-95E9-4F53-B175-8207D918F68D}.Debug|Any CPU.ActiveCfg = Debug|Any CPU
		{16C0ED90-95E9-4F53-B175-8207D918F68D}.Debug|Any CPU.Build.0 = Debug|Any CPU
		{16C0ED90-95E9-4F53-B175-8207D918F68D}.Release|Any CPU.ActiveCfg = Release|Any CPU
		{16C0ED90-95E9-4F53-B175-8207D918F68D}.Release|Any CPU.Build.0 = Release|Any CPU
		{3FC8D841-DAD7-4B0E-8F7C-3E198497059E}.Debug|Any CPU.ActiveCfg = Debug|Any CPU
		{3FC8D841-DAD7-4B0E-8F7C-3E198497059E}.Debug|Any CPU.Build.0 = Debug|Any CPU
		{3FC8D841-DAD7-4B0E-8F7C-3E198497059E}.Release|Any CPU.ActiveCfg = Release|Any CPU
		{3FC8D841-DAD7-4B0E-8F7C-3E198497059E}.Release|Any CPU.Build.0 = Release|Any CPU
		{F77BDAF9-2835-48F6-8F69-86F7B0405453}.Debug|Any CPU.ActiveCfg = Debug|Any CPU
		{F77BDAF9-2835-48F6-8F69-86F7B0405453}.Debug|Any CPU.Build.0 = Debug|Any CPU
		{F77BDAF9-2835-48F6-8F69-86F7B0405453}.Release|Any CPU.ActiveCfg = Release|Any CPU
		{F77BDAF9-2835-48F6-8F69-86F7B0405453}.Release|Any CPU.Build.0 = Release|Any CPU
	EndGlobalSection
	GlobalSection(SolutionProperties) = preSolution
		HideSolutionNode = FALSE
	EndGlobalSection
EndGlobal
