
Microsoft Visual Studio Solution File, Format Version 12.00
# Visual Studio 14
VisualStudioVersion = 14.0.25420.1
MinimumVisualStudioVersion = 10.0.40219.1
Project("{FAE04EC0-301F-11D3-BF4B-00C04F79EFBC}") = "BackendTest", "BackendTest\BackendTest.csproj", "{56101464-A12C-446C-AF41-2207A7179ED4}"
EndProject
Project("{FAE04EC0-301F-11D3-BF4B-00C04F79EFBC}") = "Chiro.Gap.ServiceContracts", "..\..\Solution\Chiro.Gap.ServiceContracts\Chiro.Gap.ServiceContracts.csproj", "{8FAF739D-1058-4240-9466-BCA5DB8525D4}"
EndProject
Project("{FAE04EC0-301F-11D3-BF4B-00C04F79EFBC}") = "Chiro.Cdf.ServiceHelper", "..\..\Solution\Chiro.Cdf.ServiceHelper\Chiro.Cdf.ServiceHelper.csproj", "{BAAC24EC-57C1-4108-94BA-40FC0977762A}"
EndProject
Project("{FAE04EC0-301F-11D3-BF4B-00C04F79EFBC}") = "Chiro.Cdf.AdnrWcfExtension", "..\..\Solution\Chiro.Cdf.AdnrWcfExtension\Chiro.Cdf.AdnrWcfExtension.csproj", "{07954288-81A1-45B5-8D4A-349356FA8472}"
EndProject
Project("{FAE04EC0-301F-11D3-BF4B-00C04F79EFBC}") = "Chiro.Cdf.Ioc.Factory", "..\..\Solution\Chiro.Cdf.Ioc.Factory\Chiro.Cdf.Ioc.Factory.csproj", "{66147F76-9D76-46A6-8FCE-1BBE317A6093}"
EndProject
Project("{FAE04EC0-301F-11D3-BF4B-00C04F79EFBC}") = "Chiro.Cdf.Authentication.Dev", "..\..\Solution\Chiro.Cdf.Authentication.DevDummy\Chiro.Cdf.Authentication.Dev.csproj", "{80B76267-F691-4549-9811-E94E057104CD}"
EndProject
Global
	GlobalSection(SolutionConfigurationPlatforms) = preSolution
		Debug|Any CPU = Debug|Any CPU
		Release|Any CPU = Release|Any CPU
	EndGlobalSection
	GlobalSection(ProjectConfigurationPlatforms) = postSolution
		{56101464-A12C-446C-AF41-2207A7179ED4}.Debug|Any CPU.ActiveCfg = Debug|Any CPU
		{56101464-A12C-446C-AF41-2207A7179ED4}.Debug|Any CPU.Build.0 = Debug|Any CPU
		{56101464-A12C-446C-AF41-2207A7179ED4}.Release|Any CPU.ActiveCfg = Release|Any CPU
		{56101464-A12C-446C-AF41-2207A7179ED4}.Release|Any CPU.Build.0 = Release|Any CPU
		{8FAF739D-1058-4240-9466-BCA5DB8525D4}.Debug|Any CPU.ActiveCfg = Debug|Any CPU
		{8FAF739D-1058-4240-9466-BCA5DB8525D4}.Debug|Any CPU.Build.0 = Debug|Any CPU
		{8FAF739D-1058-4240-9466-BCA5DB8525D4}.Release|Any CPU.ActiveCfg = Release|Any CPU
		{8FAF739D-1058-4240-9466-BCA5DB8525D4}.Release|Any CPU.Build.0 = Release|Any CPU
		{BAAC24EC-57C1-4108-94BA-40FC0977762A}.Debug|Any CPU.ActiveCfg = Debug|Any CPU
		{BAAC24EC-57C1-4108-94BA-40FC0977762A}.Debug|Any CPU.Build.0 = Debug|Any CPU
		{BAAC24EC-57C1-4108-94BA-40FC0977762A}.Release|Any CPU.ActiveCfg = Release|Any CPU
		{BAAC24EC-57C1-4108-94BA-40FC0977762A}.Release|Any CPU.Build.0 = Release|Any CPU
		{07954288-81A1-45B5-8D4A-349356FA8472}.Debug|Any CPU.ActiveCfg = Debug|Any CPU
		{07954288-81A1-45B5-8D4A-349356FA8472}.Debug|Any CPU.Build.0 = Debug|Any CPU
		{07954288-81A1-45B5-8D4A-349356FA8472}.Release|Any CPU.ActiveCfg = Release|Any CPU
		{07954288-81A1-45B5-8D4A-349356FA8472}.Release|Any CPU.Build.0 = Release|Any CPU
		{66147F76-9D76-46A6-8FCE-1BBE317A6093}.Debug|Any CPU.ActiveCfg = Debug|Any CPU
		{66147F76-9D76-46A6-8FCE-1BBE317A6093}.Debug|Any CPU.Build.0 = Debug|Any CPU
		{66147F76-9D76-46A6-8FCE-1BBE317A6093}.Release|Any CPU.ActiveCfg = Release|Any CPU
		{66147F76-9D76-46A6-8FCE-1BBE317A6093}.Release|Any CPU.Build.0 = Release|Any CPU
		{80B76267-F691-4549-9811-E94E057104CD}.Debug|Any CPU.ActiveCfg = Debug|Any CPU
		{80B76267-F691-4549-9811-E94E057104CD}.Debug|Any CPU.Build.0 = Debug|Any CPU
		{80B76267-F691-4549-9811-E94E057104CD}.Release|Any CPU.ActiveCfg = Release|Any CPU
		{80B76267-F691-4549-9811-E94E057104CD}.Release|Any CPU.Build.0 = Release|Any CPU
	EndGlobalSection
	GlobalSection(SolutionProperties) = preSolution
		HideSolutionNode = FALSE
	EndGlobalSection
EndGlobal
