
Microsoft Visual Studio Solution File, Format Version 10.00
# Visual Studio 2008
Project("{FAE04EC0-301F-11D3-BF4B-00C04F79EFBC}") = "Chiro.Kip.Data", "Chiro.Kip.Data\Chiro.Kip.Data.csproj", "{6E07BADE-3705-44AB-A77A-41189D14806F}"
EndProject
Project("{FAE04EC0-301F-11D3-BF4B-00C04F79EFBC}") = "Chiro.Kip.Services", "Chiro.Kip.Services\Chiro.Kip.Services.csproj", "{EE6869D3-FA60-4DBA-9A0D-F459F8DC6E9B}"
EndProject
Project("{FAE04EC0-301F-11D3-BF4B-00C04F79EFBC}") = "Chiro.Kip.ConsoleServiceHost", "Chiro.Kip.ConsoleServiceHost\Chiro.Kip.ConsoleServiceHost.csproj", "{8B6789B3-DE67-4EAA-BC24-72C15DCB0E53}"
EndProject
Project("{FAE04EC0-301F-11D3-BF4B-00C04F79EFBC}") = "Chiro.Cdf.ServiceModel", "Chiro.Cdf.ServiceModel\Chiro.Cdf.ServiceModel.csproj", "{E25A11AB-B2EB-4579-9DF5-D1761C464BAE}"
EndProject
Project("{2150E333-8FDC-42A3-9474-1A3956D46DE8}") = "Solution Items", "Solution Items", "{F8A21DB2-33C9-4350-952D-12A2B85DFD90}"
	ProjectSection(SolutionItems) = preProject
		KipSync.vsmdi = KipSync.vsmdi
		LocalTestRun.testrunconfig = LocalTestRun.testrunconfig
	EndProjectSection
EndProject
Project("{2150E333-8FDC-42A3-9474-1A3956D46DE8}") = "TestProjecten", "TestProjecten", "{59077D46-383E-4E2D-A59C-81FFB5F9597A}"
EndProject
Project("{FAE04EC0-301F-11D3-BF4B-00C04F79EFBC}") = "Chiro.Kip.Services.Test", "Test\Chiro.Kip.Services.Test\Chiro.Kip.Services.Test.csproj", "{BD1B30CF-F53D-47DB-B429-EF6C7E65985E}"
EndProject
Global
	GlobalSection(TestCaseManagementSettings) = postSolution
		CategoryFile = KipSync.vsmdi
	EndGlobalSection
	GlobalSection(SolutionConfigurationPlatforms) = preSolution
		Debug|Any CPU = Debug|Any CPU
		Release|Any CPU = Release|Any CPU
	EndGlobalSection
	GlobalSection(ProjectConfigurationPlatforms) = postSolution
		{6E07BADE-3705-44AB-A77A-41189D14806F}.Debug|Any CPU.ActiveCfg = Debug|Any CPU
		{6E07BADE-3705-44AB-A77A-41189D14806F}.Debug|Any CPU.Build.0 = Debug|Any CPU
		{6E07BADE-3705-44AB-A77A-41189D14806F}.Release|Any CPU.ActiveCfg = Release|Any CPU
		{6E07BADE-3705-44AB-A77A-41189D14806F}.Release|Any CPU.Build.0 = Release|Any CPU
		{EE6869D3-FA60-4DBA-9A0D-F459F8DC6E9B}.Debug|Any CPU.ActiveCfg = Debug|Any CPU
		{EE6869D3-FA60-4DBA-9A0D-F459F8DC6E9B}.Debug|Any CPU.Build.0 = Debug|Any CPU
		{EE6869D3-FA60-4DBA-9A0D-F459F8DC6E9B}.Release|Any CPU.ActiveCfg = Release|Any CPU
		{EE6869D3-FA60-4DBA-9A0D-F459F8DC6E9B}.Release|Any CPU.Build.0 = Release|Any CPU
		{8B6789B3-DE67-4EAA-BC24-72C15DCB0E53}.Debug|Any CPU.ActiveCfg = Debug|Any CPU
		{8B6789B3-DE67-4EAA-BC24-72C15DCB0E53}.Debug|Any CPU.Build.0 = Debug|Any CPU
		{8B6789B3-DE67-4EAA-BC24-72C15DCB0E53}.Release|Any CPU.ActiveCfg = Release|Any CPU
		{8B6789B3-DE67-4EAA-BC24-72C15DCB0E53}.Release|Any CPU.Build.0 = Release|Any CPU
		{E25A11AB-B2EB-4579-9DF5-D1761C464BAE}.Debug|Any CPU.ActiveCfg = Debug|Any CPU
		{E25A11AB-B2EB-4579-9DF5-D1761C464BAE}.Debug|Any CPU.Build.0 = Debug|Any CPU
		{E25A11AB-B2EB-4579-9DF5-D1761C464BAE}.Release|Any CPU.ActiveCfg = Release|Any CPU
		{E25A11AB-B2EB-4579-9DF5-D1761C464BAE}.Release|Any CPU.Build.0 = Release|Any CPU
		{BD1B30CF-F53D-47DB-B429-EF6C7E65985E}.Debug|Any CPU.ActiveCfg = Debug|Any CPU
		{BD1B30CF-F53D-47DB-B429-EF6C7E65985E}.Debug|Any CPU.Build.0 = Debug|Any CPU
		{BD1B30CF-F53D-47DB-B429-EF6C7E65985E}.Release|Any CPU.ActiveCfg = Release|Any CPU
		{BD1B30CF-F53D-47DB-B429-EF6C7E65985E}.Release|Any CPU.Build.0 = Release|Any CPU
	EndGlobalSection
	GlobalSection(SolutionProperties) = preSolution
		HideSolutionNode = FALSE
	EndGlobalSection
	GlobalSection(NestedProjects) = preSolution
		{BD1B30CF-F53D-47DB-B429-EF6C7E65985E} = {59077D46-383E-4E2D-A59C-81FFB5F9597A}
	EndGlobalSection
	GlobalSection(ExtensibilityGlobals) = postSolution
		VisualSVNWorkingCopyRoot = .
	EndGlobalSection
EndGlobal
