
Microsoft Visual Studio Solution File, Format Version 12.00
# Visual Studio 14
VisualStudioVersion = 14.0.24720.0
MinimumVisualStudioVersion = 10.0.40219.1
Project("{2150E333-8FDC-42A3-9474-1A3956D46DE8}") = "Solution Items", "Solution Items", "{7616F15C-CCB6-48AF-9DC4-5AFB580354F4}"
	ProjectSection(SolutionItems) = preProject
		Local.testsettings = Local.testsettings
		LoginService.vsmdi = LoginService.vsmdi
		TraceAndTestImpact.testsettings = TraceAndTestImpact.testsettings
	EndProjectSection
EndProject
Project("{FAE04EC0-301F-11D3-BF4B-00C04F79EFBC}") = "Chiro.Ad.ServiceContracts", "Chiro.Ad.ServiceContracts\Chiro.Ad.ServiceContracts.csproj", "{D1E7BBDD-D833-4DC1-AF39-287448612425}"
EndProject
Project("{FAE04EC0-301F-11D3-BF4B-00C04F79EFBC}") = "Chiro.Ad.Domain", "Chiro.Ad.Domain\Chiro.Ad.Domain.csproj", "{3C42C96B-2F4C-46DC-B24D-0ECEB9BC4EDD}"
EndProject
Project("{FAE04EC0-301F-11D3-BF4B-00C04F79EFBC}") = "Chiro.Ad.LoginService", "Chiro.Ad.LoginService\Chiro.Ad.LoginService.csproj", "{12DF63A0-A651-43E9-B72C-293C79EBB068}"
EndProject
Project("{FAE04EC0-301F-11D3-BF4B-00C04F79EFBC}") = "Chiro.Ad.LoginService.Test", "Chiro.Ad.Test\Chiro.Ad.LoginService.Test.csproj", "{34840A20-9F35-4509-979D-CC86B9F0C249}"
	ProjectSection(ProjectDependencies) = postProject
		{12DF63A0-A651-43E9-B72C-293C79EBB068} = {12DF63A0-A651-43E9-B72C-293C79EBB068}
	EndProjectSection
EndProject
Project("{FAE04EC0-301F-11D3-BF4B-00C04F79EFBC}") = "Chiro.Cdf.Mailer", "Chiro.Cdf.Mailer\Chiro.Cdf.Mailer.csproj", "{18FF2008-106F-48A6-BEFB-5F8B301354D0}"
EndProject
Project("{FAE04EC0-301F-11D3-BF4B-00C04F79EFBC}") = "Chiro.Ad.Workers", "Chiro.Ad.Workers\Chiro.Ad.Workers.csproj", "{C28DE7B1-76DF-4C38-8F25-184A9248A81C}"
EndProject
Project("{FAE04EC0-301F-11D3-BF4B-00C04F79EFBC}") = "Chiro.Cdf.Ioc", "..\..\Solution\Chiro.Cdf.Ioc\Chiro.Cdf.Ioc.csproj", "{C100E957-CEE2-4707-BF13-C64553C28C7B}"
EndProject
Project("{FAE04EC0-301F-11D3-BF4B-00C04F79EFBC}") = "Chiro.Cdf.ServiceHelper", "..\..\Solution\Chiro.Cdf.ServiceHelper\Chiro.Cdf.ServiceHelper.csproj", "{BAAC24EC-57C1-4108-94BA-40FC0977762A}"
EndProject
Project("{FAE04EC0-301F-11D3-BF4B-00C04F79EFBC}") = "Chiro.Cdf.UnityWcfExtensions", "..\..\Solution\Chiro.Cdf.UnityWcfExtensions\Chiro.Cdf.UnityWcfExtensions.csproj", "{268708CB-F3E8-4AFA-9E61-824CFA27BE0E}"
EndProject
Project("{FAE04EC0-301F-11D3-BF4B-00C04F79EFBC}") = "Chiro.Cdf.Ioc.Factory", "..\..\Solution\Chiro.Cdf.Ioc.Factory\Chiro.Cdf.Ioc.Factory.csproj", "{66147F76-9D76-46A6-8FCE-1BBE317A6093}"
EndProject
Project("{FAE04EC0-301F-11D3-BF4B-00C04F79EFBC}") = "Chiro.Ad.DirectoryAccess", "Chiro.Ad.DirectoryAccess\Chiro.Ad.DirectoryAccess.csproj", "{1D5593DC-4E17-4397-948D-596786C9A655}"
EndProject
Project("{FAE04EC0-301F-11D3-BF4B-00C04F79EFBC}") = "Chiro.Ad.DirectoryInterface", "Chiro.Ad.DirectoryInterface\Chiro.Ad.DirectoryInterface.csproj", "{542E08CF-5551-4406-BD15-707AC97F61DA}"
EndProject
Project("{FAE04EC0-301F-11D3-BF4B-00C04F79EFBC}") = "Chiro.Ad.Workers.Test", "Chiro.Ad.Workers.Test\Chiro.Ad.Workers.Test.csproj", "{B7FD175C-D61B-4671-9A08-448A2F506CF1}"
EndProject
Global
	GlobalSection(SolutionConfigurationPlatforms) = preSolution
		Debug|Any CPU = Debug|Any CPU
		Debug|Mixed Platforms = Debug|Mixed Platforms
		Debug|x86 = Debug|x86
		Release|Any CPU = Release|Any CPU
		Release|Mixed Platforms = Release|Mixed Platforms
		Release|x86 = Release|x86
	EndGlobalSection
	GlobalSection(ProjectConfigurationPlatforms) = postSolution
		{D1E7BBDD-D833-4DC1-AF39-287448612425}.Debug|Any CPU.ActiveCfg = Debug|Any CPU
		{D1E7BBDD-D833-4DC1-AF39-287448612425}.Debug|Any CPU.Build.0 = Debug|Any CPU
		{D1E7BBDD-D833-4DC1-AF39-287448612425}.Debug|Mixed Platforms.ActiveCfg = Debug|Any CPU
		{D1E7BBDD-D833-4DC1-AF39-287448612425}.Debug|Mixed Platforms.Build.0 = Debug|Any CPU
		{D1E7BBDD-D833-4DC1-AF39-287448612425}.Debug|x86.ActiveCfg = Debug|Any CPU
		{D1E7BBDD-D833-4DC1-AF39-287448612425}.Release|Any CPU.ActiveCfg = Release|Any CPU
		{D1E7BBDD-D833-4DC1-AF39-287448612425}.Release|Any CPU.Build.0 = Release|Any CPU
		{D1E7BBDD-D833-4DC1-AF39-287448612425}.Release|Mixed Platforms.ActiveCfg = Release|Any CPU
		{D1E7BBDD-D833-4DC1-AF39-287448612425}.Release|Mixed Platforms.Build.0 = Release|Any CPU
		{D1E7BBDD-D833-4DC1-AF39-287448612425}.Release|x86.ActiveCfg = Release|Any CPU
		{3C42C96B-2F4C-46DC-B24D-0ECEB9BC4EDD}.Debug|Any CPU.ActiveCfg = Debug|Any CPU
		{3C42C96B-2F4C-46DC-B24D-0ECEB9BC4EDD}.Debug|Any CPU.Build.0 = Debug|Any CPU
		{3C42C96B-2F4C-46DC-B24D-0ECEB9BC4EDD}.Debug|Mixed Platforms.ActiveCfg = Debug|Any CPU
		{3C42C96B-2F4C-46DC-B24D-0ECEB9BC4EDD}.Debug|Mixed Platforms.Build.0 = Debug|Any CPU
		{3C42C96B-2F4C-46DC-B24D-0ECEB9BC4EDD}.Debug|x86.ActiveCfg = Debug|Any CPU
		{3C42C96B-2F4C-46DC-B24D-0ECEB9BC4EDD}.Release|Any CPU.ActiveCfg = Release|Any CPU
		{3C42C96B-2F4C-46DC-B24D-0ECEB9BC4EDD}.Release|Any CPU.Build.0 = Release|Any CPU
		{3C42C96B-2F4C-46DC-B24D-0ECEB9BC4EDD}.Release|Mixed Platforms.ActiveCfg = Release|Any CPU
		{3C42C96B-2F4C-46DC-B24D-0ECEB9BC4EDD}.Release|Mixed Platforms.Build.0 = Release|Any CPU
		{3C42C96B-2F4C-46DC-B24D-0ECEB9BC4EDD}.Release|x86.ActiveCfg = Release|Any CPU
		{12DF63A0-A651-43E9-B72C-293C79EBB068}.Debug|Any CPU.ActiveCfg = Debug|Any CPU
		{12DF63A0-A651-43E9-B72C-293C79EBB068}.Debug|Any CPU.Build.0 = Debug|Any CPU
		{12DF63A0-A651-43E9-B72C-293C79EBB068}.Debug|Mixed Platforms.ActiveCfg = Debug|Any CPU
		{12DF63A0-A651-43E9-B72C-293C79EBB068}.Debug|Mixed Platforms.Build.0 = Debug|Any CPU
		{12DF63A0-A651-43E9-B72C-293C79EBB068}.Debug|x86.ActiveCfg = Debug|Any CPU
		{12DF63A0-A651-43E9-B72C-293C79EBB068}.Release|Any CPU.ActiveCfg = Release|Any CPU
		{12DF63A0-A651-43E9-B72C-293C79EBB068}.Release|Any CPU.Build.0 = Release|Any CPU
		{12DF63A0-A651-43E9-B72C-293C79EBB068}.Release|Mixed Platforms.ActiveCfg = Release|Any CPU
		{12DF63A0-A651-43E9-B72C-293C79EBB068}.Release|Mixed Platforms.Build.0 = Release|Any CPU
		{12DF63A0-A651-43E9-B72C-293C79EBB068}.Release|x86.ActiveCfg = Release|Any CPU
		{34840A20-9F35-4509-979D-CC86B9F0C249}.Debug|Any CPU.ActiveCfg = Debug|Any CPU
		{34840A20-9F35-4509-979D-CC86B9F0C249}.Debug|Any CPU.Build.0 = Debug|Any CPU
		{34840A20-9F35-4509-979D-CC86B9F0C249}.Debug|Mixed Platforms.ActiveCfg = Debug|Any CPU
		{34840A20-9F35-4509-979D-CC86B9F0C249}.Debug|Mixed Platforms.Build.0 = Debug|Any CPU
		{34840A20-9F35-4509-979D-CC86B9F0C249}.Debug|x86.ActiveCfg = Debug|Any CPU
		{34840A20-9F35-4509-979D-CC86B9F0C249}.Release|Any CPU.ActiveCfg = Release|Any CPU
		{34840A20-9F35-4509-979D-CC86B9F0C249}.Release|Any CPU.Build.0 = Release|Any CPU
		{34840A20-9F35-4509-979D-CC86B9F0C249}.Release|Mixed Platforms.ActiveCfg = Release|Any CPU
		{34840A20-9F35-4509-979D-CC86B9F0C249}.Release|Mixed Platforms.Build.0 = Release|Any CPU
		{34840A20-9F35-4509-979D-CC86B9F0C249}.Release|x86.ActiveCfg = Release|Any CPU
		{18FF2008-106F-48A6-BEFB-5F8B301354D0}.Debug|Any CPU.ActiveCfg = Debug|Any CPU
		{18FF2008-106F-48A6-BEFB-5F8B301354D0}.Debug|Any CPU.Build.0 = Debug|Any CPU
		{18FF2008-106F-48A6-BEFB-5F8B301354D0}.Debug|Mixed Platforms.ActiveCfg = Debug|Any CPU
		{18FF2008-106F-48A6-BEFB-5F8B301354D0}.Debug|Mixed Platforms.Build.0 = Debug|Any CPU
		{18FF2008-106F-48A6-BEFB-5F8B301354D0}.Debug|x86.ActiveCfg = Debug|Any CPU
		{18FF2008-106F-48A6-BEFB-5F8B301354D0}.Release|Any CPU.ActiveCfg = Release|Any CPU
		{18FF2008-106F-48A6-BEFB-5F8B301354D0}.Release|Any CPU.Build.0 = Release|Any CPU
		{18FF2008-106F-48A6-BEFB-5F8B301354D0}.Release|Mixed Platforms.ActiveCfg = Release|Any CPU
		{18FF2008-106F-48A6-BEFB-5F8B301354D0}.Release|Mixed Platforms.Build.0 = Release|Any CPU
		{18FF2008-106F-48A6-BEFB-5F8B301354D0}.Release|x86.ActiveCfg = Release|Any CPU
		{C28DE7B1-76DF-4C38-8F25-184A9248A81C}.Debug|Any CPU.ActiveCfg = Debug|Any CPU
		{C28DE7B1-76DF-4C38-8F25-184A9248A81C}.Debug|Any CPU.Build.0 = Debug|Any CPU
		{C28DE7B1-76DF-4C38-8F25-184A9248A81C}.Debug|Mixed Platforms.ActiveCfg = Debug|Any CPU
		{C28DE7B1-76DF-4C38-8F25-184A9248A81C}.Debug|Mixed Platforms.Build.0 = Debug|Any CPU
		{C28DE7B1-76DF-4C38-8F25-184A9248A81C}.Debug|x86.ActiveCfg = Debug|Any CPU
		{C28DE7B1-76DF-4C38-8F25-184A9248A81C}.Release|Any CPU.ActiveCfg = Release|Any CPU
		{C28DE7B1-76DF-4C38-8F25-184A9248A81C}.Release|Any CPU.Build.0 = Release|Any CPU
		{C28DE7B1-76DF-4C38-8F25-184A9248A81C}.Release|Mixed Platforms.ActiveCfg = Release|Any CPU
		{C28DE7B1-76DF-4C38-8F25-184A9248A81C}.Release|Mixed Platforms.Build.0 = Release|Any CPU
		{C28DE7B1-76DF-4C38-8F25-184A9248A81C}.Release|x86.ActiveCfg = Release|Any CPU
		{C100E957-CEE2-4707-BF13-C64553C28C7B}.Debug|Any CPU.ActiveCfg = Debug|Any CPU
		{C100E957-CEE2-4707-BF13-C64553C28C7B}.Debug|Any CPU.Build.0 = Debug|Any CPU
		{C100E957-CEE2-4707-BF13-C64553C28C7B}.Debug|Mixed Platforms.ActiveCfg = Debug|Any CPU
		{C100E957-CEE2-4707-BF13-C64553C28C7B}.Debug|Mixed Platforms.Build.0 = Debug|Any CPU
		{C100E957-CEE2-4707-BF13-C64553C28C7B}.Debug|x86.ActiveCfg = Debug|Any CPU
		{C100E957-CEE2-4707-BF13-C64553C28C7B}.Release|Any CPU.ActiveCfg = Release|Any CPU
		{C100E957-CEE2-4707-BF13-C64553C28C7B}.Release|Any CPU.Build.0 = Release|Any CPU
		{C100E957-CEE2-4707-BF13-C64553C28C7B}.Release|Mixed Platforms.ActiveCfg = Release|Any CPU
		{C100E957-CEE2-4707-BF13-C64553C28C7B}.Release|Mixed Platforms.Build.0 = Release|Any CPU
		{C100E957-CEE2-4707-BF13-C64553C28C7B}.Release|x86.ActiveCfg = Release|Any CPU
		{BAAC24EC-57C1-4108-94BA-40FC0977762A}.Debug|Any CPU.ActiveCfg = Debug|Any CPU
		{BAAC24EC-57C1-4108-94BA-40FC0977762A}.Debug|Any CPU.Build.0 = Debug|Any CPU
		{BAAC24EC-57C1-4108-94BA-40FC0977762A}.Debug|Mixed Platforms.ActiveCfg = Debug|Any CPU
		{BAAC24EC-57C1-4108-94BA-40FC0977762A}.Debug|Mixed Platforms.Build.0 = Debug|Any CPU
		{BAAC24EC-57C1-4108-94BA-40FC0977762A}.Debug|x86.ActiveCfg = Debug|Any CPU
		{BAAC24EC-57C1-4108-94BA-40FC0977762A}.Release|Any CPU.ActiveCfg = Release|Any CPU
		{BAAC24EC-57C1-4108-94BA-40FC0977762A}.Release|Any CPU.Build.0 = Release|Any CPU
		{BAAC24EC-57C1-4108-94BA-40FC0977762A}.Release|Mixed Platforms.ActiveCfg = Release|Any CPU
		{BAAC24EC-57C1-4108-94BA-40FC0977762A}.Release|Mixed Platforms.Build.0 = Release|Any CPU
		{BAAC24EC-57C1-4108-94BA-40FC0977762A}.Release|x86.ActiveCfg = Release|Any CPU
		{268708CB-F3E8-4AFA-9E61-824CFA27BE0E}.Debug|Any CPU.ActiveCfg = Debug|Any CPU
		{268708CB-F3E8-4AFA-9E61-824CFA27BE0E}.Debug|Any CPU.Build.0 = Debug|Any CPU
		{268708CB-F3E8-4AFA-9E61-824CFA27BE0E}.Debug|Mixed Platforms.ActiveCfg = Debug|Any CPU
		{268708CB-F3E8-4AFA-9E61-824CFA27BE0E}.Debug|Mixed Platforms.Build.0 = Debug|Any CPU
		{268708CB-F3E8-4AFA-9E61-824CFA27BE0E}.Debug|x86.ActiveCfg = Debug|Any CPU
		{268708CB-F3E8-4AFA-9E61-824CFA27BE0E}.Release|Any CPU.ActiveCfg = Release|Any CPU
		{268708CB-F3E8-4AFA-9E61-824CFA27BE0E}.Release|Any CPU.Build.0 = Release|Any CPU
		{268708CB-F3E8-4AFA-9E61-824CFA27BE0E}.Release|Mixed Platforms.ActiveCfg = Release|Any CPU
		{268708CB-F3E8-4AFA-9E61-824CFA27BE0E}.Release|Mixed Platforms.Build.0 = Release|Any CPU
		{268708CB-F3E8-4AFA-9E61-824CFA27BE0E}.Release|x86.ActiveCfg = Release|Any CPU
		{66147F76-9D76-46A6-8FCE-1BBE317A6093}.Debug|Any CPU.ActiveCfg = Debug|Any CPU
		{66147F76-9D76-46A6-8FCE-1BBE317A6093}.Debug|Any CPU.Build.0 = Debug|Any CPU
		{66147F76-9D76-46A6-8FCE-1BBE317A6093}.Debug|Mixed Platforms.ActiveCfg = Debug|Any CPU
		{66147F76-9D76-46A6-8FCE-1BBE317A6093}.Debug|Mixed Platforms.Build.0 = Debug|Any CPU
		{66147F76-9D76-46A6-8FCE-1BBE317A6093}.Debug|x86.ActiveCfg = Debug|Any CPU
		{66147F76-9D76-46A6-8FCE-1BBE317A6093}.Debug|x86.Build.0 = Debug|Any CPU
		{66147F76-9D76-46A6-8FCE-1BBE317A6093}.Release|Any CPU.ActiveCfg = Release|Any CPU
		{66147F76-9D76-46A6-8FCE-1BBE317A6093}.Release|Any CPU.Build.0 = Release|Any CPU
		{66147F76-9D76-46A6-8FCE-1BBE317A6093}.Release|Mixed Platforms.ActiveCfg = Release|Any CPU
		{66147F76-9D76-46A6-8FCE-1BBE317A6093}.Release|Mixed Platforms.Build.0 = Release|Any CPU
		{66147F76-9D76-46A6-8FCE-1BBE317A6093}.Release|x86.ActiveCfg = Release|Any CPU
		{66147F76-9D76-46A6-8FCE-1BBE317A6093}.Release|x86.Build.0 = Release|Any CPU
		{1D5593DC-4E17-4397-948D-596786C9A655}.Debug|Any CPU.ActiveCfg = Debug|Any CPU
		{1D5593DC-4E17-4397-948D-596786C9A655}.Debug|Any CPU.Build.0 = Debug|Any CPU
		{1D5593DC-4E17-4397-948D-596786C9A655}.Debug|Mixed Platforms.ActiveCfg = Debug|Any CPU
		{1D5593DC-4E17-4397-948D-596786C9A655}.Debug|Mixed Platforms.Build.0 = Debug|Any CPU
		{1D5593DC-4E17-4397-948D-596786C9A655}.Debug|x86.ActiveCfg = Debug|Any CPU
		{1D5593DC-4E17-4397-948D-596786C9A655}.Debug|x86.Build.0 = Debug|Any CPU
		{1D5593DC-4E17-4397-948D-596786C9A655}.Release|Any CPU.ActiveCfg = Release|Any CPU
		{1D5593DC-4E17-4397-948D-596786C9A655}.Release|Any CPU.Build.0 = Release|Any CPU
		{1D5593DC-4E17-4397-948D-596786C9A655}.Release|Mixed Platforms.ActiveCfg = Release|Any CPU
		{1D5593DC-4E17-4397-948D-596786C9A655}.Release|Mixed Platforms.Build.0 = Release|Any CPU
		{1D5593DC-4E17-4397-948D-596786C9A655}.Release|x86.ActiveCfg = Release|Any CPU
		{1D5593DC-4E17-4397-948D-596786C9A655}.Release|x86.Build.0 = Release|Any CPU
		{542E08CF-5551-4406-BD15-707AC97F61DA}.Debug|Any CPU.ActiveCfg = Debug|Any CPU
		{542E08CF-5551-4406-BD15-707AC97F61DA}.Debug|Any CPU.Build.0 = Debug|Any CPU
		{542E08CF-5551-4406-BD15-707AC97F61DA}.Debug|Mixed Platforms.ActiveCfg = Debug|Any CPU
		{542E08CF-5551-4406-BD15-707AC97F61DA}.Debug|Mixed Platforms.Build.0 = Debug|Any CPU
		{542E08CF-5551-4406-BD15-707AC97F61DA}.Debug|x86.ActiveCfg = Debug|Any CPU
		{542E08CF-5551-4406-BD15-707AC97F61DA}.Debug|x86.Build.0 = Debug|Any CPU
		{542E08CF-5551-4406-BD15-707AC97F61DA}.Release|Any CPU.ActiveCfg = Release|Any CPU
		{542E08CF-5551-4406-BD15-707AC97F61DA}.Release|Any CPU.Build.0 = Release|Any CPU
		{542E08CF-5551-4406-BD15-707AC97F61DA}.Release|Mixed Platforms.ActiveCfg = Release|Any CPU
		{542E08CF-5551-4406-BD15-707AC97F61DA}.Release|Mixed Platforms.Build.0 = Release|Any CPU
		{542E08CF-5551-4406-BD15-707AC97F61DA}.Release|x86.ActiveCfg = Release|Any CPU
		{542E08CF-5551-4406-BD15-707AC97F61DA}.Release|x86.Build.0 = Release|Any CPU
		{B7FD175C-D61B-4671-9A08-448A2F506CF1}.Debug|Any CPU.ActiveCfg = Debug|Any CPU
		{B7FD175C-D61B-4671-9A08-448A2F506CF1}.Debug|Any CPU.Build.0 = Debug|Any CPU
		{B7FD175C-D61B-4671-9A08-448A2F506CF1}.Debug|Mixed Platforms.ActiveCfg = Debug|Any CPU
		{B7FD175C-D61B-4671-9A08-448A2F506CF1}.Debug|Mixed Platforms.Build.0 = Debug|Any CPU
		{B7FD175C-D61B-4671-9A08-448A2F506CF1}.Debug|x86.ActiveCfg = Debug|Any CPU
		{B7FD175C-D61B-4671-9A08-448A2F506CF1}.Debug|x86.Build.0 = Debug|Any CPU
		{B7FD175C-D61B-4671-9A08-448A2F506CF1}.Release|Any CPU.ActiveCfg = Release|Any CPU
		{B7FD175C-D61B-4671-9A08-448A2F506CF1}.Release|Any CPU.Build.0 = Release|Any CPU
		{B7FD175C-D61B-4671-9A08-448A2F506CF1}.Release|Mixed Platforms.ActiveCfg = Release|Any CPU
		{B7FD175C-D61B-4671-9A08-448A2F506CF1}.Release|Mixed Platforms.Build.0 = Release|Any CPU
		{B7FD175C-D61B-4671-9A08-448A2F506CF1}.Release|x86.ActiveCfg = Release|Any CPU
		{B7FD175C-D61B-4671-9A08-448A2F506CF1}.Release|x86.Build.0 = Release|Any CPU
	EndGlobalSection
	GlobalSection(SolutionProperties) = preSolution
		HideSolutionNode = FALSE
	EndGlobalSection
	GlobalSection(TestCaseManagementSettings) = postSolution
		CategoryFile = LoginService.vsmdi
	EndGlobalSection
EndGlobal
